
Microsoft Visual Studio Solution File, Format Version 12.00
# Visual Studio 15
VisualStudioVersion = 15.0.27130.2027
MinimumVisualStudioVersion = 10.0.40219.1
Project("{9A19103F-16F7-4668-BE54-9A1E7A4F7556}") = "Tungsten.IoTCore.Tests", "Tungsten.IoTCore.Tests\Tungsten.IoTCore.Tests.csproj", "{45363161-8324-4847-AD97-1BDAF212234D}"
EndProject
Project("{FAE04EC0-301F-11D3-BF4B-00C04F79EFBC}") = "Tungsten.Desktop.Tests", "Tungsten.Desktop.Tests\Tungsten.Desktop.Tests.csproj", "{D44ED108-66DD-49CA-A33A-8DBD662A5242}"
EndProject
Project("{2150E333-8FDC-42A3-9474-1A3956D46DE8}") = "Test Files", "Test Files", "{01CDD1A2-25C8-4499-8F1E-752737BEC97A}"
	ProjectSection(SolutionItems) = preProject
		Test Files\4500_Latin_Words.txt = Test Files\4500_Latin_Words.txt
		Test Files\TestAnything.cs = Test Files\TestAnything.cs
	EndProjectSection
EndProject
Project("{2150E333-8FDC-42A3-9474-1A3956D46DE8}") = "W", "W", "{666A9D7F-6144-459B-8B1A-EA7A05346FCB}"
	ProjectSection(SolutionItems) = preProject
		Test Files\W\ArrayMethodsTests.cs = Test Files\W\ArrayMethodsTests.cs
		Test Files\W\AsExtensionsTests.cs = Test Files\W\AsExtensionsTests.cs
		Test Files\W\CallResultTests.cs = Test Files\W\CallResultTests.cs
		Test Files\W\LockableSlimTests.cs = Test Files\W\LockableSlimTests.cs
		Test Files\W\LockableTests.cs = Test Files\W\LockableTests.cs
		Test Files\W\PropertyHostMethodsTests.cs = Test Files\W\PropertyHostMethodsTests.cs
		Test Files\W\PropertyHostTests.cs = Test Files\W\PropertyHostTests.cs
		Test Files\W\PropertyTests.cs = Test Files\W\PropertyTests.cs
		Test Files\W\RSATests.cs = Test Files\W\RSATests.cs
		Test Files\W\ThreadMethodTests.cs = Test Files\W\ThreadMethodTests.cs
	EndProjectSection
EndProject
Project("{2150E333-8FDC-42A3-9474-1A3956D46DE8}") = "IO", "IO", "{1B2050CD-F601-4D8C-B4AC-C5BABF6F69E4}"
EndProject
Project("{2150E333-8FDC-42A3-9474-1A3956D46DE8}") = "Domains", "Domains", "{1B09A8C4-BBDF-4F9D-8D9C-1E9E92711689}"
	ProjectSection(SolutionItems) = preProject
		Test Files\W\Domains\DomainTests.cs = Test Files\W\Domains\DomainTests.cs
	EndProjectSection
EndProject
Project("{2150E333-8FDC-42A3-9474-1A3956D46DE8}") = "Net", "Net", "{7949A7C6-C816-4CD2-A303-CCF16C06AD32}"
	ProjectSection(SolutionItems) = preProject
		Test Files\W\Net\TestNet.cs = Test Files\W\Net\TestNet.cs
		Test Files\W\Net\TestSecureNet.cs = Test Files\W\Net\TestSecureNet.cs
		Test Files\W\Net\TestUdp.cs = Test Files\W\Net\TestUdp.cs
	EndProjectSection
EndProject
Project("{2150E333-8FDC-42A3-9474-1A3956D46DE8}") = "LiteDb", "LiteDb", "{509C7A56-C0CE-46A2-8ADE-5E046517C5AB}"
	ProjectSection(SolutionItems) = preProject
		Test Files\W\LiteDb\LiteDbTests.cs = Test Files\W\LiteDb\LiteDbTests.cs
	EndProjectSection
EndProject
Project("{2150E333-8FDC-42A3-9474-1A3956D46DE8}") = "Pipes", "Pipes", "{FBC9331C-AE9D-4C2A-A017-6F4259247DAA}"
	ProjectSection(SolutionItems) = preProject
		Test Files\W\IO\Pipes\PipeClientLoggerTests.cs = Test Files\W\IO\Pipes\PipeClientLoggerTests.cs
		Test Files\W\IO\Pipes\PipeHelpers.cs = Test Files\W\IO\Pipes\PipeHelpers.cs
		Test Files\W\IO\Pipes\TestPipeReader.cs = Test Files\W\IO\Pipes\TestPipeReader.cs
		Test Files\W\IO\Pipes\TestPipes.cs = Test Files\W\IO\Pipes\TestPipes.cs
		Test Files\W\IO\Pipes\TestPipes_v1.2.7.cs = Test Files\W\IO\Pipes\TestPipes_v1.2.7.cs
		Test Files\W\IO\Pipes\TestSimplePipes.cs = Test Files\W\IO\Pipes\TestSimplePipes.cs
	EndProjectSection
EndProject
Global
	GlobalSection(SolutionConfigurationPlatforms) = preSolution
		Debug|Any CPU = Debug|Any CPU
		Release|Any CPU = Release|Any CPU
	EndGlobalSection
	GlobalSection(ProjectConfigurationPlatforms) = postSolution
		{45363161-8324-4847-AD97-1BDAF212234D}.Debug|Any CPU.ActiveCfg = Debug|Any CPU
		{45363161-8324-4847-AD97-1BDAF212234D}.Debug|Any CPU.Build.0 = Debug|Any CPU
		{45363161-8324-4847-AD97-1BDAF212234D}.Release|Any CPU.ActiveCfg = Release|Any CPU
		{45363161-8324-4847-AD97-1BDAF212234D}.Release|Any CPU.Build.0 = Release|Any CPU
		{D44ED108-66DD-49CA-A33A-8DBD662A5242}.Debug|Any CPU.ActiveCfg = Debug|Any CPU
		{D44ED108-66DD-49CA-A33A-8DBD662A5242}.Debug|Any CPU.Build.0 = Debug|Any CPU
		{D44ED108-66DD-49CA-A33A-8DBD662A5242}.Release|Any CPU.ActiveCfg = Release|Any CPU
		{D44ED108-66DD-49CA-A33A-8DBD662A5242}.Release|Any CPU.Build.0 = Release|Any CPU
	EndGlobalSection
	GlobalSection(SolutionProperties) = preSolution
		HideSolutionNode = FALSE
	EndGlobalSection
	GlobalSection(NestedProjects) = preSolution
		{666A9D7F-6144-459B-8B1A-EA7A05346FCB} = {01CDD1A2-25C8-4499-8F1E-752737BEC97A}
		{1B2050CD-F601-4D8C-B4AC-C5BABF6F69E4} = {666A9D7F-6144-459B-8B1A-EA7A05346FCB}
		{1B09A8C4-BBDF-4F9D-8D9C-1E9E92711689} = {666A9D7F-6144-459B-8B1A-EA7A05346FCB}
		{7949A7C6-C816-4CD2-A303-CCF16C06AD32} = {666A9D7F-6144-459B-8B1A-EA7A05346FCB}
		{509C7A56-C0CE-46A2-8ADE-5E046517C5AB} = {666A9D7F-6144-459B-8B1A-EA7A05346FCB}
		{FBC9331C-AE9D-4C2A-A017-6F4259247DAA} = {1B2050CD-F601-4D8C-B4AC-C5BABF6F69E4}
	EndGlobalSection
	GlobalSection(ExtensibilityGlobals) = postSolution
		SolutionGuid = {30EE4327-9363-49AA-8987-2E21819B9155}
	EndGlobalSection
EndGlobal
