
Microsoft Visual Studio Solution File, Format Version 12.00
# Visual Studio 15
VisualStudioVersion = 15.0.26430.14
MinimumVisualStudioVersion = 10.0.40219.1
Project("{2150E333-8FDC-42A3-9474-1A3956D46DE8}") = "_Test Projects", "_Test Projects", "{6E66335A-C00D-4B75-8D90-E1FDC012306F}"
EndProject
Project("{2150E333-8FDC-42A3-9474-1A3956D46DE8}") = "Demos", "Demos", "{B63CF11E-EA0C-4830-B2ED-2C68F8103F61}"
EndProject
Project("{2150E333-8FDC-42A3-9474-1A3956D46DE8}") = "Src", "Src", "{FEFB48AC-2D7D-4F83-A464-C05E299E8D0C}"
EndProject
Project("{FAE04EC0-301F-11D3-BF4B-00C04F79EFBC}") = "Tungsten", "Src\Tungsten\Tungsten.csproj", "{46040E3B-AE52-42F9-9C1B-8566FC6765C5}"
	ProjectSection(ProjectDependencies) = postProject
		{4C787F62-8CD4-4627-8058-1598E752135A} = {4C787F62-8CD4-4627-8058-1598E752135A}
	EndProjectSection
EndProject
Project("{FAE04EC0-301F-11D3-BF4B-00C04F79EFBC}") = "Tungsten.Portable", "Src\Tungsten.Portable\Tungsten.Portable.csproj", "{B64BEC39-7279-46C3-85BA-703751D441CD}"
	ProjectSection(ProjectDependencies) = postProject
		{4C787F62-8CD4-4627-8058-1598E752135A} = {4C787F62-8CD4-4627-8058-1598E752135A}
	EndProjectSection
EndProject
Project("{FAE04EC0-301F-11D3-BF4B-00C04F79EFBC}") = "Tungsten.Universal", "Src\Tungsten.Universal\Tungsten.Universal.csproj", "{6280C716-960A-4588-8123-D96B30271C22}"
	ProjectSection(ProjectDependencies) = postProject
		{4C787F62-8CD4-4627-8058-1598E752135A} = {4C787F62-8CD4-4627-8058-1598E752135A}
	EndProjectSection
EndProject
Project("{9A19103F-16F7-4668-BE54-9A1E7A4F7556}") = "Tungsten.Standard", "Src\Tungsten.Standard\Tungsten.Standard.csproj", "{4C787F62-8CD4-4627-8058-1598E752135A}"
EndProject
Project("{FAE04EC0-301F-11D3-BF4B-00C04F79EFBC}") = "Tungsten.Domains", "Src\Tungsten.Domains\Tungsten.Domains.csproj", "{6BE16433-6FEF-4266-84FF-8AE1C6B5B14A}"
	ProjectSection(ProjectDependencies) = postProject
		{46040E3B-AE52-42F9-9C1B-8566FC6765C5} = {46040E3B-AE52-42F9-9C1B-8566FC6765C5}
	EndProjectSection
EndProject
Project("{9A19103F-16F7-4668-BE54-9A1E7A4F7556}") = "Tungsten.IO.Pipes.Standard", "Src\Tungsten.IO.Pipes.Standard\Tungsten.IO.Pipes.Standard.csproj", "{436D68A9-0BD2-4DD9-824B-4D1BD0528FEE}"
	ProjectSection(ProjectDependencies) = postProject
		{4C787F62-8CD4-4627-8058-1598E752135A} = {4C787F62-8CD4-4627-8058-1598E752135A}
	EndProjectSection
EndProject
Project("{FAE04EC0-301F-11D3-BF4B-00C04F79EFBC}") = "Tungsten.LiteDb", "Src\Tungsten.LiteDb\Tungsten.LiteDb.csproj", "{F2426BAC-7157-423D-AAC2-3CAEB52D877B}"
	ProjectSection(ProjectDependencies) = postProject
		{46040E3B-AE52-42F9-9C1B-8566FC6765C5} = {46040E3B-AE52-42F9-9C1B-8566FC6765C5}
	EndProjectSection
EndProject
Project("{FAE04EC0-301F-11D3-BF4B-00C04F79EFBC}") = "Tungsten.Tests", "Test\Tungsten.Tests\Tungsten.Tests.csproj", "{32A9956C-74D6-46BC-B07D-C524F21AD07E}"
EndProject
Project("{FAE04EC0-301F-11D3-BF4B-00C04F79EFBC}") = "Tungsten.Demo.Winforms", "Demos\Tungsten.Demo.Winforms\Tungsten.Demo.Winforms.csproj", "{9C270FC0-1E2F-4B27-AAEC-4E51C9C8397F}"
EndProject
Project("{FAE04EC0-301F-11D3-BF4B-00C04F79EFBC}") = "Tungsten.Demo.WPF", "Demos\Tungsten.Demo.WPF\Tungsten.Demo.WPF.csproj", "{31CF2E0E-C0F1-4BA2-9A63-980711AC6401}"
EndProject
Project("{9A19103F-16F7-4668-BE54-9A1E7A4F7556}") = "Tungsten.Standard.Demo", "Demos\Tungsten.Standard.Demo\Tungsten.Standard.Demo.csproj", "{F1CDFE97-4E23-49B9-B04C-FFB0EBA3CC6D}"
EndProject
Project("{9A19103F-16F7-4668-BE54-9A1E7A4F7556}") = "Tungsten.IO.Pipes.Standard.Demo", "Demos\Tungsten.IO.Pipes.Standard.Demo\Tungsten.IO.Pipes.Standard.Demo.csproj", "{04D65BD4-D332-4E8C-9742-DBBBDA7B02C7}"
EndProject
Project("{FAE04EC0-301F-11D3-BF4B-00C04F79EFBC}") = "Tungsten.Domains.Plugin.Interface.Demo", "Demos\Tungsten.Domains.Plugin.Interface.Demo\Tungsten.Domains.Plugin.Interface.Demo.csproj", "{8C0389BC-C0A2-4E84-B9DC-B54E1D75CC5B}"
	ProjectSection(ProjectDependencies) = postProject
		{46040E3B-AE52-42F9-9C1B-8566FC6765C5} = {46040E3B-AE52-42F9-9C1B-8566FC6765C5}
	EndProjectSection
EndProject
Project("{FAE04EC0-301F-11D3-BF4B-00C04F79EFBC}") = "Tungsten.Domains.Plugin.Demo", "Demos\Tungsten.Domains.Plugin.Demo\Tungsten.Domains.Plugin.Demo.csproj", "{CF05AE75-5488-43BD-A09C-3408E2A5E3C4}"
EndProject
Project("{FAE04EC0-301F-11D3-BF4B-00C04F79EFBC}") = "Tungsten.Domains.Demo", "Demos\Tungsten.Domains.Demo\Tungsten.Domains.Demo.csproj", "{116C5BD0-5EE1-46BC-AAE5-10CEE0861E65}"
EndProject
Project("{2150E333-8FDC-42A3-9474-1A3956D46DE8}") = "NuGet", "NuGet", "{C71FC3F0-7F17-45C8-B2D2-C1A86D6EC481}"
	ProjectSection(SolutionItems) = preProject
		NuGet\Create_All_Tungsten_NuGet_Packages.bat = NuGet\Create_All_Tungsten_NuGet_Packages.bat
		NuGet\nuget.exe = NuGet\nuget.exe
	EndProjectSection
EndProject
Project("{2150E333-8FDC-42A3-9474-1A3956D46DE8}") = "Tungsten", "Tungsten", "{A0FFD84B-1276-4A20-A311-931AE453F7AA}"
	ProjectSection(SolutionItems) = preProject
		NuGet\Tungsten\Create_Tungsten_Packages.bat = NuGet\Tungsten\Create_Tungsten_Packages.bat
		NuGet\Tungsten\Readme.txt = NuGet\Tungsten\Readme.txt
		NuGet\Tungsten\Tungsten.Classic.nuspec = NuGet\Tungsten\Tungsten.Classic.nuspec
		NuGet\Tungsten\Tungsten.nuspec = NuGet\Tungsten\Tungsten.nuspec
		NuGet\Tungsten\Tungsten.Portable.nuspec = NuGet\Tungsten\Tungsten.Portable.nuspec
		NuGet\Tungsten\Tungsten.Standard.nuspec = NuGet\Tungsten\Tungsten.Standard.nuspec
		NuGet\Tungsten\Tungsten.Universal.nuspec = NuGet\Tungsten\Tungsten.Universal.nuspec
		NuGet\Tungsten\Tungsten.Universal.targets = NuGet\Tungsten\Tungsten.Universal.targets
	EndProjectSection
EndProject
Project("{9A19103F-16F7-4668-BE54-9A1E7A4F7556}") = "Tungsten.Net.Demo", "Demos\Tungsten.Net.Demo\Tungsten.Net.Demo.csproj", "{507B060A-73C8-46FA-84EC-EA2428C555A5}"
EndProject
Project("{2150E333-8FDC-42A3-9474-1A3956D46DE8}") = "Tungsten.Net", "Tungsten.Net", "{A47263B7-A04B-448E-9C20-6DD9F2D48828}"
	ProjectSection(SolutionItems) = preProject
		NuGet\Tungsten.Net\Create_Tungsten.Net_Packages.bat = NuGet\Tungsten.Net\Create_Tungsten.Net_Packages.bat
		NuGet\Tungsten.Net\Readme.txt = NuGet\Tungsten.Net\Readme.txt
		NuGet\Tungsten.Net\Tungsten.Net.nuspec = NuGet\Tungsten.Net\Tungsten.Net.nuspec
	EndProjectSection
EndProject
Project("{2150E333-8FDC-42A3-9474-1A3956D46DE8}") = "Tungsten.IO.Pipes", "Tungsten.IO.Pipes", "{D217F5A3-A5C9-408E-8FD9-E7128C9E77C1}"
	ProjectSection(SolutionItems) = preProject
		NuGet\Tungsten.IO.Pipes\Create_Tungsten.IO.Pipes_Packages.bat = NuGet\Tungsten.IO.Pipes\Create_Tungsten.IO.Pipes_Packages.bat
		NuGet\Tungsten.IO.Pipes\Readme.txt = NuGet\Tungsten.IO.Pipes\Readme.txt
		NuGet\Tungsten.IO.Pipes\Tungsten.IO.Pipes.nuspec = NuGet\Tungsten.IO.Pipes\Tungsten.IO.Pipes.nuspec
	EndProjectSection
EndProject
Project("{FAE04EC0-301F-11D3-BF4B-00C04F79EFBC}") = "Tungsten.Net", "Src\Tungsten.Net\Tungsten.Net.csproj", "{F2FE9090-34C9-4F7E-A932-7F3CF8D00567}"
	ProjectSection(ProjectDependencies) = postProject
		{46040E3B-AE52-42F9-9C1B-8566FC6765C5} = {46040E3B-AE52-42F9-9C1B-8566FC6765C5}
	EndProjectSection
EndProject
Project("{2150E333-8FDC-42A3-9474-1A3956D46DE8}") = "Tungsten.Domains", "Tungsten.Domains", "{7E45DFD5-5330-47D9-BAB5-5221658783D8}"
	ProjectSection(SolutionItems) = preProject
		NuGet\Tungsten.Domains\Create_Tungsten.Domains_Packages.bat = NuGet\Tungsten.Domains\Create_Tungsten.Domains_Packages.bat
		NuGet\Tungsten.Domains\Readme.txt = NuGet\Tungsten.Domains\Readme.txt
		NuGet\Tungsten.Domains\Tungsten.Domains.nuspec = NuGet\Tungsten.Domains\Tungsten.Domains.nuspec
	EndProjectSection
EndProject
Project("{9A19103F-16F7-4668-BE54-9A1E7A4F7556}") = "Tungsten.Net.RPC.Standard", "Src\Tungsten.Net.RPC.Standard\Tungsten.Net.RPC.Standard.csproj", "{00DD4608-5FA2-49C8-96BA-8C68C1A2C706}"
	ProjectSection(ProjectDependencies) = postProject
		{4C787F62-8CD4-4627-8058-1598E752135A} = {4C787F62-8CD4-4627-8058-1598E752135A}
		{8E174CD9-0D16-44C1-9841-9343182ED034} = {8E174CD9-0D16-44C1-9841-9343182ED034}
	EndProjectSection
EndProject
Project("{2150E333-8FDC-42A3-9474-1A3956D46DE8}") = "W", "W", "{3F7980D6-C3B6-439C-8134-5EE4C598A5E6}"
EndProject
Project("{2150E333-8FDC-42A3-9474-1A3956D46DE8}") = "W.Net", "W.Net", "{8FB94316-7CC5-49F5-976E-86AD1C1D555E}"
EndProject
Project("{2150E333-8FDC-42A3-9474-1A3956D46DE8}") = "W.Net.RPC", "W.Net.RPC", "{4B35AEE0-3CE0-43C0-BE98-9014D202E9F1}"
EndProject
Project("{9A19103F-16F7-4668-BE54-9A1E7A4F7556}") = "Tungsten.Net.Standard", "Src\Tungsten.Net.Standard\Tungsten.Net.Standard.csproj", "{8E174CD9-0D16-44C1-9841-9343182ED034}"
	ProjectSection(ProjectDependencies) = postProject
		{4C787F62-8CD4-4627-8058-1598E752135A} = {4C787F62-8CD4-4627-8058-1598E752135A}
	EndProjectSection
EndProject
Project("{9A19103F-16F7-4668-BE54-9A1E7A4F7556}") = "Tungsten.Net.RPC.Standard.Demo", "Demos\Tungsten.Net.RPC.Standard.Demo\Tungsten.Net.RPC.Standard.Demo.csproj", "{E904129D-ADF0-4BE9-AC79-87149241608E}"
	ProjectSection(ProjectDependencies) = postProject
		{8E174CD9-0D16-44C1-9841-9343182ED034} = {8E174CD9-0D16-44C1-9841-9343182ED034}
	EndProjectSection
EndProject
Project("{2150E333-8FDC-42A3-9474-1A3956D46DE8}") = "W", "W", "{0A815A9A-ABCE-44AD-9986-44CE3B9BFD3D}"
EndProject
Project("{2150E333-8FDC-42A3-9474-1A3956D46DE8}") = "W.Net", "W.Net", "{D5AD16E6-D439-4FDF-935C-6B8440227C1D}"
EndProject
Project("{2150E333-8FDC-42A3-9474-1A3956D46DE8}") = "W.Net.RPC", "W.Net.RPC", "{3D8E6CE3-D099-479A-87D9-9AC093B3B003}"
EndProject
Project("{2150E333-8FDC-42A3-9474-1A3956D46DE8}") = "W.IO.Pipes", "W.IO.Pipes", "{E5B45771-3FEA-468E-8259-B0F82DD3BB63}"
EndProject
Project("{2150E333-8FDC-42A3-9474-1A3956D46DE8}") = "W.Domains", "W.Domains", "{9A7AE056-58B8-46FE-B85C-F1A98D67C699}"
EndProject
Project("{FAE04EC0-301F-11D3-BF4B-00C04F79EFBC}") = "Tungsten.Net.RPC", "Src\Tungsten.Net.RPC\Tungsten.Net.RPC.csproj", "{BAFE340F-13B5-465B-B91D-17FEA7077B90}"
	ProjectSection(ProjectDependencies) = postProject
		{46040E3B-AE52-42F9-9C1B-8566FC6765C5} = {46040E3B-AE52-42F9-9C1B-8566FC6765C5}
		{F2FE9090-34C9-4F7E-A932-7F3CF8D00567} = {F2FE9090-34C9-4F7E-A932-7F3CF8D00567}
	EndProjectSection
EndProject
Project("{2150E333-8FDC-42A3-9474-1A3956D46DE8}") = "Tungsten.Net.RPC", "Tungsten.Net.RPC", "{270086E9-B488-40D0-A17A-4905992FE13B}"
	ProjectSection(SolutionItems) = preProject
		NuGet\Tungsten.Net.RPC\Create_Tungsten.Net.RPC_Packages.bat = NuGet\Tungsten.Net.RPC\Create_Tungsten.Net.RPC_Packages.bat
		NuGet\Tungsten.Net.RPC\Readme.txt = NuGet\Tungsten.Net.RPC\Readme.txt
		NuGet\Tungsten.Net.RPC\Tungsten.Net.RPC.nuspec = NuGet\Tungsten.Net.RPC\Tungsten.Net.RPC.nuspec
	EndProjectSection
EndProject
Project("{2150E333-8FDC-42A3-9474-1A3956D46DE8}") = "W.LiteDb", "W.LiteDb", "{59A56743-A50C-4448-B458-B0266FCB434D}"
EndProject
Project("{2150E333-8FDC-42A3-9474-1A3956D46DE8}") = "Tungsten.LiteDb", "Tungsten.LiteDb", "{E49E045B-B5CC-48CA-A3EA-52B928123089}"
	ProjectSection(SolutionItems) = preProject
		NuGet\Tungsten.LiteDb\Create_Tungsten.LiteDb_Packages.bat = NuGet\Tungsten.LiteDb\Create_Tungsten.LiteDb_Packages.bat
		NuGet\Tungsten.LiteDb\Readme.txt = NuGet\Tungsten.LiteDb\Readme.txt
		NuGet\Tungsten.LiteDb\Tungsten.LiteDb.nuspec = NuGet\Tungsten.LiteDb\Tungsten.LiteDb.nuspec
	EndProjectSection
EndProject
Project("{9A19103F-16F7-4668-BE54-9A1E7A4F7556}") = "Tungsten.LiteDb.Standard", "Src\Tungsten.LiteDb.Standard\Tungsten.LiteDb.Standard.csproj", "{FA1C08F4-794B-4FF5-A266-6EDB15B42607}"
	ProjectSection(ProjectDependencies) = postProject
		{4C787F62-8CD4-4627-8058-1598E752135A} = {4C787F62-8CD4-4627-8058-1598E752135A}
	EndProjectSection
EndProject
Project("{2150E333-8FDC-42A3-9474-1A3956D46DE8}") = "Solution Items", "Solution Items", "{BA374E8B-412E-43E6-B2F9-391FA59A68A1}"
	ProjectSection(SolutionItems) = preProject
		Tungsten_FeatureMatrix.xlsx = Tungsten_FeatureMatrix.xlsx
	EndProjectSection
EndProject
Project("{FAE04EC0-301F-11D3-BF4B-00C04F79EFBC}") = "Tungsten.Firewall", "Src\Tungsten.Firewall\Tungsten.Firewall.csproj", "{1C99F7A3-1B92-411A-B588-CD5AD2C27743}"
	ProjectSection(ProjectDependencies) = postProject
		{46040E3B-AE52-42F9-9C1B-8566FC6765C5} = {46040E3B-AE52-42F9-9C1B-8566FC6765C5}
	EndProjectSection
EndProject
Project("{2150E333-8FDC-42A3-9474-1A3956D46DE8}") = "Tungsten.Firewall", "Tungsten.Firewall", "{AE92FC38-7A4B-41BA-8AD1-7C6BC4FDB21A}"
	ProjectSection(SolutionItems) = preProject
		NuGet\Tungsten.Firewall\Create_Tungsten.Firewall_Packages.bat = NuGet\Tungsten.Firewall\Create_Tungsten.Firewall_Packages.bat
		NuGet\Tungsten.Firewall\Readme.txt = NuGet\Tungsten.Firewall\Readme.txt
		NuGet\Tungsten.Firewall\Tungsten.Firewall.nuspec = NuGet\Tungsten.Firewall\Tungsten.Firewall.nuspec
	EndProjectSection
EndProject
Project("{FAE04EC0-301F-11D3-BF4B-00C04F79EFBC}") = "Tungsten.IO.Pipes", "Src\Tungsten.IO.Pipes\Tungsten.IO.Pipes.csproj", "{084B7039-1D07-4E79-9BBA-4E202F1A6BDB}"
	ProjectSection(ProjectDependencies) = postProject
		{46040E3B-AE52-42F9-9C1B-8566FC6765C5} = {46040E3B-AE52-42F9-9C1B-8566FC6765C5}
	EndProjectSection
EndProject
Project("{2150E333-8FDC-42A3-9474-1A3956D46DE8}") = "W.IO.Pipes", "W.IO.Pipes", "{271DEDDC-2535-4C4A-ADB7-10362E7388A7}"
EndProject
Project("{FAE04EC0-301F-11D3-BF4B-00C04F79EFBC}") = "Tungsten.WPF", "Src\Tungsten.WPF\Tungsten.WPF.csproj", "{C1042303-1B41-4082-93F9-2AAD2E5A5660}"
EndProject
Project("{2150E333-8FDC-42A3-9474-1A3956D46DE8}") = "Tungsten.WPF", "Tungsten.WPF", "{94CF3250-01FE-44E0-A537-A32831A19EB0}"
	ProjectSection(SolutionItems) = preProject
		NuGet\Tungsten.WPF\Create_Tungsten.WPF_Package.bat = NuGet\Tungsten.WPF\Create_Tungsten.WPF_Package.bat
		NuGet\Tungsten.WPF\Readme.txt = NuGet\Tungsten.WPF\Readme.txt
		NuGet\Tungsten.WPF\Tungsten.WPF.nuspec = NuGet\Tungsten.WPF\Tungsten.WPF.nuspec
	EndProjectSection
EndProject
Project("{2150E333-8FDC-42A3-9474-1A3956D46DE8}") = "Tungsten.WPF.Metro", "Tungsten.WPF.Metro", "{BF1BF4AE-500D-482F-8930-B325DC083DEC}"
	ProjectSection(SolutionItems) = preProject
		NuGet\Tungsten.WPF.Metro\Create_Tungsten.WPF.Metro_Package.bat = NuGet\Tungsten.WPF.Metro\Create_Tungsten.WPF.Metro_Package.bat
		NuGet\Tungsten.WPF.Metro\Readme.txt = NuGet\Tungsten.WPF.Metro\Readme.txt
		NuGet\Tungsten.WPF.Metro\Tungsten.WPF.Metro.nuspec = NuGet\Tungsten.WPF.Metro\Tungsten.WPF.Metro.nuspec
	EndProjectSection
EndProject
Project("{FAE04EC0-301F-11D3-BF4B-00C04F79EFBC}") = "W.WPF.Demo", "Demos\W.WPF.Demo\W.WPF.Demo.csproj", "{1FBC4D68-AA71-43ED-BC74-C95433416B2F}"
EndProject
Project("{FAE04EC0-301F-11D3-BF4B-00C04F79EFBC}") = "Tungsten.WPF.Metro", "Src\Tungsten.WPF.Metro\Tungsten.WPF.Metro.csproj", "{3DDFA8BE-7497-4CED-A4FC-AEE2709C350D}"
	ProjectSection(ProjectDependencies) = postProject
		{C1042303-1B41-4082-93F9-2AAD2E5A5660} = {C1042303-1B41-4082-93F9-2AAD2E5A5660}
		{46040E3B-AE52-42F9-9C1B-8566FC6765C5} = {46040E3B-AE52-42F9-9C1B-8566FC6765C5}
	EndProjectSection
EndProject
Project("{9A19103F-16F7-4668-BE54-9A1E7A4F7556}") = "Tungsten.Core", "Src\Tungsten.Core\Tungsten.Core.csproj", "{19662BBC-ED06-430E-BAA2-2A61FDBFB546}"
	ProjectSection(ProjectDependencies) = postProject
		{4C787F62-8CD4-4627-8058-1598E752135A} = {4C787F62-8CD4-4627-8058-1598E752135A}
	EndProjectSection
EndProject
Global
	GlobalSection(SolutionConfigurationPlatforms) = preSolution
		Debug|Any CPU = Debug|Any CPU
		Debug|ARM = Debug|ARM
		Debug|iPhone = Debug|iPhone
		Debug|iPhoneSimulator = Debug|iPhoneSimulator
		Debug|x64 = Debug|x64
		Debug|x86 = Debug|x86
		Release|Any CPU = Release|Any CPU
		Release|ARM = Release|ARM
		Release|iPhone = Release|iPhone
		Release|iPhoneSimulator = Release|iPhoneSimulator
		Release|x64 = Release|x64
		Release|x86 = Release|x86
	EndGlobalSection
	GlobalSection(ProjectConfigurationPlatforms) = postSolution
		{46040E3B-AE52-42F9-9C1B-8566FC6765C5}.Debug|Any CPU.ActiveCfg = Debug|Any CPU
		{46040E3B-AE52-42F9-9C1B-8566FC6765C5}.Debug|Any CPU.Build.0 = Debug|Any CPU
		{46040E3B-AE52-42F9-9C1B-8566FC6765C5}.Debug|ARM.ActiveCfg = Debug|Any CPU
		{46040E3B-AE52-42F9-9C1B-8566FC6765C5}.Debug|ARM.Build.0 = Debug|Any CPU
		{46040E3B-AE52-42F9-9C1B-8566FC6765C5}.Debug|iPhone.ActiveCfg = Debug|Any CPU
		{46040E3B-AE52-42F9-9C1B-8566FC6765C5}.Debug|iPhone.Build.0 = Debug|Any CPU
		{46040E3B-AE52-42F9-9C1B-8566FC6765C5}.Debug|iPhoneSimulator.ActiveCfg = Debug|Any CPU
		{46040E3B-AE52-42F9-9C1B-8566FC6765C5}.Debug|iPhoneSimulator.Build.0 = Debug|Any CPU
		{46040E3B-AE52-42F9-9C1B-8566FC6765C5}.Debug|x64.ActiveCfg = Debug|Any CPU
		{46040E3B-AE52-42F9-9C1B-8566FC6765C5}.Debug|x64.Build.0 = Debug|Any CPU
		{46040E3B-AE52-42F9-9C1B-8566FC6765C5}.Debug|x86.ActiveCfg = Debug|Any CPU
		{46040E3B-AE52-42F9-9C1B-8566FC6765C5}.Debug|x86.Build.0 = Debug|Any CPU
		{46040E3B-AE52-42F9-9C1B-8566FC6765C5}.Release|Any CPU.ActiveCfg = Release|Any CPU
		{46040E3B-AE52-42F9-9C1B-8566FC6765C5}.Release|Any CPU.Build.0 = Release|Any CPU
		{46040E3B-AE52-42F9-9C1B-8566FC6765C5}.Release|ARM.ActiveCfg = Release|Any CPU
		{46040E3B-AE52-42F9-9C1B-8566FC6765C5}.Release|ARM.Build.0 = Release|Any CPU
		{46040E3B-AE52-42F9-9C1B-8566FC6765C5}.Release|iPhone.ActiveCfg = Release|Any CPU
		{46040E3B-AE52-42F9-9C1B-8566FC6765C5}.Release|iPhone.Build.0 = Release|Any CPU
		{46040E3B-AE52-42F9-9C1B-8566FC6765C5}.Release|iPhoneSimulator.ActiveCfg = Release|Any CPU
		{46040E3B-AE52-42F9-9C1B-8566FC6765C5}.Release|iPhoneSimulator.Build.0 = Release|Any CPU
		{46040E3B-AE52-42F9-9C1B-8566FC6765C5}.Release|x64.ActiveCfg = Release|Any CPU
		{46040E3B-AE52-42F9-9C1B-8566FC6765C5}.Release|x64.Build.0 = Release|Any CPU
		{46040E3B-AE52-42F9-9C1B-8566FC6765C5}.Release|x86.ActiveCfg = Release|Any CPU
		{46040E3B-AE52-42F9-9C1B-8566FC6765C5}.Release|x86.Build.0 = Release|Any CPU
		{B64BEC39-7279-46C3-85BA-703751D441CD}.Debug|Any CPU.ActiveCfg = Debug|Any CPU
		{B64BEC39-7279-46C3-85BA-703751D441CD}.Debug|Any CPU.Build.0 = Debug|Any CPU
		{B64BEC39-7279-46C3-85BA-703751D441CD}.Debug|ARM.ActiveCfg = Debug|Any CPU
		{B64BEC39-7279-46C3-85BA-703751D441CD}.Debug|ARM.Build.0 = Debug|Any CPU
		{B64BEC39-7279-46C3-85BA-703751D441CD}.Debug|iPhone.ActiveCfg = Debug|Any CPU
		{B64BEC39-7279-46C3-85BA-703751D441CD}.Debug|iPhone.Build.0 = Debug|Any CPU
		{B64BEC39-7279-46C3-85BA-703751D441CD}.Debug|iPhoneSimulator.ActiveCfg = Debug|Any CPU
		{B64BEC39-7279-46C3-85BA-703751D441CD}.Debug|iPhoneSimulator.Build.0 = Debug|Any CPU
		{B64BEC39-7279-46C3-85BA-703751D441CD}.Debug|x64.ActiveCfg = Debug|Any CPU
		{B64BEC39-7279-46C3-85BA-703751D441CD}.Debug|x64.Build.0 = Debug|Any CPU
		{B64BEC39-7279-46C3-85BA-703751D441CD}.Debug|x86.ActiveCfg = Debug|Any CPU
		{B64BEC39-7279-46C3-85BA-703751D441CD}.Debug|x86.Build.0 = Debug|Any CPU
		{B64BEC39-7279-46C3-85BA-703751D441CD}.Release|Any CPU.ActiveCfg = Release|Any CPU
		{B64BEC39-7279-46C3-85BA-703751D441CD}.Release|Any CPU.Build.0 = Release|Any CPU
		{B64BEC39-7279-46C3-85BA-703751D441CD}.Release|ARM.ActiveCfg = Release|Any CPU
		{B64BEC39-7279-46C3-85BA-703751D441CD}.Release|ARM.Build.0 = Release|Any CPU
		{B64BEC39-7279-46C3-85BA-703751D441CD}.Release|iPhone.ActiveCfg = Release|Any CPU
		{B64BEC39-7279-46C3-85BA-703751D441CD}.Release|iPhone.Build.0 = Release|Any CPU
		{B64BEC39-7279-46C3-85BA-703751D441CD}.Release|iPhoneSimulator.ActiveCfg = Release|Any CPU
		{B64BEC39-7279-46C3-85BA-703751D441CD}.Release|iPhoneSimulator.Build.0 = Release|Any CPU
		{B64BEC39-7279-46C3-85BA-703751D441CD}.Release|x64.ActiveCfg = Release|Any CPU
		{B64BEC39-7279-46C3-85BA-703751D441CD}.Release|x64.Build.0 = Release|Any CPU
		{B64BEC39-7279-46C3-85BA-703751D441CD}.Release|x86.ActiveCfg = Release|Any CPU
		{B64BEC39-7279-46C3-85BA-703751D441CD}.Release|x86.Build.0 = Release|Any CPU
		{6280C716-960A-4588-8123-D96B30271C22}.Debug|Any CPU.ActiveCfg = Debug|Any CPU
		{6280C716-960A-4588-8123-D96B30271C22}.Debug|Any CPU.Build.0 = Debug|Any CPU
		{6280C716-960A-4588-8123-D96B30271C22}.Debug|ARM.ActiveCfg = Debug|ARM
		{6280C716-960A-4588-8123-D96B30271C22}.Debug|ARM.Build.0 = Debug|ARM
		{6280C716-960A-4588-8123-D96B30271C22}.Debug|iPhone.ActiveCfg = Debug|Any CPU
		{6280C716-960A-4588-8123-D96B30271C22}.Debug|iPhone.Build.0 = Debug|Any CPU
		{6280C716-960A-4588-8123-D96B30271C22}.Debug|iPhoneSimulator.ActiveCfg = Debug|Any CPU
		{6280C716-960A-4588-8123-D96B30271C22}.Debug|iPhoneSimulator.Build.0 = Debug|Any CPU
		{6280C716-960A-4588-8123-D96B30271C22}.Debug|x64.ActiveCfg = Debug|x64
		{6280C716-960A-4588-8123-D96B30271C22}.Debug|x64.Build.0 = Debug|x64
		{6280C716-960A-4588-8123-D96B30271C22}.Debug|x86.ActiveCfg = Debug|x86
		{6280C716-960A-4588-8123-D96B30271C22}.Debug|x86.Build.0 = Debug|x86
		{6280C716-960A-4588-8123-D96B30271C22}.Release|Any CPU.ActiveCfg = Release|Any CPU
		{6280C716-960A-4588-8123-D96B30271C22}.Release|Any CPU.Build.0 = Release|Any CPU
		{6280C716-960A-4588-8123-D96B30271C22}.Release|ARM.ActiveCfg = Release|ARM
		{6280C716-960A-4588-8123-D96B30271C22}.Release|ARM.Build.0 = Release|ARM
		{6280C716-960A-4588-8123-D96B30271C22}.Release|iPhone.ActiveCfg = Release|Any CPU
		{6280C716-960A-4588-8123-D96B30271C22}.Release|iPhone.Build.0 = Release|Any CPU
		{6280C716-960A-4588-8123-D96B30271C22}.Release|iPhoneSimulator.ActiveCfg = Release|Any CPU
		{6280C716-960A-4588-8123-D96B30271C22}.Release|iPhoneSimulator.Build.0 = Release|Any CPU
		{6280C716-960A-4588-8123-D96B30271C22}.Release|x64.ActiveCfg = Release|x64
		{6280C716-960A-4588-8123-D96B30271C22}.Release|x64.Build.0 = Release|x64
		{6280C716-960A-4588-8123-D96B30271C22}.Release|x86.ActiveCfg = Release|x86
		{6280C716-960A-4588-8123-D96B30271C22}.Release|x86.Build.0 = Release|x86
		{4C787F62-8CD4-4627-8058-1598E752135A}.Debug|Any CPU.ActiveCfg = Debug|Any CPU
		{4C787F62-8CD4-4627-8058-1598E752135A}.Debug|Any CPU.Build.0 = Debug|Any CPU
		{4C787F62-8CD4-4627-8058-1598E752135A}.Debug|ARM.ActiveCfg = Debug|Any CPU
		{4C787F62-8CD4-4627-8058-1598E752135A}.Debug|ARM.Build.0 = Debug|Any CPU
		{4C787F62-8CD4-4627-8058-1598E752135A}.Debug|iPhone.ActiveCfg = Debug|Any CPU
		{4C787F62-8CD4-4627-8058-1598E752135A}.Debug|iPhone.Build.0 = Debug|Any CPU
		{4C787F62-8CD4-4627-8058-1598E752135A}.Debug|iPhoneSimulator.ActiveCfg = Debug|Any CPU
		{4C787F62-8CD4-4627-8058-1598E752135A}.Debug|iPhoneSimulator.Build.0 = Debug|Any CPU
		{4C787F62-8CD4-4627-8058-1598E752135A}.Debug|x64.ActiveCfg = Debug|Any CPU
		{4C787F62-8CD4-4627-8058-1598E752135A}.Debug|x64.Build.0 = Debug|Any CPU
		{4C787F62-8CD4-4627-8058-1598E752135A}.Debug|x86.ActiveCfg = Debug|Any CPU
		{4C787F62-8CD4-4627-8058-1598E752135A}.Debug|x86.Build.0 = Debug|Any CPU
		{4C787F62-8CD4-4627-8058-1598E752135A}.Release|Any CPU.ActiveCfg = Release|Any CPU
		{4C787F62-8CD4-4627-8058-1598E752135A}.Release|Any CPU.Build.0 = Release|Any CPU
		{4C787F62-8CD4-4627-8058-1598E752135A}.Release|ARM.ActiveCfg = Release|Any CPU
		{4C787F62-8CD4-4627-8058-1598E752135A}.Release|ARM.Build.0 = Release|Any CPU
		{4C787F62-8CD4-4627-8058-1598E752135A}.Release|iPhone.ActiveCfg = Release|Any CPU
		{4C787F62-8CD4-4627-8058-1598E752135A}.Release|iPhone.Build.0 = Release|Any CPU
		{4C787F62-8CD4-4627-8058-1598E752135A}.Release|iPhoneSimulator.ActiveCfg = Release|Any CPU
		{4C787F62-8CD4-4627-8058-1598E752135A}.Release|iPhoneSimulator.Build.0 = Release|Any CPU
		{4C787F62-8CD4-4627-8058-1598E752135A}.Release|x64.ActiveCfg = Release|Any CPU
		{4C787F62-8CD4-4627-8058-1598E752135A}.Release|x64.Build.0 = Release|Any CPU
		{4C787F62-8CD4-4627-8058-1598E752135A}.Release|x86.ActiveCfg = Release|Any CPU
		{4C787F62-8CD4-4627-8058-1598E752135A}.Release|x86.Build.0 = Release|Any CPU
		{6BE16433-6FEF-4266-84FF-8AE1C6B5B14A}.Debug|Any CPU.ActiveCfg = Debug|Any CPU
		{6BE16433-6FEF-4266-84FF-8AE1C6B5B14A}.Debug|Any CPU.Build.0 = Debug|Any CPU
		{6BE16433-6FEF-4266-84FF-8AE1C6B5B14A}.Debug|ARM.ActiveCfg = Debug|Any CPU
		{6BE16433-6FEF-4266-84FF-8AE1C6B5B14A}.Debug|ARM.Build.0 = Debug|Any CPU
		{6BE16433-6FEF-4266-84FF-8AE1C6B5B14A}.Debug|iPhone.ActiveCfg = Debug|Any CPU
		{6BE16433-6FEF-4266-84FF-8AE1C6B5B14A}.Debug|iPhone.Build.0 = Debug|Any CPU
		{6BE16433-6FEF-4266-84FF-8AE1C6B5B14A}.Debug|iPhoneSimulator.ActiveCfg = Debug|Any CPU
		{6BE16433-6FEF-4266-84FF-8AE1C6B5B14A}.Debug|iPhoneSimulator.Build.0 = Debug|Any CPU
		{6BE16433-6FEF-4266-84FF-8AE1C6B5B14A}.Debug|x64.ActiveCfg = Debug|Any CPU
		{6BE16433-6FEF-4266-84FF-8AE1C6B5B14A}.Debug|x64.Build.0 = Debug|Any CPU
		{6BE16433-6FEF-4266-84FF-8AE1C6B5B14A}.Debug|x86.ActiveCfg = Debug|Any CPU
		{6BE16433-6FEF-4266-84FF-8AE1C6B5B14A}.Debug|x86.Build.0 = Debug|Any CPU
		{6BE16433-6FEF-4266-84FF-8AE1C6B5B14A}.Release|Any CPU.ActiveCfg = Release|Any CPU
		{6BE16433-6FEF-4266-84FF-8AE1C6B5B14A}.Release|Any CPU.Build.0 = Release|Any CPU
		{6BE16433-6FEF-4266-84FF-8AE1C6B5B14A}.Release|ARM.ActiveCfg = Release|Any CPU
		{6BE16433-6FEF-4266-84FF-8AE1C6B5B14A}.Release|ARM.Build.0 = Release|Any CPU
		{6BE16433-6FEF-4266-84FF-8AE1C6B5B14A}.Release|iPhone.ActiveCfg = Release|Any CPU
		{6BE16433-6FEF-4266-84FF-8AE1C6B5B14A}.Release|iPhone.Build.0 = Release|Any CPU
		{6BE16433-6FEF-4266-84FF-8AE1C6B5B14A}.Release|iPhoneSimulator.ActiveCfg = Release|Any CPU
		{6BE16433-6FEF-4266-84FF-8AE1C6B5B14A}.Release|iPhoneSimulator.Build.0 = Release|Any CPU
		{6BE16433-6FEF-4266-84FF-8AE1C6B5B14A}.Release|x64.ActiveCfg = Release|Any CPU
		{6BE16433-6FEF-4266-84FF-8AE1C6B5B14A}.Release|x64.Build.0 = Release|Any CPU
		{6BE16433-6FEF-4266-84FF-8AE1C6B5B14A}.Release|x86.ActiveCfg = Release|Any CPU
		{6BE16433-6FEF-4266-84FF-8AE1C6B5B14A}.Release|x86.Build.0 = Release|Any CPU
		{436D68A9-0BD2-4DD9-824B-4D1BD0528FEE}.Debug|Any CPU.ActiveCfg = Debug|Any CPU
		{436D68A9-0BD2-4DD9-824B-4D1BD0528FEE}.Debug|Any CPU.Build.0 = Debug|Any CPU
		{436D68A9-0BD2-4DD9-824B-4D1BD0528FEE}.Debug|ARM.ActiveCfg = Debug|Any CPU
		{436D68A9-0BD2-4DD9-824B-4D1BD0528FEE}.Debug|ARM.Build.0 = Debug|Any CPU
		{436D68A9-0BD2-4DD9-824B-4D1BD0528FEE}.Debug|iPhone.ActiveCfg = Debug|Any CPU
		{436D68A9-0BD2-4DD9-824B-4D1BD0528FEE}.Debug|iPhone.Build.0 = Debug|Any CPU
		{436D68A9-0BD2-4DD9-824B-4D1BD0528FEE}.Debug|iPhoneSimulator.ActiveCfg = Debug|Any CPU
		{436D68A9-0BD2-4DD9-824B-4D1BD0528FEE}.Debug|iPhoneSimulator.Build.0 = Debug|Any CPU
		{436D68A9-0BD2-4DD9-824B-4D1BD0528FEE}.Debug|x64.ActiveCfg = Debug|Any CPU
		{436D68A9-0BD2-4DD9-824B-4D1BD0528FEE}.Debug|x64.Build.0 = Debug|Any CPU
		{436D68A9-0BD2-4DD9-824B-4D1BD0528FEE}.Debug|x86.ActiveCfg = Debug|Any CPU
		{436D68A9-0BD2-4DD9-824B-4D1BD0528FEE}.Debug|x86.Build.0 = Debug|Any CPU
		{436D68A9-0BD2-4DD9-824B-4D1BD0528FEE}.Release|Any CPU.ActiveCfg = Release|Any CPU
		{436D68A9-0BD2-4DD9-824B-4D1BD0528FEE}.Release|Any CPU.Build.0 = Release|Any CPU
		{436D68A9-0BD2-4DD9-824B-4D1BD0528FEE}.Release|ARM.ActiveCfg = Release|Any CPU
		{436D68A9-0BD2-4DD9-824B-4D1BD0528FEE}.Release|ARM.Build.0 = Release|Any CPU
		{436D68A9-0BD2-4DD9-824B-4D1BD0528FEE}.Release|iPhone.ActiveCfg = Release|Any CPU
		{436D68A9-0BD2-4DD9-824B-4D1BD0528FEE}.Release|iPhone.Build.0 = Release|Any CPU
		{436D68A9-0BD2-4DD9-824B-4D1BD0528FEE}.Release|iPhoneSimulator.ActiveCfg = Release|Any CPU
		{436D68A9-0BD2-4DD9-824B-4D1BD0528FEE}.Release|iPhoneSimulator.Build.0 = Release|Any CPU
		{436D68A9-0BD2-4DD9-824B-4D1BD0528FEE}.Release|x64.ActiveCfg = Release|Any CPU
		{436D68A9-0BD2-4DD9-824B-4D1BD0528FEE}.Release|x64.Build.0 = Release|Any CPU
		{436D68A9-0BD2-4DD9-824B-4D1BD0528FEE}.Release|x86.ActiveCfg = Release|Any CPU
		{436D68A9-0BD2-4DD9-824B-4D1BD0528FEE}.Release|x86.Build.0 = Release|Any CPU
		{F2426BAC-7157-423D-AAC2-3CAEB52D877B}.Debug|Any CPU.ActiveCfg = Debug|Any CPU
		{F2426BAC-7157-423D-AAC2-3CAEB52D877B}.Debug|Any CPU.Build.0 = Debug|Any CPU
		{F2426BAC-7157-423D-AAC2-3CAEB52D877B}.Debug|ARM.ActiveCfg = Debug|Any CPU
		{F2426BAC-7157-423D-AAC2-3CAEB52D877B}.Debug|ARM.Build.0 = Debug|Any CPU
		{F2426BAC-7157-423D-AAC2-3CAEB52D877B}.Debug|iPhone.ActiveCfg = Debug|Any CPU
		{F2426BAC-7157-423D-AAC2-3CAEB52D877B}.Debug|iPhone.Build.0 = Debug|Any CPU
		{F2426BAC-7157-423D-AAC2-3CAEB52D877B}.Debug|iPhoneSimulator.ActiveCfg = Debug|Any CPU
		{F2426BAC-7157-423D-AAC2-3CAEB52D877B}.Debug|iPhoneSimulator.Build.0 = Debug|Any CPU
		{F2426BAC-7157-423D-AAC2-3CAEB52D877B}.Debug|x64.ActiveCfg = Debug|Any CPU
		{F2426BAC-7157-423D-AAC2-3CAEB52D877B}.Debug|x64.Build.0 = Debug|Any CPU
		{F2426BAC-7157-423D-AAC2-3CAEB52D877B}.Debug|x86.ActiveCfg = Debug|Any CPU
		{F2426BAC-7157-423D-AAC2-3CAEB52D877B}.Debug|x86.Build.0 = Debug|Any CPU
		{F2426BAC-7157-423D-AAC2-3CAEB52D877B}.Release|Any CPU.ActiveCfg = Release|Any CPU
		{F2426BAC-7157-423D-AAC2-3CAEB52D877B}.Release|Any CPU.Build.0 = Release|Any CPU
		{F2426BAC-7157-423D-AAC2-3CAEB52D877B}.Release|ARM.ActiveCfg = Release|Any CPU
		{F2426BAC-7157-423D-AAC2-3CAEB52D877B}.Release|ARM.Build.0 = Release|Any CPU
		{F2426BAC-7157-423D-AAC2-3CAEB52D877B}.Release|iPhone.ActiveCfg = Release|Any CPU
		{F2426BAC-7157-423D-AAC2-3CAEB52D877B}.Release|iPhone.Build.0 = Release|Any CPU
		{F2426BAC-7157-423D-AAC2-3CAEB52D877B}.Release|iPhoneSimulator.ActiveCfg = Release|Any CPU
		{F2426BAC-7157-423D-AAC2-3CAEB52D877B}.Release|iPhoneSimulator.Build.0 = Release|Any CPU
		{F2426BAC-7157-423D-AAC2-3CAEB52D877B}.Release|x64.ActiveCfg = Release|Any CPU
		{F2426BAC-7157-423D-AAC2-3CAEB52D877B}.Release|x64.Build.0 = Release|Any CPU
		{F2426BAC-7157-423D-AAC2-3CAEB52D877B}.Release|x86.ActiveCfg = Release|Any CPU
		{F2426BAC-7157-423D-AAC2-3CAEB52D877B}.Release|x86.Build.0 = Release|Any CPU
		{32A9956C-74D6-46BC-B07D-C524F21AD07E}.Debug|Any CPU.ActiveCfg = Debug|Any CPU
		{32A9956C-74D6-46BC-B07D-C524F21AD07E}.Debug|Any CPU.Build.0 = Debug|Any CPU
		{32A9956C-74D6-46BC-B07D-C524F21AD07E}.Debug|ARM.ActiveCfg = Debug|Any CPU
		{32A9956C-74D6-46BC-B07D-C524F21AD07E}.Debug|ARM.Build.0 = Debug|Any CPU
		{32A9956C-74D6-46BC-B07D-C524F21AD07E}.Debug|iPhone.ActiveCfg = Debug|Any CPU
		{32A9956C-74D6-46BC-B07D-C524F21AD07E}.Debug|iPhone.Build.0 = Debug|Any CPU
		{32A9956C-74D6-46BC-B07D-C524F21AD07E}.Debug|iPhoneSimulator.ActiveCfg = Debug|Any CPU
		{32A9956C-74D6-46BC-B07D-C524F21AD07E}.Debug|iPhoneSimulator.Build.0 = Debug|Any CPU
		{32A9956C-74D6-46BC-B07D-C524F21AD07E}.Debug|x64.ActiveCfg = Debug|Any CPU
		{32A9956C-74D6-46BC-B07D-C524F21AD07E}.Debug|x64.Build.0 = Debug|Any CPU
		{32A9956C-74D6-46BC-B07D-C524F21AD07E}.Debug|x86.ActiveCfg = Debug|Any CPU
		{32A9956C-74D6-46BC-B07D-C524F21AD07E}.Debug|x86.Build.0 = Debug|Any CPU
		{32A9956C-74D6-46BC-B07D-C524F21AD07E}.Release|Any CPU.ActiveCfg = Release|Any CPU
		{32A9956C-74D6-46BC-B07D-C524F21AD07E}.Release|Any CPU.Build.0 = Release|Any CPU
		{32A9956C-74D6-46BC-B07D-C524F21AD07E}.Release|ARM.ActiveCfg = Release|Any CPU
		{32A9956C-74D6-46BC-B07D-C524F21AD07E}.Release|ARM.Build.0 = Release|Any CPU
		{32A9956C-74D6-46BC-B07D-C524F21AD07E}.Release|iPhone.ActiveCfg = Release|Any CPU
		{32A9956C-74D6-46BC-B07D-C524F21AD07E}.Release|iPhone.Build.0 = Release|Any CPU
		{32A9956C-74D6-46BC-B07D-C524F21AD07E}.Release|iPhoneSimulator.ActiveCfg = Release|Any CPU
		{32A9956C-74D6-46BC-B07D-C524F21AD07E}.Release|iPhoneSimulator.Build.0 = Release|Any CPU
		{32A9956C-74D6-46BC-B07D-C524F21AD07E}.Release|x64.ActiveCfg = Release|Any CPU
		{32A9956C-74D6-46BC-B07D-C524F21AD07E}.Release|x64.Build.0 = Release|Any CPU
		{32A9956C-74D6-46BC-B07D-C524F21AD07E}.Release|x86.ActiveCfg = Release|Any CPU
		{32A9956C-74D6-46BC-B07D-C524F21AD07E}.Release|x86.Build.0 = Release|Any CPU
		{9C270FC0-1E2F-4B27-AAEC-4E51C9C8397F}.Debug|Any CPU.ActiveCfg = Debug|Any CPU
		{9C270FC0-1E2F-4B27-AAEC-4E51C9C8397F}.Debug|Any CPU.Build.0 = Debug|Any CPU
		{9C270FC0-1E2F-4B27-AAEC-4E51C9C8397F}.Debug|ARM.ActiveCfg = Debug|Any CPU
		{9C270FC0-1E2F-4B27-AAEC-4E51C9C8397F}.Debug|ARM.Build.0 = Debug|Any CPU
		{9C270FC0-1E2F-4B27-AAEC-4E51C9C8397F}.Debug|iPhone.ActiveCfg = Debug|Any CPU
		{9C270FC0-1E2F-4B27-AAEC-4E51C9C8397F}.Debug|iPhone.Build.0 = Debug|Any CPU
		{9C270FC0-1E2F-4B27-AAEC-4E51C9C8397F}.Debug|iPhoneSimulator.ActiveCfg = Debug|Any CPU
		{9C270FC0-1E2F-4B27-AAEC-4E51C9C8397F}.Debug|iPhoneSimulator.Build.0 = Debug|Any CPU
		{9C270FC0-1E2F-4B27-AAEC-4E51C9C8397F}.Debug|x64.ActiveCfg = Debug|Any CPU
		{9C270FC0-1E2F-4B27-AAEC-4E51C9C8397F}.Debug|x64.Build.0 = Debug|Any CPU
		{9C270FC0-1E2F-4B27-AAEC-4E51C9C8397F}.Debug|x86.ActiveCfg = Debug|Any CPU
		{9C270FC0-1E2F-4B27-AAEC-4E51C9C8397F}.Debug|x86.Build.0 = Debug|Any CPU
		{9C270FC0-1E2F-4B27-AAEC-4E51C9C8397F}.Release|Any CPU.ActiveCfg = Release|Any CPU
		{9C270FC0-1E2F-4B27-AAEC-4E51C9C8397F}.Release|Any CPU.Build.0 = Release|Any CPU
		{9C270FC0-1E2F-4B27-AAEC-4E51C9C8397F}.Release|ARM.ActiveCfg = Release|Any CPU
		{9C270FC0-1E2F-4B27-AAEC-4E51C9C8397F}.Release|ARM.Build.0 = Release|Any CPU
		{9C270FC0-1E2F-4B27-AAEC-4E51C9C8397F}.Release|iPhone.ActiveCfg = Release|Any CPU
		{9C270FC0-1E2F-4B27-AAEC-4E51C9C8397F}.Release|iPhone.Build.0 = Release|Any CPU
		{9C270FC0-1E2F-4B27-AAEC-4E51C9C8397F}.Release|iPhoneSimulator.ActiveCfg = Release|Any CPU
		{9C270FC0-1E2F-4B27-AAEC-4E51C9C8397F}.Release|iPhoneSimulator.Build.0 = Release|Any CPU
		{9C270FC0-1E2F-4B27-AAEC-4E51C9C8397F}.Release|x64.ActiveCfg = Release|Any CPU
		{9C270FC0-1E2F-4B27-AAEC-4E51C9C8397F}.Release|x64.Build.0 = Release|Any CPU
		{9C270FC0-1E2F-4B27-AAEC-4E51C9C8397F}.Release|x86.ActiveCfg = Release|Any CPU
		{9C270FC0-1E2F-4B27-AAEC-4E51C9C8397F}.Release|x86.Build.0 = Release|Any CPU
		{31CF2E0E-C0F1-4BA2-9A63-980711AC6401}.Debug|Any CPU.ActiveCfg = Debug|Any CPU
		{31CF2E0E-C0F1-4BA2-9A63-980711AC6401}.Debug|Any CPU.Build.0 = Debug|Any CPU
		{31CF2E0E-C0F1-4BA2-9A63-980711AC6401}.Debug|ARM.ActiveCfg = Debug|Any CPU
		{31CF2E0E-C0F1-4BA2-9A63-980711AC6401}.Debug|ARM.Build.0 = Debug|Any CPU
		{31CF2E0E-C0F1-4BA2-9A63-980711AC6401}.Debug|iPhone.ActiveCfg = Debug|Any CPU
		{31CF2E0E-C0F1-4BA2-9A63-980711AC6401}.Debug|iPhone.Build.0 = Debug|Any CPU
		{31CF2E0E-C0F1-4BA2-9A63-980711AC6401}.Debug|iPhoneSimulator.ActiveCfg = Debug|Any CPU
		{31CF2E0E-C0F1-4BA2-9A63-980711AC6401}.Debug|iPhoneSimulator.Build.0 = Debug|Any CPU
		{31CF2E0E-C0F1-4BA2-9A63-980711AC6401}.Debug|x64.ActiveCfg = Debug|Any CPU
		{31CF2E0E-C0F1-4BA2-9A63-980711AC6401}.Debug|x64.Build.0 = Debug|Any CPU
		{31CF2E0E-C0F1-4BA2-9A63-980711AC6401}.Debug|x86.ActiveCfg = Debug|Any CPU
		{31CF2E0E-C0F1-4BA2-9A63-980711AC6401}.Debug|x86.Build.0 = Debug|Any CPU
		{31CF2E0E-C0F1-4BA2-9A63-980711AC6401}.Release|Any CPU.ActiveCfg = Release|Any CPU
		{31CF2E0E-C0F1-4BA2-9A63-980711AC6401}.Release|Any CPU.Build.0 = Release|Any CPU
		{31CF2E0E-C0F1-4BA2-9A63-980711AC6401}.Release|ARM.ActiveCfg = Release|Any CPU
		{31CF2E0E-C0F1-4BA2-9A63-980711AC6401}.Release|ARM.Build.0 = Release|Any CPU
		{31CF2E0E-C0F1-4BA2-9A63-980711AC6401}.Release|iPhone.ActiveCfg = Release|Any CPU
		{31CF2E0E-C0F1-4BA2-9A63-980711AC6401}.Release|iPhone.Build.0 = Release|Any CPU
		{31CF2E0E-C0F1-4BA2-9A63-980711AC6401}.Release|iPhoneSimulator.ActiveCfg = Release|Any CPU
		{31CF2E0E-C0F1-4BA2-9A63-980711AC6401}.Release|iPhoneSimulator.Build.0 = Release|Any CPU
		{31CF2E0E-C0F1-4BA2-9A63-980711AC6401}.Release|x64.ActiveCfg = Release|Any CPU
		{31CF2E0E-C0F1-4BA2-9A63-980711AC6401}.Release|x64.Build.0 = Release|Any CPU
		{31CF2E0E-C0F1-4BA2-9A63-980711AC6401}.Release|x86.ActiveCfg = Release|Any CPU
		{31CF2E0E-C0F1-4BA2-9A63-980711AC6401}.Release|x86.Build.0 = Release|Any CPU
		{F1CDFE97-4E23-49B9-B04C-FFB0EBA3CC6D}.Debug|Any CPU.ActiveCfg = Debug|Any CPU
		{F1CDFE97-4E23-49B9-B04C-FFB0EBA3CC6D}.Debug|Any CPU.Build.0 = Debug|Any CPU
		{F1CDFE97-4E23-49B9-B04C-FFB0EBA3CC6D}.Debug|ARM.ActiveCfg = Debug|Any CPU
		{F1CDFE97-4E23-49B9-B04C-FFB0EBA3CC6D}.Debug|ARM.Build.0 = Debug|Any CPU
		{F1CDFE97-4E23-49B9-B04C-FFB0EBA3CC6D}.Debug|iPhone.ActiveCfg = Debug|Any CPU
		{F1CDFE97-4E23-49B9-B04C-FFB0EBA3CC6D}.Debug|iPhone.Build.0 = Debug|Any CPU
		{F1CDFE97-4E23-49B9-B04C-FFB0EBA3CC6D}.Debug|iPhoneSimulator.ActiveCfg = Debug|Any CPU
		{F1CDFE97-4E23-49B9-B04C-FFB0EBA3CC6D}.Debug|iPhoneSimulator.Build.0 = Debug|Any CPU
		{F1CDFE97-4E23-49B9-B04C-FFB0EBA3CC6D}.Debug|x64.ActiveCfg = Debug|Any CPU
		{F1CDFE97-4E23-49B9-B04C-FFB0EBA3CC6D}.Debug|x64.Build.0 = Debug|Any CPU
		{F1CDFE97-4E23-49B9-B04C-FFB0EBA3CC6D}.Debug|x86.ActiveCfg = Debug|Any CPU
		{F1CDFE97-4E23-49B9-B04C-FFB0EBA3CC6D}.Debug|x86.Build.0 = Debug|Any CPU
		{F1CDFE97-4E23-49B9-B04C-FFB0EBA3CC6D}.Release|Any CPU.ActiveCfg = Release|Any CPU
		{F1CDFE97-4E23-49B9-B04C-FFB0EBA3CC6D}.Release|Any CPU.Build.0 = Release|Any CPU
		{F1CDFE97-4E23-49B9-B04C-FFB0EBA3CC6D}.Release|ARM.ActiveCfg = Release|Any CPU
		{F1CDFE97-4E23-49B9-B04C-FFB0EBA3CC6D}.Release|ARM.Build.0 = Release|Any CPU
		{F1CDFE97-4E23-49B9-B04C-FFB0EBA3CC6D}.Release|iPhone.ActiveCfg = Release|Any CPU
		{F1CDFE97-4E23-49B9-B04C-FFB0EBA3CC6D}.Release|iPhone.Build.0 = Release|Any CPU
		{F1CDFE97-4E23-49B9-B04C-FFB0EBA3CC6D}.Release|iPhoneSimulator.ActiveCfg = Release|Any CPU
		{F1CDFE97-4E23-49B9-B04C-FFB0EBA3CC6D}.Release|iPhoneSimulator.Build.0 = Release|Any CPU
		{F1CDFE97-4E23-49B9-B04C-FFB0EBA3CC6D}.Release|x64.ActiveCfg = Release|Any CPU
		{F1CDFE97-4E23-49B9-B04C-FFB0EBA3CC6D}.Release|x64.Build.0 = Release|Any CPU
		{F1CDFE97-4E23-49B9-B04C-FFB0EBA3CC6D}.Release|x86.ActiveCfg = Release|Any CPU
		{F1CDFE97-4E23-49B9-B04C-FFB0EBA3CC6D}.Release|x86.Build.0 = Release|Any CPU
		{04D65BD4-D332-4E8C-9742-DBBBDA7B02C7}.Debug|Any CPU.ActiveCfg = Debug|Any CPU
		{04D65BD4-D332-4E8C-9742-DBBBDA7B02C7}.Debug|Any CPU.Build.0 = Debug|Any CPU
		{04D65BD4-D332-4E8C-9742-DBBBDA7B02C7}.Debug|ARM.ActiveCfg = Debug|Any CPU
		{04D65BD4-D332-4E8C-9742-DBBBDA7B02C7}.Debug|ARM.Build.0 = Debug|Any CPU
		{04D65BD4-D332-4E8C-9742-DBBBDA7B02C7}.Debug|iPhone.ActiveCfg = Debug|Any CPU
		{04D65BD4-D332-4E8C-9742-DBBBDA7B02C7}.Debug|iPhone.Build.0 = Debug|Any CPU
		{04D65BD4-D332-4E8C-9742-DBBBDA7B02C7}.Debug|iPhoneSimulator.ActiveCfg = Debug|Any CPU
		{04D65BD4-D332-4E8C-9742-DBBBDA7B02C7}.Debug|iPhoneSimulator.Build.0 = Debug|Any CPU
		{04D65BD4-D332-4E8C-9742-DBBBDA7B02C7}.Debug|x64.ActiveCfg = Debug|Any CPU
		{04D65BD4-D332-4E8C-9742-DBBBDA7B02C7}.Debug|x64.Build.0 = Debug|Any CPU
		{04D65BD4-D332-4E8C-9742-DBBBDA7B02C7}.Debug|x86.ActiveCfg = Debug|Any CPU
		{04D65BD4-D332-4E8C-9742-DBBBDA7B02C7}.Debug|x86.Build.0 = Debug|Any CPU
		{04D65BD4-D332-4E8C-9742-DBBBDA7B02C7}.Release|Any CPU.ActiveCfg = Release|Any CPU
		{04D65BD4-D332-4E8C-9742-DBBBDA7B02C7}.Release|Any CPU.Build.0 = Release|Any CPU
		{04D65BD4-D332-4E8C-9742-DBBBDA7B02C7}.Release|ARM.ActiveCfg = Release|Any CPU
		{04D65BD4-D332-4E8C-9742-DBBBDA7B02C7}.Release|ARM.Build.0 = Release|Any CPU
		{04D65BD4-D332-4E8C-9742-DBBBDA7B02C7}.Release|iPhone.ActiveCfg = Release|Any CPU
		{04D65BD4-D332-4E8C-9742-DBBBDA7B02C7}.Release|iPhone.Build.0 = Release|Any CPU
		{04D65BD4-D332-4E8C-9742-DBBBDA7B02C7}.Release|iPhoneSimulator.ActiveCfg = Release|Any CPU
		{04D65BD4-D332-4E8C-9742-DBBBDA7B02C7}.Release|iPhoneSimulator.Build.0 = Release|Any CPU
		{04D65BD4-D332-4E8C-9742-DBBBDA7B02C7}.Release|x64.ActiveCfg = Release|Any CPU
		{04D65BD4-D332-4E8C-9742-DBBBDA7B02C7}.Release|x64.Build.0 = Release|Any CPU
		{04D65BD4-D332-4E8C-9742-DBBBDA7B02C7}.Release|x86.ActiveCfg = Release|Any CPU
		{04D65BD4-D332-4E8C-9742-DBBBDA7B02C7}.Release|x86.Build.0 = Release|Any CPU
		{8C0389BC-C0A2-4E84-B9DC-B54E1D75CC5B}.Debug|Any CPU.ActiveCfg = Debug|Any CPU
		{8C0389BC-C0A2-4E84-B9DC-B54E1D75CC5B}.Debug|Any CPU.Build.0 = Debug|Any CPU
		{8C0389BC-C0A2-4E84-B9DC-B54E1D75CC5B}.Debug|ARM.ActiveCfg = Debug|Any CPU
		{8C0389BC-C0A2-4E84-B9DC-B54E1D75CC5B}.Debug|ARM.Build.0 = Debug|Any CPU
		{8C0389BC-C0A2-4E84-B9DC-B54E1D75CC5B}.Debug|iPhone.ActiveCfg = Debug|Any CPU
		{8C0389BC-C0A2-4E84-B9DC-B54E1D75CC5B}.Debug|iPhone.Build.0 = Debug|Any CPU
		{8C0389BC-C0A2-4E84-B9DC-B54E1D75CC5B}.Debug|iPhoneSimulator.ActiveCfg = Debug|Any CPU
		{8C0389BC-C0A2-4E84-B9DC-B54E1D75CC5B}.Debug|iPhoneSimulator.Build.0 = Debug|Any CPU
		{8C0389BC-C0A2-4E84-B9DC-B54E1D75CC5B}.Debug|x64.ActiveCfg = Debug|Any CPU
		{8C0389BC-C0A2-4E84-B9DC-B54E1D75CC5B}.Debug|x64.Build.0 = Debug|Any CPU
		{8C0389BC-C0A2-4E84-B9DC-B54E1D75CC5B}.Debug|x86.ActiveCfg = Debug|Any CPU
		{8C0389BC-C0A2-4E84-B9DC-B54E1D75CC5B}.Debug|x86.Build.0 = Debug|Any CPU
		{8C0389BC-C0A2-4E84-B9DC-B54E1D75CC5B}.Release|Any CPU.ActiveCfg = Release|Any CPU
		{8C0389BC-C0A2-4E84-B9DC-B54E1D75CC5B}.Release|Any CPU.Build.0 = Release|Any CPU
		{8C0389BC-C0A2-4E84-B9DC-B54E1D75CC5B}.Release|ARM.ActiveCfg = Release|Any CPU
		{8C0389BC-C0A2-4E84-B9DC-B54E1D75CC5B}.Release|ARM.Build.0 = Release|Any CPU
		{8C0389BC-C0A2-4E84-B9DC-B54E1D75CC5B}.Release|iPhone.ActiveCfg = Release|Any CPU
		{8C0389BC-C0A2-4E84-B9DC-B54E1D75CC5B}.Release|iPhone.Build.0 = Release|Any CPU
		{8C0389BC-C0A2-4E84-B9DC-B54E1D75CC5B}.Release|iPhoneSimulator.ActiveCfg = Release|Any CPU
		{8C0389BC-C0A2-4E84-B9DC-B54E1D75CC5B}.Release|iPhoneSimulator.Build.0 = Release|Any CPU
		{8C0389BC-C0A2-4E84-B9DC-B54E1D75CC5B}.Release|x64.ActiveCfg = Release|Any CPU
		{8C0389BC-C0A2-4E84-B9DC-B54E1D75CC5B}.Release|x64.Build.0 = Release|Any CPU
		{8C0389BC-C0A2-4E84-B9DC-B54E1D75CC5B}.Release|x86.ActiveCfg = Release|Any CPU
		{8C0389BC-C0A2-4E84-B9DC-B54E1D75CC5B}.Release|x86.Build.0 = Release|Any CPU
		{CF05AE75-5488-43BD-A09C-3408E2A5E3C4}.Debug|Any CPU.ActiveCfg = Debug|Any CPU
		{CF05AE75-5488-43BD-A09C-3408E2A5E3C4}.Debug|Any CPU.Build.0 = Debug|Any CPU
		{CF05AE75-5488-43BD-A09C-3408E2A5E3C4}.Debug|ARM.ActiveCfg = Debug|Any CPU
		{CF05AE75-5488-43BD-A09C-3408E2A5E3C4}.Debug|ARM.Build.0 = Debug|Any CPU
		{CF05AE75-5488-43BD-A09C-3408E2A5E3C4}.Debug|iPhone.ActiveCfg = Debug|Any CPU
		{CF05AE75-5488-43BD-A09C-3408E2A5E3C4}.Debug|iPhone.Build.0 = Debug|Any CPU
		{CF05AE75-5488-43BD-A09C-3408E2A5E3C4}.Debug|iPhoneSimulator.ActiveCfg = Debug|Any CPU
		{CF05AE75-5488-43BD-A09C-3408E2A5E3C4}.Debug|iPhoneSimulator.Build.0 = Debug|Any CPU
		{CF05AE75-5488-43BD-A09C-3408E2A5E3C4}.Debug|x64.ActiveCfg = Debug|Any CPU
		{CF05AE75-5488-43BD-A09C-3408E2A5E3C4}.Debug|x64.Build.0 = Debug|Any CPU
		{CF05AE75-5488-43BD-A09C-3408E2A5E3C4}.Debug|x86.ActiveCfg = Debug|Any CPU
		{CF05AE75-5488-43BD-A09C-3408E2A5E3C4}.Debug|x86.Build.0 = Debug|Any CPU
		{CF05AE75-5488-43BD-A09C-3408E2A5E3C4}.Release|Any CPU.ActiveCfg = Release|Any CPU
		{CF05AE75-5488-43BD-A09C-3408E2A5E3C4}.Release|Any CPU.Build.0 = Release|Any CPU
		{CF05AE75-5488-43BD-A09C-3408E2A5E3C4}.Release|ARM.ActiveCfg = Release|Any CPU
		{CF05AE75-5488-43BD-A09C-3408E2A5E3C4}.Release|ARM.Build.0 = Release|Any CPU
		{CF05AE75-5488-43BD-A09C-3408E2A5E3C4}.Release|iPhone.ActiveCfg = Release|Any CPU
		{CF05AE75-5488-43BD-A09C-3408E2A5E3C4}.Release|iPhone.Build.0 = Release|Any CPU
		{CF05AE75-5488-43BD-A09C-3408E2A5E3C4}.Release|iPhoneSimulator.ActiveCfg = Release|Any CPU
		{CF05AE75-5488-43BD-A09C-3408E2A5E3C4}.Release|iPhoneSimulator.Build.0 = Release|Any CPU
		{CF05AE75-5488-43BD-A09C-3408E2A5E3C4}.Release|x64.ActiveCfg = Release|Any CPU
		{CF05AE75-5488-43BD-A09C-3408E2A5E3C4}.Release|x64.Build.0 = Release|Any CPU
		{CF05AE75-5488-43BD-A09C-3408E2A5E3C4}.Release|x86.ActiveCfg = Release|Any CPU
		{CF05AE75-5488-43BD-A09C-3408E2A5E3C4}.Release|x86.Build.0 = Release|Any CPU
		{116C5BD0-5EE1-46BC-AAE5-10CEE0861E65}.Debug|Any CPU.ActiveCfg = Debug|Any CPU
		{116C5BD0-5EE1-46BC-AAE5-10CEE0861E65}.Debug|Any CPU.Build.0 = Debug|Any CPU
		{116C5BD0-5EE1-46BC-AAE5-10CEE0861E65}.Debug|ARM.ActiveCfg = Debug|Any CPU
		{116C5BD0-5EE1-46BC-AAE5-10CEE0861E65}.Debug|ARM.Build.0 = Debug|Any CPU
		{116C5BD0-5EE1-46BC-AAE5-10CEE0861E65}.Debug|iPhone.ActiveCfg = Debug|Any CPU
		{116C5BD0-5EE1-46BC-AAE5-10CEE0861E65}.Debug|iPhone.Build.0 = Debug|Any CPU
		{116C5BD0-5EE1-46BC-AAE5-10CEE0861E65}.Debug|iPhoneSimulator.ActiveCfg = Debug|Any CPU
		{116C5BD0-5EE1-46BC-AAE5-10CEE0861E65}.Debug|iPhoneSimulator.Build.0 = Debug|Any CPU
		{116C5BD0-5EE1-46BC-AAE5-10CEE0861E65}.Debug|x64.ActiveCfg = Debug|Any CPU
		{116C5BD0-5EE1-46BC-AAE5-10CEE0861E65}.Debug|x64.Build.0 = Debug|Any CPU
		{116C5BD0-5EE1-46BC-AAE5-10CEE0861E65}.Debug|x86.ActiveCfg = Debug|Any CPU
		{116C5BD0-5EE1-46BC-AAE5-10CEE0861E65}.Debug|x86.Build.0 = Debug|Any CPU
		{116C5BD0-5EE1-46BC-AAE5-10CEE0861E65}.Release|Any CPU.ActiveCfg = Release|Any CPU
		{116C5BD0-5EE1-46BC-AAE5-10CEE0861E65}.Release|Any CPU.Build.0 = Release|Any CPU
		{116C5BD0-5EE1-46BC-AAE5-10CEE0861E65}.Release|ARM.ActiveCfg = Release|Any CPU
		{116C5BD0-5EE1-46BC-AAE5-10CEE0861E65}.Release|ARM.Build.0 = Release|Any CPU
		{116C5BD0-5EE1-46BC-AAE5-10CEE0861E65}.Release|iPhone.ActiveCfg = Release|Any CPU
		{116C5BD0-5EE1-46BC-AAE5-10CEE0861E65}.Release|iPhone.Build.0 = Release|Any CPU
		{116C5BD0-5EE1-46BC-AAE5-10CEE0861E65}.Release|iPhoneSimulator.ActiveCfg = Release|Any CPU
		{116C5BD0-5EE1-46BC-AAE5-10CEE0861E65}.Release|iPhoneSimulator.Build.0 = Release|Any CPU
		{116C5BD0-5EE1-46BC-AAE5-10CEE0861E65}.Release|x64.ActiveCfg = Release|Any CPU
		{116C5BD0-5EE1-46BC-AAE5-10CEE0861E65}.Release|x64.Build.0 = Release|Any CPU
		{116C5BD0-5EE1-46BC-AAE5-10CEE0861E65}.Release|x86.ActiveCfg = Release|Any CPU
		{116C5BD0-5EE1-46BC-AAE5-10CEE0861E65}.Release|x86.Build.0 = Release|Any CPU
		{507B060A-73C8-46FA-84EC-EA2428C555A5}.Debug|Any CPU.ActiveCfg = Debug|Any CPU
		{507B060A-73C8-46FA-84EC-EA2428C555A5}.Debug|Any CPU.Build.0 = Debug|Any CPU
		{507B060A-73C8-46FA-84EC-EA2428C555A5}.Debug|ARM.ActiveCfg = Debug|Any CPU
		{507B060A-73C8-46FA-84EC-EA2428C555A5}.Debug|ARM.Build.0 = Debug|Any CPU
		{507B060A-73C8-46FA-84EC-EA2428C555A5}.Debug|iPhone.ActiveCfg = Debug|Any CPU
		{507B060A-73C8-46FA-84EC-EA2428C555A5}.Debug|iPhone.Build.0 = Debug|Any CPU
		{507B060A-73C8-46FA-84EC-EA2428C555A5}.Debug|iPhoneSimulator.ActiveCfg = Debug|Any CPU
		{507B060A-73C8-46FA-84EC-EA2428C555A5}.Debug|iPhoneSimulator.Build.0 = Debug|Any CPU
		{507B060A-73C8-46FA-84EC-EA2428C555A5}.Debug|x64.ActiveCfg = Debug|Any CPU
		{507B060A-73C8-46FA-84EC-EA2428C555A5}.Debug|x64.Build.0 = Debug|Any CPU
		{507B060A-73C8-46FA-84EC-EA2428C555A5}.Debug|x86.ActiveCfg = Debug|Any CPU
		{507B060A-73C8-46FA-84EC-EA2428C555A5}.Debug|x86.Build.0 = Debug|Any CPU
		{507B060A-73C8-46FA-84EC-EA2428C555A5}.Release|Any CPU.ActiveCfg = Release|Any CPU
		{507B060A-73C8-46FA-84EC-EA2428C555A5}.Release|Any CPU.Build.0 = Release|Any CPU
		{507B060A-73C8-46FA-84EC-EA2428C555A5}.Release|ARM.ActiveCfg = Release|Any CPU
		{507B060A-73C8-46FA-84EC-EA2428C555A5}.Release|ARM.Build.0 = Release|Any CPU
		{507B060A-73C8-46FA-84EC-EA2428C555A5}.Release|iPhone.ActiveCfg = Release|Any CPU
		{507B060A-73C8-46FA-84EC-EA2428C555A5}.Release|iPhone.Build.0 = Release|Any CPU
		{507B060A-73C8-46FA-84EC-EA2428C555A5}.Release|iPhoneSimulator.ActiveCfg = Release|Any CPU
		{507B060A-73C8-46FA-84EC-EA2428C555A5}.Release|iPhoneSimulator.Build.0 = Release|Any CPU
		{507B060A-73C8-46FA-84EC-EA2428C555A5}.Release|x64.ActiveCfg = Release|Any CPU
		{507B060A-73C8-46FA-84EC-EA2428C555A5}.Release|x64.Build.0 = Release|Any CPU
		{507B060A-73C8-46FA-84EC-EA2428C555A5}.Release|x86.ActiveCfg = Release|Any CPU
		{507B060A-73C8-46FA-84EC-EA2428C555A5}.Release|x86.Build.0 = Release|Any CPU
		{F2FE9090-34C9-4F7E-A932-7F3CF8D00567}.Debug|Any CPU.ActiveCfg = Debug|Any CPU
		{F2FE9090-34C9-4F7E-A932-7F3CF8D00567}.Debug|Any CPU.Build.0 = Debug|Any CPU
		{F2FE9090-34C9-4F7E-A932-7F3CF8D00567}.Debug|ARM.ActiveCfg = Debug|Any CPU
		{F2FE9090-34C9-4F7E-A932-7F3CF8D00567}.Debug|ARM.Build.0 = Debug|Any CPU
		{F2FE9090-34C9-4F7E-A932-7F3CF8D00567}.Debug|iPhone.ActiveCfg = Debug|Any CPU
		{F2FE9090-34C9-4F7E-A932-7F3CF8D00567}.Debug|iPhone.Build.0 = Debug|Any CPU
		{F2FE9090-34C9-4F7E-A932-7F3CF8D00567}.Debug|iPhoneSimulator.ActiveCfg = Debug|Any CPU
		{F2FE9090-34C9-4F7E-A932-7F3CF8D00567}.Debug|iPhoneSimulator.Build.0 = Debug|Any CPU
		{F2FE9090-34C9-4F7E-A932-7F3CF8D00567}.Debug|x64.ActiveCfg = Debug|Any CPU
		{F2FE9090-34C9-4F7E-A932-7F3CF8D00567}.Debug|x64.Build.0 = Debug|Any CPU
		{F2FE9090-34C9-4F7E-A932-7F3CF8D00567}.Debug|x86.ActiveCfg = Debug|Any CPU
		{F2FE9090-34C9-4F7E-A932-7F3CF8D00567}.Debug|x86.Build.0 = Debug|Any CPU
		{F2FE9090-34C9-4F7E-A932-7F3CF8D00567}.Release|Any CPU.ActiveCfg = Release|Any CPU
		{F2FE9090-34C9-4F7E-A932-7F3CF8D00567}.Release|Any CPU.Build.0 = Release|Any CPU
		{F2FE9090-34C9-4F7E-A932-7F3CF8D00567}.Release|ARM.ActiveCfg = Release|Any CPU
		{F2FE9090-34C9-4F7E-A932-7F3CF8D00567}.Release|ARM.Build.0 = Release|Any CPU
		{F2FE9090-34C9-4F7E-A932-7F3CF8D00567}.Release|iPhone.ActiveCfg = Release|Any CPU
		{F2FE9090-34C9-4F7E-A932-7F3CF8D00567}.Release|iPhone.Build.0 = Release|Any CPU
		{F2FE9090-34C9-4F7E-A932-7F3CF8D00567}.Release|iPhoneSimulator.ActiveCfg = Release|Any CPU
		{F2FE9090-34C9-4F7E-A932-7F3CF8D00567}.Release|iPhoneSimulator.Build.0 = Release|Any CPU
		{F2FE9090-34C9-4F7E-A932-7F3CF8D00567}.Release|x64.ActiveCfg = Release|Any CPU
		{F2FE9090-34C9-4F7E-A932-7F3CF8D00567}.Release|x64.Build.0 = Release|Any CPU
		{F2FE9090-34C9-4F7E-A932-7F3CF8D00567}.Release|x86.ActiveCfg = Release|Any CPU
		{F2FE9090-34C9-4F7E-A932-7F3CF8D00567}.Release|x86.Build.0 = Release|Any CPU
		{00DD4608-5FA2-49C8-96BA-8C68C1A2C706}.Debug|Any CPU.ActiveCfg = Debug|Any CPU
		{00DD4608-5FA2-49C8-96BA-8C68C1A2C706}.Debug|Any CPU.Build.0 = Debug|Any CPU
		{00DD4608-5FA2-49C8-96BA-8C68C1A2C706}.Debug|ARM.ActiveCfg = Debug|Any CPU
		{00DD4608-5FA2-49C8-96BA-8C68C1A2C706}.Debug|ARM.Build.0 = Debug|Any CPU
		{00DD4608-5FA2-49C8-96BA-8C68C1A2C706}.Debug|iPhone.ActiveCfg = Debug|Any CPU
		{00DD4608-5FA2-49C8-96BA-8C68C1A2C706}.Debug|iPhone.Build.0 = Debug|Any CPU
		{00DD4608-5FA2-49C8-96BA-8C68C1A2C706}.Debug|iPhoneSimulator.ActiveCfg = Debug|Any CPU
		{00DD4608-5FA2-49C8-96BA-8C68C1A2C706}.Debug|iPhoneSimulator.Build.0 = Debug|Any CPU
		{00DD4608-5FA2-49C8-96BA-8C68C1A2C706}.Debug|x64.ActiveCfg = Debug|Any CPU
		{00DD4608-5FA2-49C8-96BA-8C68C1A2C706}.Debug|x64.Build.0 = Debug|Any CPU
		{00DD4608-5FA2-49C8-96BA-8C68C1A2C706}.Debug|x86.ActiveCfg = Debug|Any CPU
		{00DD4608-5FA2-49C8-96BA-8C68C1A2C706}.Debug|x86.Build.0 = Debug|Any CPU
		{00DD4608-5FA2-49C8-96BA-8C68C1A2C706}.Release|Any CPU.ActiveCfg = Release|Any CPU
		{00DD4608-5FA2-49C8-96BA-8C68C1A2C706}.Release|Any CPU.Build.0 = Release|Any CPU
		{00DD4608-5FA2-49C8-96BA-8C68C1A2C706}.Release|ARM.ActiveCfg = Release|Any CPU
		{00DD4608-5FA2-49C8-96BA-8C68C1A2C706}.Release|ARM.Build.0 = Release|Any CPU
		{00DD4608-5FA2-49C8-96BA-8C68C1A2C706}.Release|iPhone.ActiveCfg = Release|Any CPU
		{00DD4608-5FA2-49C8-96BA-8C68C1A2C706}.Release|iPhone.Build.0 = Release|Any CPU
		{00DD4608-5FA2-49C8-96BA-8C68C1A2C706}.Release|iPhoneSimulator.ActiveCfg = Release|Any CPU
		{00DD4608-5FA2-49C8-96BA-8C68C1A2C706}.Release|iPhoneSimulator.Build.0 = Release|Any CPU
		{00DD4608-5FA2-49C8-96BA-8C68C1A2C706}.Release|x64.ActiveCfg = Release|Any CPU
		{00DD4608-5FA2-49C8-96BA-8C68C1A2C706}.Release|x64.Build.0 = Release|Any CPU
		{00DD4608-5FA2-49C8-96BA-8C68C1A2C706}.Release|x86.ActiveCfg = Release|Any CPU
		{00DD4608-5FA2-49C8-96BA-8C68C1A2C706}.Release|x86.Build.0 = Release|Any CPU
		{8E174CD9-0D16-44C1-9841-9343182ED034}.Debug|Any CPU.ActiveCfg = Debug|Any CPU
		{8E174CD9-0D16-44C1-9841-9343182ED034}.Debug|Any CPU.Build.0 = Debug|Any CPU
		{8E174CD9-0D16-44C1-9841-9343182ED034}.Debug|ARM.ActiveCfg = Debug|Any CPU
		{8E174CD9-0D16-44C1-9841-9343182ED034}.Debug|ARM.Build.0 = Debug|Any CPU
		{8E174CD9-0D16-44C1-9841-9343182ED034}.Debug|iPhone.ActiveCfg = Debug|Any CPU
		{8E174CD9-0D16-44C1-9841-9343182ED034}.Debug|iPhone.Build.0 = Debug|Any CPU
		{8E174CD9-0D16-44C1-9841-9343182ED034}.Debug|iPhoneSimulator.ActiveCfg = Debug|Any CPU
		{8E174CD9-0D16-44C1-9841-9343182ED034}.Debug|iPhoneSimulator.Build.0 = Debug|Any CPU
		{8E174CD9-0D16-44C1-9841-9343182ED034}.Debug|x64.ActiveCfg = Debug|Any CPU
		{8E174CD9-0D16-44C1-9841-9343182ED034}.Debug|x64.Build.0 = Debug|Any CPU
		{8E174CD9-0D16-44C1-9841-9343182ED034}.Debug|x86.ActiveCfg = Debug|Any CPU
		{8E174CD9-0D16-44C1-9841-9343182ED034}.Debug|x86.Build.0 = Debug|Any CPU
		{8E174CD9-0D16-44C1-9841-9343182ED034}.Release|Any CPU.ActiveCfg = Release|Any CPU
		{8E174CD9-0D16-44C1-9841-9343182ED034}.Release|Any CPU.Build.0 = Release|Any CPU
		{8E174CD9-0D16-44C1-9841-9343182ED034}.Release|ARM.ActiveCfg = Release|Any CPU
		{8E174CD9-0D16-44C1-9841-9343182ED034}.Release|ARM.Build.0 = Release|Any CPU
		{8E174CD9-0D16-44C1-9841-9343182ED034}.Release|iPhone.ActiveCfg = Release|Any CPU
		{8E174CD9-0D16-44C1-9841-9343182ED034}.Release|iPhone.Build.0 = Release|Any CPU
		{8E174CD9-0D16-44C1-9841-9343182ED034}.Release|iPhoneSimulator.ActiveCfg = Release|Any CPU
		{8E174CD9-0D16-44C1-9841-9343182ED034}.Release|iPhoneSimulator.Build.0 = Release|Any CPU
		{8E174CD9-0D16-44C1-9841-9343182ED034}.Release|x64.ActiveCfg = Release|Any CPU
		{8E174CD9-0D16-44C1-9841-9343182ED034}.Release|x64.Build.0 = Release|Any CPU
		{8E174CD9-0D16-44C1-9841-9343182ED034}.Release|x86.ActiveCfg = Release|Any CPU
		{8E174CD9-0D16-44C1-9841-9343182ED034}.Release|x86.Build.0 = Release|Any CPU
		{E904129D-ADF0-4BE9-AC79-87149241608E}.Debug|Any CPU.ActiveCfg = Debug|Any CPU
		{E904129D-ADF0-4BE9-AC79-87149241608E}.Debug|Any CPU.Build.0 = Debug|Any CPU
		{E904129D-ADF0-4BE9-AC79-87149241608E}.Debug|ARM.ActiveCfg = Debug|Any CPU
		{E904129D-ADF0-4BE9-AC79-87149241608E}.Debug|ARM.Build.0 = Debug|Any CPU
		{E904129D-ADF0-4BE9-AC79-87149241608E}.Debug|iPhone.ActiveCfg = Debug|Any CPU
		{E904129D-ADF0-4BE9-AC79-87149241608E}.Debug|iPhone.Build.0 = Debug|Any CPU
		{E904129D-ADF0-4BE9-AC79-87149241608E}.Debug|iPhoneSimulator.ActiveCfg = Debug|Any CPU
		{E904129D-ADF0-4BE9-AC79-87149241608E}.Debug|iPhoneSimulator.Build.0 = Debug|Any CPU
		{E904129D-ADF0-4BE9-AC79-87149241608E}.Debug|x64.ActiveCfg = Debug|Any CPU
		{E904129D-ADF0-4BE9-AC79-87149241608E}.Debug|x64.Build.0 = Debug|Any CPU
		{E904129D-ADF0-4BE9-AC79-87149241608E}.Debug|x86.ActiveCfg = Debug|Any CPU
		{E904129D-ADF0-4BE9-AC79-87149241608E}.Debug|x86.Build.0 = Debug|Any CPU
		{E904129D-ADF0-4BE9-AC79-87149241608E}.Release|Any CPU.ActiveCfg = Release|Any CPU
		{E904129D-ADF0-4BE9-AC79-87149241608E}.Release|Any CPU.Build.0 = Release|Any CPU
		{E904129D-ADF0-4BE9-AC79-87149241608E}.Release|ARM.ActiveCfg = Release|Any CPU
		{E904129D-ADF0-4BE9-AC79-87149241608E}.Release|ARM.Build.0 = Release|Any CPU
		{E904129D-ADF0-4BE9-AC79-87149241608E}.Release|iPhone.ActiveCfg = Release|Any CPU
		{E904129D-ADF0-4BE9-AC79-87149241608E}.Release|iPhone.Build.0 = Release|Any CPU
		{E904129D-ADF0-4BE9-AC79-87149241608E}.Release|iPhoneSimulator.ActiveCfg = Release|Any CPU
		{E904129D-ADF0-4BE9-AC79-87149241608E}.Release|iPhoneSimulator.Build.0 = Release|Any CPU
		{E904129D-ADF0-4BE9-AC79-87149241608E}.Release|x64.ActiveCfg = Release|Any CPU
		{E904129D-ADF0-4BE9-AC79-87149241608E}.Release|x64.Build.0 = Release|Any CPU
		{E904129D-ADF0-4BE9-AC79-87149241608E}.Release|x86.ActiveCfg = Release|Any CPU
		{E904129D-ADF0-4BE9-AC79-87149241608E}.Release|x86.Build.0 = Release|Any CPU
		{BAFE340F-13B5-465B-B91D-17FEA7077B90}.Debug|Any CPU.ActiveCfg = Debug|Any CPU
		{BAFE340F-13B5-465B-B91D-17FEA7077B90}.Debug|Any CPU.Build.0 = Debug|Any CPU
		{BAFE340F-13B5-465B-B91D-17FEA7077B90}.Debug|ARM.ActiveCfg = Debug|Any CPU
		{BAFE340F-13B5-465B-B91D-17FEA7077B90}.Debug|ARM.Build.0 = Debug|Any CPU
		{BAFE340F-13B5-465B-B91D-17FEA7077B90}.Debug|iPhone.ActiveCfg = Debug|Any CPU
		{BAFE340F-13B5-465B-B91D-17FEA7077B90}.Debug|iPhone.Build.0 = Debug|Any CPU
		{BAFE340F-13B5-465B-B91D-17FEA7077B90}.Debug|iPhoneSimulator.ActiveCfg = Debug|Any CPU
		{BAFE340F-13B5-465B-B91D-17FEA7077B90}.Debug|iPhoneSimulator.Build.0 = Debug|Any CPU
		{BAFE340F-13B5-465B-B91D-17FEA7077B90}.Debug|x64.ActiveCfg = Debug|Any CPU
		{BAFE340F-13B5-465B-B91D-17FEA7077B90}.Debug|x64.Build.0 = Debug|Any CPU
		{BAFE340F-13B5-465B-B91D-17FEA7077B90}.Debug|x86.ActiveCfg = Debug|Any CPU
		{BAFE340F-13B5-465B-B91D-17FEA7077B90}.Debug|x86.Build.0 = Debug|Any CPU
		{BAFE340F-13B5-465B-B91D-17FEA7077B90}.Release|Any CPU.ActiveCfg = Release|Any CPU
		{BAFE340F-13B5-465B-B91D-17FEA7077B90}.Release|Any CPU.Build.0 = Release|Any CPU
		{BAFE340F-13B5-465B-B91D-17FEA7077B90}.Release|ARM.ActiveCfg = Release|Any CPU
		{BAFE340F-13B5-465B-B91D-17FEA7077B90}.Release|ARM.Build.0 = Release|Any CPU
		{BAFE340F-13B5-465B-B91D-17FEA7077B90}.Release|iPhone.ActiveCfg = Release|Any CPU
		{BAFE340F-13B5-465B-B91D-17FEA7077B90}.Release|iPhone.Build.0 = Release|Any CPU
		{BAFE340F-13B5-465B-B91D-17FEA7077B90}.Release|iPhoneSimulator.ActiveCfg = Release|Any CPU
		{BAFE340F-13B5-465B-B91D-17FEA7077B90}.Release|iPhoneSimulator.Build.0 = Release|Any CPU
		{BAFE340F-13B5-465B-B91D-17FEA7077B90}.Release|x64.ActiveCfg = Release|Any CPU
		{BAFE340F-13B5-465B-B91D-17FEA7077B90}.Release|x64.Build.0 = Release|Any CPU
		{BAFE340F-13B5-465B-B91D-17FEA7077B90}.Release|x86.ActiveCfg = Release|Any CPU
		{BAFE340F-13B5-465B-B91D-17FEA7077B90}.Release|x86.Build.0 = Release|Any CPU
		{FA1C08F4-794B-4FF5-A266-6EDB15B42607}.Debug|Any CPU.ActiveCfg = Debug|Any CPU
		{FA1C08F4-794B-4FF5-A266-6EDB15B42607}.Debug|Any CPU.Build.0 = Debug|Any CPU
		{FA1C08F4-794B-4FF5-A266-6EDB15B42607}.Debug|ARM.ActiveCfg = Debug|Any CPU
		{FA1C08F4-794B-4FF5-A266-6EDB15B42607}.Debug|ARM.Build.0 = Debug|Any CPU
		{FA1C08F4-794B-4FF5-A266-6EDB15B42607}.Debug|iPhone.ActiveCfg = Debug|Any CPU
		{FA1C08F4-794B-4FF5-A266-6EDB15B42607}.Debug|iPhone.Build.0 = Debug|Any CPU
		{FA1C08F4-794B-4FF5-A266-6EDB15B42607}.Debug|iPhoneSimulator.ActiveCfg = Debug|Any CPU
		{FA1C08F4-794B-4FF5-A266-6EDB15B42607}.Debug|iPhoneSimulator.Build.0 = Debug|Any CPU
		{FA1C08F4-794B-4FF5-A266-6EDB15B42607}.Debug|x64.ActiveCfg = Debug|Any CPU
		{FA1C08F4-794B-4FF5-A266-6EDB15B42607}.Debug|x64.Build.0 = Debug|Any CPU
		{FA1C08F4-794B-4FF5-A266-6EDB15B42607}.Debug|x86.ActiveCfg = Debug|Any CPU
		{FA1C08F4-794B-4FF5-A266-6EDB15B42607}.Debug|x86.Build.0 = Debug|Any CPU
		{FA1C08F4-794B-4FF5-A266-6EDB15B42607}.Release|Any CPU.ActiveCfg = Release|Any CPU
		{FA1C08F4-794B-4FF5-A266-6EDB15B42607}.Release|Any CPU.Build.0 = Release|Any CPU
		{FA1C08F4-794B-4FF5-A266-6EDB15B42607}.Release|ARM.ActiveCfg = Release|Any CPU
		{FA1C08F4-794B-4FF5-A266-6EDB15B42607}.Release|ARM.Build.0 = Release|Any CPU
		{FA1C08F4-794B-4FF5-A266-6EDB15B42607}.Release|iPhone.ActiveCfg = Release|Any CPU
		{FA1C08F4-794B-4FF5-A266-6EDB15B42607}.Release|iPhone.Build.0 = Release|Any CPU
		{FA1C08F4-794B-4FF5-A266-6EDB15B42607}.Release|iPhoneSimulator.ActiveCfg = Release|Any CPU
		{FA1C08F4-794B-4FF5-A266-6EDB15B42607}.Release|iPhoneSimulator.Build.0 = Release|Any CPU
		{FA1C08F4-794B-4FF5-A266-6EDB15B42607}.Release|x64.ActiveCfg = Release|Any CPU
		{FA1C08F4-794B-4FF5-A266-6EDB15B42607}.Release|x64.Build.0 = Release|Any CPU
		{FA1C08F4-794B-4FF5-A266-6EDB15B42607}.Release|x86.ActiveCfg = Release|Any CPU
		{FA1C08F4-794B-4FF5-A266-6EDB15B42607}.Release|x86.Build.0 = Release|Any CPU
		{1C99F7A3-1B92-411A-B588-CD5AD2C27743}.Debug|Any CPU.ActiveCfg = Debug|Any CPU
		{1C99F7A3-1B92-411A-B588-CD5AD2C27743}.Debug|Any CPU.Build.0 = Debug|Any CPU
		{1C99F7A3-1B92-411A-B588-CD5AD2C27743}.Debug|ARM.ActiveCfg = Debug|Any CPU
		{1C99F7A3-1B92-411A-B588-CD5AD2C27743}.Debug|ARM.Build.0 = Debug|Any CPU
		{1C99F7A3-1B92-411A-B588-CD5AD2C27743}.Debug|iPhone.ActiveCfg = Debug|Any CPU
		{1C99F7A3-1B92-411A-B588-CD5AD2C27743}.Debug|iPhone.Build.0 = Debug|Any CPU
		{1C99F7A3-1B92-411A-B588-CD5AD2C27743}.Debug|iPhoneSimulator.ActiveCfg = Debug|Any CPU
		{1C99F7A3-1B92-411A-B588-CD5AD2C27743}.Debug|iPhoneSimulator.Build.0 = Debug|Any CPU
		{1C99F7A3-1B92-411A-B588-CD5AD2C27743}.Debug|x64.ActiveCfg = Debug|Any CPU
		{1C99F7A3-1B92-411A-B588-CD5AD2C27743}.Debug|x64.Build.0 = Debug|Any CPU
		{1C99F7A3-1B92-411A-B588-CD5AD2C27743}.Debug|x86.ActiveCfg = Debug|Any CPU
		{1C99F7A3-1B92-411A-B588-CD5AD2C27743}.Debug|x86.Build.0 = Debug|Any CPU
		{1C99F7A3-1B92-411A-B588-CD5AD2C27743}.Release|Any CPU.ActiveCfg = Release|Any CPU
		{1C99F7A3-1B92-411A-B588-CD5AD2C27743}.Release|Any CPU.Build.0 = Release|Any CPU
		{1C99F7A3-1B92-411A-B588-CD5AD2C27743}.Release|ARM.ActiveCfg = Release|Any CPU
		{1C99F7A3-1B92-411A-B588-CD5AD2C27743}.Release|ARM.Build.0 = Release|Any CPU
		{1C99F7A3-1B92-411A-B588-CD5AD2C27743}.Release|iPhone.ActiveCfg = Release|Any CPU
		{1C99F7A3-1B92-411A-B588-CD5AD2C27743}.Release|iPhone.Build.0 = Release|Any CPU
		{1C99F7A3-1B92-411A-B588-CD5AD2C27743}.Release|iPhoneSimulator.ActiveCfg = Release|Any CPU
		{1C99F7A3-1B92-411A-B588-CD5AD2C27743}.Release|iPhoneSimulator.Build.0 = Release|Any CPU
		{1C99F7A3-1B92-411A-B588-CD5AD2C27743}.Release|x64.ActiveCfg = Release|Any CPU
		{1C99F7A3-1B92-411A-B588-CD5AD2C27743}.Release|x64.Build.0 = Release|Any CPU
		{1C99F7A3-1B92-411A-B588-CD5AD2C27743}.Release|x86.ActiveCfg = Release|Any CPU
		{1C99F7A3-1B92-411A-B588-CD5AD2C27743}.Release|x86.Build.0 = Release|Any CPU
		{084B7039-1D07-4E79-9BBA-4E202F1A6BDB}.Debug|Any CPU.ActiveCfg = Debug|Any CPU
		{084B7039-1D07-4E79-9BBA-4E202F1A6BDB}.Debug|Any CPU.Build.0 = Debug|Any CPU
		{084B7039-1D07-4E79-9BBA-4E202F1A6BDB}.Debug|ARM.ActiveCfg = Debug|Any CPU
		{084B7039-1D07-4E79-9BBA-4E202F1A6BDB}.Debug|ARM.Build.0 = Debug|Any CPU
		{084B7039-1D07-4E79-9BBA-4E202F1A6BDB}.Debug|iPhone.ActiveCfg = Debug|Any CPU
		{084B7039-1D07-4E79-9BBA-4E202F1A6BDB}.Debug|iPhone.Build.0 = Debug|Any CPU
		{084B7039-1D07-4E79-9BBA-4E202F1A6BDB}.Debug|iPhoneSimulator.ActiveCfg = Debug|Any CPU
		{084B7039-1D07-4E79-9BBA-4E202F1A6BDB}.Debug|iPhoneSimulator.Build.0 = Debug|Any CPU
		{084B7039-1D07-4E79-9BBA-4E202F1A6BDB}.Debug|x64.ActiveCfg = Debug|Any CPU
		{084B7039-1D07-4E79-9BBA-4E202F1A6BDB}.Debug|x64.Build.0 = Debug|Any CPU
		{084B7039-1D07-4E79-9BBA-4E202F1A6BDB}.Debug|x86.ActiveCfg = Debug|Any CPU
		{084B7039-1D07-4E79-9BBA-4E202F1A6BDB}.Debug|x86.Build.0 = Debug|Any CPU
		{084B7039-1D07-4E79-9BBA-4E202F1A6BDB}.Release|Any CPU.ActiveCfg = Release|Any CPU
		{084B7039-1D07-4E79-9BBA-4E202F1A6BDB}.Release|Any CPU.Build.0 = Release|Any CPU
		{084B7039-1D07-4E79-9BBA-4E202F1A6BDB}.Release|ARM.ActiveCfg = Release|Any CPU
		{084B7039-1D07-4E79-9BBA-4E202F1A6BDB}.Release|ARM.Build.0 = Release|Any CPU
		{084B7039-1D07-4E79-9BBA-4E202F1A6BDB}.Release|iPhone.ActiveCfg = Release|Any CPU
		{084B7039-1D07-4E79-9BBA-4E202F1A6BDB}.Release|iPhone.Build.0 = Release|Any CPU
		{084B7039-1D07-4E79-9BBA-4E202F1A6BDB}.Release|iPhoneSimulator.ActiveCfg = Release|Any CPU
		{084B7039-1D07-4E79-9BBA-4E202F1A6BDB}.Release|iPhoneSimulator.Build.0 = Release|Any CPU
		{084B7039-1D07-4E79-9BBA-4E202F1A6BDB}.Release|x64.ActiveCfg = Release|Any CPU
		{084B7039-1D07-4E79-9BBA-4E202F1A6BDB}.Release|x64.Build.0 = Release|Any CPU
		{084B7039-1D07-4E79-9BBA-4E202F1A6BDB}.Release|x86.ActiveCfg = Release|Any CPU
		{084B7039-1D07-4E79-9BBA-4E202F1A6BDB}.Release|x86.Build.0 = Release|Any CPU
		{C1042303-1B41-4082-93F9-2AAD2E5A5660}.Debug|Any CPU.ActiveCfg = Debug|Any CPU
		{C1042303-1B41-4082-93F9-2AAD2E5A5660}.Debug|Any CPU.Build.0 = Debug|Any CPU
		{C1042303-1B41-4082-93F9-2AAD2E5A5660}.Debug|ARM.ActiveCfg = Debug|Any CPU
		{C1042303-1B41-4082-93F9-2AAD2E5A5660}.Debug|ARM.Build.0 = Debug|Any CPU
		{C1042303-1B41-4082-93F9-2AAD2E5A5660}.Debug|iPhone.ActiveCfg = Debug|Any CPU
		{C1042303-1B41-4082-93F9-2AAD2E5A5660}.Debug|iPhone.Build.0 = Debug|Any CPU
		{C1042303-1B41-4082-93F9-2AAD2E5A5660}.Debug|iPhoneSimulator.ActiveCfg = Debug|Any CPU
		{C1042303-1B41-4082-93F9-2AAD2E5A5660}.Debug|iPhoneSimulator.Build.0 = Debug|Any CPU
		{C1042303-1B41-4082-93F9-2AAD2E5A5660}.Debug|x64.ActiveCfg = Debug|Any CPU
		{C1042303-1B41-4082-93F9-2AAD2E5A5660}.Debug|x64.Build.0 = Debug|Any CPU
		{C1042303-1B41-4082-93F9-2AAD2E5A5660}.Debug|x86.ActiveCfg = Debug|Any CPU
		{C1042303-1B41-4082-93F9-2AAD2E5A5660}.Debug|x86.Build.0 = Debug|Any CPU
		{C1042303-1B41-4082-93F9-2AAD2E5A5660}.Release|Any CPU.ActiveCfg = Release|Any CPU
		{C1042303-1B41-4082-93F9-2AAD2E5A5660}.Release|Any CPU.Build.0 = Release|Any CPU
		{C1042303-1B41-4082-93F9-2AAD2E5A5660}.Release|ARM.ActiveCfg = Release|Any CPU
		{C1042303-1B41-4082-93F9-2AAD2E5A5660}.Release|ARM.Build.0 = Release|Any CPU
		{C1042303-1B41-4082-93F9-2AAD2E5A5660}.Release|iPhone.ActiveCfg = Release|Any CPU
		{C1042303-1B41-4082-93F9-2AAD2E5A5660}.Release|iPhone.Build.0 = Release|Any CPU
		{C1042303-1B41-4082-93F9-2AAD2E5A5660}.Release|iPhoneSimulator.ActiveCfg = Release|Any CPU
		{C1042303-1B41-4082-93F9-2AAD2E5A5660}.Release|iPhoneSimulator.Build.0 = Release|Any CPU
		{C1042303-1B41-4082-93F9-2AAD2E5A5660}.Release|x64.ActiveCfg = Release|Any CPU
		{C1042303-1B41-4082-93F9-2AAD2E5A5660}.Release|x64.Build.0 = Release|Any CPU
		{C1042303-1B41-4082-93F9-2AAD2E5A5660}.Release|x86.ActiveCfg = Release|Any CPU
		{C1042303-1B41-4082-93F9-2AAD2E5A5660}.Release|x86.Build.0 = Release|Any CPU
		{1FBC4D68-AA71-43ED-BC74-C95433416B2F}.Debug|Any CPU.ActiveCfg = Debug|Any CPU
		{1FBC4D68-AA71-43ED-BC74-C95433416B2F}.Debug|Any CPU.Build.0 = Debug|Any CPU
		{1FBC4D68-AA71-43ED-BC74-C95433416B2F}.Debug|ARM.ActiveCfg = Debug|Any CPU
		{1FBC4D68-AA71-43ED-BC74-C95433416B2F}.Debug|ARM.Build.0 = Debug|Any CPU
		{1FBC4D68-AA71-43ED-BC74-C95433416B2F}.Debug|iPhone.ActiveCfg = Debug|Any CPU
		{1FBC4D68-AA71-43ED-BC74-C95433416B2F}.Debug|iPhone.Build.0 = Debug|Any CPU
		{1FBC4D68-AA71-43ED-BC74-C95433416B2F}.Debug|iPhoneSimulator.ActiveCfg = Debug|Any CPU
		{1FBC4D68-AA71-43ED-BC74-C95433416B2F}.Debug|iPhoneSimulator.Build.0 = Debug|Any CPU
		{1FBC4D68-AA71-43ED-BC74-C95433416B2F}.Debug|x64.ActiveCfg = Debug|Any CPU
		{1FBC4D68-AA71-43ED-BC74-C95433416B2F}.Debug|x64.Build.0 = Debug|Any CPU
		{1FBC4D68-AA71-43ED-BC74-C95433416B2F}.Debug|x86.ActiveCfg = Debug|Any CPU
		{1FBC4D68-AA71-43ED-BC74-C95433416B2F}.Debug|x86.Build.0 = Debug|Any CPU
		{1FBC4D68-AA71-43ED-BC74-C95433416B2F}.Release|Any CPU.ActiveCfg = Release|Any CPU
		{1FBC4D68-AA71-43ED-BC74-C95433416B2F}.Release|Any CPU.Build.0 = Release|Any CPU
		{1FBC4D68-AA71-43ED-BC74-C95433416B2F}.Release|ARM.ActiveCfg = Release|Any CPU
		{1FBC4D68-AA71-43ED-BC74-C95433416B2F}.Release|ARM.Build.0 = Release|Any CPU
		{1FBC4D68-AA71-43ED-BC74-C95433416B2F}.Release|iPhone.ActiveCfg = Release|Any CPU
		{1FBC4D68-AA71-43ED-BC74-C95433416B2F}.Release|iPhone.Build.0 = Release|Any CPU
		{1FBC4D68-AA71-43ED-BC74-C95433416B2F}.Release|iPhoneSimulator.ActiveCfg = Release|Any CPU
		{1FBC4D68-AA71-43ED-BC74-C95433416B2F}.Release|iPhoneSimulator.Build.0 = Release|Any CPU
		{1FBC4D68-AA71-43ED-BC74-C95433416B2F}.Release|x64.ActiveCfg = Release|Any CPU
		{1FBC4D68-AA71-43ED-BC74-C95433416B2F}.Release|x64.Build.0 = Release|Any CPU
		{1FBC4D68-AA71-43ED-BC74-C95433416B2F}.Release|x86.ActiveCfg = Release|Any CPU
		{1FBC4D68-AA71-43ED-BC74-C95433416B2F}.Release|x86.Build.0 = Release|Any CPU
		{3DDFA8BE-7497-4CED-A4FC-AEE2709C350D}.Debug|Any CPU.ActiveCfg = Debug|Any CPU
		{3DDFA8BE-7497-4CED-A4FC-AEE2709C350D}.Debug|Any CPU.Build.0 = Debug|Any CPU
		{3DDFA8BE-7497-4CED-A4FC-AEE2709C350D}.Debug|ARM.ActiveCfg = Debug|Any CPU
		{3DDFA8BE-7497-4CED-A4FC-AEE2709C350D}.Debug|ARM.Build.0 = Debug|Any CPU
		{3DDFA8BE-7497-4CED-A4FC-AEE2709C350D}.Debug|iPhone.ActiveCfg = Debug|Any CPU
		{3DDFA8BE-7497-4CED-A4FC-AEE2709C350D}.Debug|iPhone.Build.0 = Debug|Any CPU
		{3DDFA8BE-7497-4CED-A4FC-AEE2709C350D}.Debug|iPhoneSimulator.ActiveCfg = Debug|Any CPU
		{3DDFA8BE-7497-4CED-A4FC-AEE2709C350D}.Debug|iPhoneSimulator.Build.0 = Debug|Any CPU
		{3DDFA8BE-7497-4CED-A4FC-AEE2709C350D}.Debug|x64.ActiveCfg = Debug|Any CPU
		{3DDFA8BE-7497-4CED-A4FC-AEE2709C350D}.Debug|x64.Build.0 = Debug|Any CPU
		{3DDFA8BE-7497-4CED-A4FC-AEE2709C350D}.Debug|x86.ActiveCfg = Debug|Any CPU
		{3DDFA8BE-7497-4CED-A4FC-AEE2709C350D}.Debug|x86.Build.0 = Debug|Any CPU
		{3DDFA8BE-7497-4CED-A4FC-AEE2709C350D}.Release|Any CPU.ActiveCfg = Release|Any CPU
		{3DDFA8BE-7497-4CED-A4FC-AEE2709C350D}.Release|Any CPU.Build.0 = Release|Any CPU
		{3DDFA8BE-7497-4CED-A4FC-AEE2709C350D}.Release|ARM.ActiveCfg = Release|Any CPU
		{3DDFA8BE-7497-4CED-A4FC-AEE2709C350D}.Release|ARM.Build.0 = Release|Any CPU
		{3DDFA8BE-7497-4CED-A4FC-AEE2709C350D}.Release|iPhone.ActiveCfg = Release|Any CPU
		{3DDFA8BE-7497-4CED-A4FC-AEE2709C350D}.Release|iPhone.Build.0 = Release|Any CPU
		{3DDFA8BE-7497-4CED-A4FC-AEE2709C350D}.Release|iPhoneSimulator.ActiveCfg = Release|Any CPU
		{3DDFA8BE-7497-4CED-A4FC-AEE2709C350D}.Release|iPhoneSimulator.Build.0 = Release|Any CPU
		{3DDFA8BE-7497-4CED-A4FC-AEE2709C350D}.Release|x64.ActiveCfg = Release|Any CPU
		{3DDFA8BE-7497-4CED-A4FC-AEE2709C350D}.Release|x64.Build.0 = Release|Any CPU
		{3DDFA8BE-7497-4CED-A4FC-AEE2709C350D}.Release|x86.ActiveCfg = Release|Any CPU
		{3DDFA8BE-7497-4CED-A4FC-AEE2709C350D}.Release|x86.Build.0 = Release|Any CPU
		{19662BBC-ED06-430E-BAA2-2A61FDBFB546}.Debug|Any CPU.ActiveCfg = Debug|Any CPU
		{19662BBC-ED06-430E-BAA2-2A61FDBFB546}.Debug|Any CPU.Build.0 = Debug|Any CPU
		{19662BBC-ED06-430E-BAA2-2A61FDBFB546}.Debug|ARM.ActiveCfg = Debug|Any CPU
		{19662BBC-ED06-430E-BAA2-2A61FDBFB546}.Debug|ARM.Build.0 = Debug|Any CPU
		{19662BBC-ED06-430E-BAA2-2A61FDBFB546}.Debug|iPhone.ActiveCfg = Debug|Any CPU
		{19662BBC-ED06-430E-BAA2-2A61FDBFB546}.Debug|iPhone.Build.0 = Debug|Any CPU
		{19662BBC-ED06-430E-BAA2-2A61FDBFB546}.Debug|iPhoneSimulator.ActiveCfg = Debug|Any CPU
		{19662BBC-ED06-430E-BAA2-2A61FDBFB546}.Debug|iPhoneSimulator.Build.0 = Debug|Any CPU
		{19662BBC-ED06-430E-BAA2-2A61FDBFB546}.Debug|x64.ActiveCfg = Debug|Any CPU
		{19662BBC-ED06-430E-BAA2-2A61FDBFB546}.Debug|x64.Build.0 = Debug|Any CPU
		{19662BBC-ED06-430E-BAA2-2A61FDBFB546}.Debug|x86.ActiveCfg = Debug|Any CPU
		{19662BBC-ED06-430E-BAA2-2A61FDBFB546}.Debug|x86.Build.0 = Debug|Any CPU
		{19662BBC-ED06-430E-BAA2-2A61FDBFB546}.Release|Any CPU.ActiveCfg = Release|Any CPU
		{19662BBC-ED06-430E-BAA2-2A61FDBFB546}.Release|Any CPU.Build.0 = Release|Any CPU
		{19662BBC-ED06-430E-BAA2-2A61FDBFB546}.Release|ARM.ActiveCfg = Release|Any CPU
		{19662BBC-ED06-430E-BAA2-2A61FDBFB546}.Release|ARM.Build.0 = Release|Any CPU
		{19662BBC-ED06-430E-BAA2-2A61FDBFB546}.Release|iPhone.ActiveCfg = Release|Any CPU
		{19662BBC-ED06-430E-BAA2-2A61FDBFB546}.Release|iPhone.Build.0 = Release|Any CPU
		{19662BBC-ED06-430E-BAA2-2A61FDBFB546}.Release|iPhoneSimulator.ActiveCfg = Release|Any CPU
		{19662BBC-ED06-430E-BAA2-2A61FDBFB546}.Release|iPhoneSimulator.Build.0 = Release|Any CPU
		{19662BBC-ED06-430E-BAA2-2A61FDBFB546}.Release|x64.ActiveCfg = Release|Any CPU
		{19662BBC-ED06-430E-BAA2-2A61FDBFB546}.Release|x64.Build.0 = Release|Any CPU
		{19662BBC-ED06-430E-BAA2-2A61FDBFB546}.Release|x86.ActiveCfg = Release|Any CPU
		{19662BBC-ED06-430E-BAA2-2A61FDBFB546}.Release|x86.Build.0 = Release|Any CPU
	EndGlobalSection
	GlobalSection(SolutionProperties) = preSolution
		HideSolutionNode = FALSE
	EndGlobalSection
	GlobalSection(NestedProjects) = preSolution
		{46040E3B-AE52-42F9-9C1B-8566FC6765C5} = {3F7980D6-C3B6-439C-8134-5EE4C598A5E6}
		{B64BEC39-7279-46C3-85BA-703751D441CD} = {3F7980D6-C3B6-439C-8134-5EE4C598A5E6}
		{6280C716-960A-4588-8123-D96B30271C22} = {3F7980D6-C3B6-439C-8134-5EE4C598A5E6}
		{4C787F62-8CD4-4627-8058-1598E752135A} = {3F7980D6-C3B6-439C-8134-5EE4C598A5E6}
		{6BE16433-6FEF-4266-84FF-8AE1C6B5B14A} = {FEFB48AC-2D7D-4F83-A464-C05E299E8D0C}
		{436D68A9-0BD2-4DD9-824B-4D1BD0528FEE} = {271DEDDC-2535-4C4A-ADB7-10362E7388A7}
		{F2426BAC-7157-423D-AAC2-3CAEB52D877B} = {59A56743-A50C-4448-B458-B0266FCB434D}
		{32A9956C-74D6-46BC-B07D-C524F21AD07E} = {6E66335A-C00D-4B75-8D90-E1FDC012306F}
		{9C270FC0-1E2F-4B27-AAEC-4E51C9C8397F} = {0A815A9A-ABCE-44AD-9986-44CE3B9BFD3D}
		{31CF2E0E-C0F1-4BA2-9A63-980711AC6401} = {0A815A9A-ABCE-44AD-9986-44CE3B9BFD3D}
		{F1CDFE97-4E23-49B9-B04C-FFB0EBA3CC6D} = {0A815A9A-ABCE-44AD-9986-44CE3B9BFD3D}
		{04D65BD4-D332-4E8C-9742-DBBBDA7B02C7} = {E5B45771-3FEA-468E-8259-B0F82DD3BB63}
		{8C0389BC-C0A2-4E84-B9DC-B54E1D75CC5B} = {9A7AE056-58B8-46FE-B85C-F1A98D67C699}
		{CF05AE75-5488-43BD-A09C-3408E2A5E3C4} = {9A7AE056-58B8-46FE-B85C-F1A98D67C699}
		{116C5BD0-5EE1-46BC-AAE5-10CEE0861E65} = {9A7AE056-58B8-46FE-B85C-F1A98D67C699}
		{A0FFD84B-1276-4A20-A311-931AE453F7AA} = {C71FC3F0-7F17-45C8-B2D2-C1A86D6EC481}
		{507B060A-73C8-46FA-84EC-EA2428C555A5} = {D5AD16E6-D439-4FDF-935C-6B8440227C1D}
		{A47263B7-A04B-448E-9C20-6DD9F2D48828} = {C71FC3F0-7F17-45C8-B2D2-C1A86D6EC481}
		{D217F5A3-A5C9-408E-8FD9-E7128C9E77C1} = {C71FC3F0-7F17-45C8-B2D2-C1A86D6EC481}
		{F2FE9090-34C9-4F7E-A932-7F3CF8D00567} = {8FB94316-7CC5-49F5-976E-86AD1C1D555E}
		{7E45DFD5-5330-47D9-BAB5-5221658783D8} = {C71FC3F0-7F17-45C8-B2D2-C1A86D6EC481}
		{00DD4608-5FA2-49C8-96BA-8C68C1A2C706} = {4B35AEE0-3CE0-43C0-BE98-9014D202E9F1}
		{3F7980D6-C3B6-439C-8134-5EE4C598A5E6} = {FEFB48AC-2D7D-4F83-A464-C05E299E8D0C}
		{8FB94316-7CC5-49F5-976E-86AD1C1D555E} = {FEFB48AC-2D7D-4F83-A464-C05E299E8D0C}
		{4B35AEE0-3CE0-43C0-BE98-9014D202E9F1} = {FEFB48AC-2D7D-4F83-A464-C05E299E8D0C}
		{8E174CD9-0D16-44C1-9841-9343182ED034} = {8FB94316-7CC5-49F5-976E-86AD1C1D555E}
		{E904129D-ADF0-4BE9-AC79-87149241608E} = {3D8E6CE3-D099-479A-87D9-9AC093B3B003}
		{0A815A9A-ABCE-44AD-9986-44CE3B9BFD3D} = {B63CF11E-EA0C-4830-B2ED-2C68F8103F61}
		{D5AD16E6-D439-4FDF-935C-6B8440227C1D} = {B63CF11E-EA0C-4830-B2ED-2C68F8103F61}
		{3D8E6CE3-D099-479A-87D9-9AC093B3B003} = {B63CF11E-EA0C-4830-B2ED-2C68F8103F61}
		{E5B45771-3FEA-468E-8259-B0F82DD3BB63} = {B63CF11E-EA0C-4830-B2ED-2C68F8103F61}
		{9A7AE056-58B8-46FE-B85C-F1A98D67C699} = {B63CF11E-EA0C-4830-B2ED-2C68F8103F61}
		{BAFE340F-13B5-465B-B91D-17FEA7077B90} = {4B35AEE0-3CE0-43C0-BE98-9014D202E9F1}
		{270086E9-B488-40D0-A17A-4905992FE13B} = {C71FC3F0-7F17-45C8-B2D2-C1A86D6EC481}
		{59A56743-A50C-4448-B458-B0266FCB434D} = {FEFB48AC-2D7D-4F83-A464-C05E299E8D0C}
		{E49E045B-B5CC-48CA-A3EA-52B928123089} = {C71FC3F0-7F17-45C8-B2D2-C1A86D6EC481}
		{FA1C08F4-794B-4FF5-A266-6EDB15B42607} = {59A56743-A50C-4448-B458-B0266FCB434D}
		{1C99F7A3-1B92-411A-B588-CD5AD2C27743} = {FEFB48AC-2D7D-4F83-A464-C05E299E8D0C}
		{AE92FC38-7A4B-41BA-8AD1-7C6BC4FDB21A} = {C71FC3F0-7F17-45C8-B2D2-C1A86D6EC481}
		{084B7039-1D07-4E79-9BBA-4E202F1A6BDB} = {271DEDDC-2535-4C4A-ADB7-10362E7388A7}
		{271DEDDC-2535-4C4A-ADB7-10362E7388A7} = {FEFB48AC-2D7D-4F83-A464-C05E299E8D0C}
		{C1042303-1B41-4082-93F9-2AAD2E5A5660} = {FEFB48AC-2D7D-4F83-A464-C05E299E8D0C}
		{94CF3250-01FE-44E0-A537-A32831A19EB0} = {C71FC3F0-7F17-45C8-B2D2-C1A86D6EC481}
		{BF1BF4AE-500D-482F-8930-B325DC083DEC} = {C71FC3F0-7F17-45C8-B2D2-C1A86D6EC481}
		{1FBC4D68-AA71-43ED-BC74-C95433416B2F} = {B63CF11E-EA0C-4830-B2ED-2C68F8103F61}
		{3DDFA8BE-7497-4CED-A4FC-AEE2709C350D} = {FEFB48AC-2D7D-4F83-A464-C05E299E8D0C}
		{19662BBC-ED06-430E-BAA2-2A61FDBFB546} = {3F7980D6-C3B6-439C-8134-5EE4C598A5E6}
	EndGlobalSection
EndGlobal
