
Microsoft Visual Studio Solution File, Format Version 12.00
# Visual Studio Version 16
VisualStudioVersion = 16.0.29306.81
MinimumVisualStudioVersion = 10.0.40219.1
Project("{2150E333-8FDC-42A3-9474-1A3956D46DE8}") = "Solution Items", "Solution Items", "{BA374E8B-412E-43E6-B2F9-391FA59A68A1}"
	ProjectSection(SolutionItems) = preProject
		License.txt = License.txt
		README.md = README.md
		Tungsten.ico = Tungsten.ico
	EndProjectSection
EndProject
Project("{2150E333-8FDC-42A3-9474-1A3956D46DE8}") = "Projects", "Projects", "{DAA8A986-E16B-462B-AB37-2996D3F45626}"
EndProject
Project("{9A19103F-16F7-4668-BE54-9A1E7A4F7556}") = "Tungsten", "Projects\Tungsten\Tungsten.csproj", "{2E114D6B-132C-4A2B-8914-53C69DCAEC38}"
EndProject
Project("{D954291E-2A0B-460D-934E-DC6B0785DB48}") = "Tungsten NetStandard 1.0", "Source\Tungsten NetStandard 1.0\Tungsten NetStandard 1.0.shproj", "{E6267674-4327-4F27-AD7E-82AD7EFE5E9C}"
EndProject
Project("{2150E333-8FDC-42A3-9474-1A3956D46DE8}") = "Source", "Source", "{3A8EA241-C808-41F6-BE1F-4E358DEBA220}"
EndProject
Project("{D954291E-2A0B-460D-934E-DC6B0785DB48}") = "Tungsten NetStandard 1.3", "Source\Tungsten NetStandard 1.3\Tungsten NetStandard 1.3.shproj", "{B3C7D3CB-F708-469D-9D44-3C961725762D}"
EndProject
Project("{D954291E-2A0B-460D-934E-DC6B0785DB48}") = "Tungsten NetStandard 1.4", "Source\Tungsten NetStandard 1.4\Tungsten NetStandard 1.4.shproj", "{1DC9FD9F-5B88-43CC-B4C5-55E1BE1101E9}"
EndProject
Project("{D954291E-2A0B-460D-934E-DC6B0785DB48}") = "Tungsten NetStandard 2.0", "Source\Tungsten NetStandard 2.0\Tungsten NetStandard 2.0.shproj", "{69296229-1D1A-4D47-8905-5D7F73025BD8}"
EndProject
Project("{D954291E-2A0B-460D-934E-DC6B0785DB48}") = "Tungsten .Net 4.5", "Source\Tungsten .Net 4.5\Tungsten .Net 4.5.shproj", "{6F4B8895-B139-4484-95B7-3517F487E521}"
EndProject
Global
	GlobalSection(SharedMSBuildProjectFiles) = preSolution
		Source\Tungsten NetStandard 1.4\Tungsten NetStandard 1.4.projitems*{1dc9fd9f-5b88-43cc-b4c5-55e1be1101e9}*SharedItemsImports = 13
		Source\Tungsten NetStandard 2.0\Tungsten NetStandard 2.0.projitems*{69296229-1d1a-4d47-8905-5d7f73025bd8}*SharedItemsImports = 13
		Source\Tungsten .Net 4.5\Tungsten .Net 4.5.projitems*{6f4b8895-b139-4484-95b7-3517f487e521}*SharedItemsImports = 13
		Source\Tungsten NetStandard 1.3\Tungsten NetStandard 1.3.projitems*{b3c7d3cb-f708-469d-9d44-3c961725762d}*SharedItemsImports = 13
		Source\Tungsten NetStandard 1.0\Tungsten NetStandard 1.0.projitems*{e6267674-4327-4f27-ad7e-82ad7efe5e9c}*SharedItemsImports = 13
	EndGlobalSection
	GlobalSection(SolutionConfigurationPlatforms) = preSolution
		Debug|Any CPU = Debug|Any CPU
		Debug|ARM = Debug|ARM
		Debug|iPhone = Debug|iPhone
		Debug|iPhoneSimulator = Debug|iPhoneSimulator
		Debug|x64 = Debug|x64
		Debug|x86 = Debug|x86
		Release|Any CPU = Release|Any CPU
		Release|ARM = Release|ARM
		Release|iPhone = Release|iPhone
		Release|iPhoneSimulator = Release|iPhoneSimulator
		Release|x64 = Release|x64
		Release|x86 = Release|x86
	EndGlobalSection
	GlobalSection(ProjectConfigurationPlatforms) = postSolution
		{2E114D6B-132C-4A2B-8914-53C69DCAEC38}.Debug|Any CPU.ActiveCfg = Debug|Any CPU
		{2E114D6B-132C-4A2B-8914-53C69DCAEC38}.Debug|Any CPU.Build.0 = Debug|Any CPU
		{2E114D6B-132C-4A2B-8914-53C69DCAEC38}.Debug|ARM.ActiveCfg = Debug|Any CPU
		{2E114D6B-132C-4A2B-8914-53C69DCAEC38}.Debug|ARM.Build.0 = Debug|Any CPU
		{2E114D6B-132C-4A2B-8914-53C69DCAEC38}.Debug|iPhone.ActiveCfg = Debug|Any CPU
		{2E114D6B-132C-4A2B-8914-53C69DCAEC38}.Debug|iPhone.Build.0 = Debug|Any CPU
		{2E114D6B-132C-4A2B-8914-53C69DCAEC38}.Debug|iPhoneSimulator.ActiveCfg = Debug|Any CPU
		{2E114D6B-132C-4A2B-8914-53C69DCAEC38}.Debug|iPhoneSimulator.Build.0 = Debug|Any CPU
		{2E114D6B-132C-4A2B-8914-53C69DCAEC38}.Debug|x64.ActiveCfg = Debug|Any CPU
		{2E114D6B-132C-4A2B-8914-53C69DCAEC38}.Debug|x64.Build.0 = Debug|Any CPU
		{2E114D6B-132C-4A2B-8914-53C69DCAEC38}.Debug|x86.ActiveCfg = Debug|Any CPU
		{2E114D6B-132C-4A2B-8914-53C69DCAEC38}.Debug|x86.Build.0 = Debug|Any CPU
		{2E114D6B-132C-4A2B-8914-53C69DCAEC38}.Release|Any CPU.ActiveCfg = Release|Any CPU
		{2E114D6B-132C-4A2B-8914-53C69DCAEC38}.Release|Any CPU.Build.0 = Release|Any CPU
		{2E114D6B-132C-4A2B-8914-53C69DCAEC38}.Release|ARM.ActiveCfg = Release|Any CPU
		{2E114D6B-132C-4A2B-8914-53C69DCAEC38}.Release|ARM.Build.0 = Release|Any CPU
		{2E114D6B-132C-4A2B-8914-53C69DCAEC38}.Release|iPhone.ActiveCfg = Release|Any CPU
		{2E114D6B-132C-4A2B-8914-53C69DCAEC38}.Release|iPhone.Build.0 = Release|Any CPU
		{2E114D6B-132C-4A2B-8914-53C69DCAEC38}.Release|iPhoneSimulator.ActiveCfg = Release|Any CPU
		{2E114D6B-132C-4A2B-8914-53C69DCAEC38}.Release|iPhoneSimulator.Build.0 = Release|Any CPU
		{2E114D6B-132C-4A2B-8914-53C69DCAEC38}.Release|x64.ActiveCfg = Release|Any CPU
		{2E114D6B-132C-4A2B-8914-53C69DCAEC38}.Release|x64.Build.0 = Release|Any CPU
		{2E114D6B-132C-4A2B-8914-53C69DCAEC38}.Release|x86.ActiveCfg = Release|Any CPU
		{2E114D6B-132C-4A2B-8914-53C69DCAEC38}.Release|x86.Build.0 = Release|Any CPU
	EndGlobalSection
	GlobalSection(SolutionProperties) = preSolution
		HideSolutionNode = FALSE
	EndGlobalSection
	GlobalSection(NestedProjects) = preSolution
		{2E114D6B-132C-4A2B-8914-53C69DCAEC38} = {DAA8A986-E16B-462B-AB37-2996D3F45626}
		{E6267674-4327-4F27-AD7E-82AD7EFE5E9C} = {3A8EA241-C808-41F6-BE1F-4E358DEBA220}
		{B3C7D3CB-F708-469D-9D44-3C961725762D} = {3A8EA241-C808-41F6-BE1F-4E358DEBA220}
		{1DC9FD9F-5B88-43CC-B4C5-55E1BE1101E9} = {3A8EA241-C808-41F6-BE1F-4E358DEBA220}
		{69296229-1D1A-4D47-8905-5D7F73025BD8} = {3A8EA241-C808-41F6-BE1F-4E358DEBA220}
		{6F4B8895-B139-4484-95B7-3517F487E521} = {3A8EA241-C808-41F6-BE1F-4E358DEBA220}
	EndGlobalSection
	GlobalSection(ExtensibilityGlobals) = postSolution
		SolutionGuid = {6BA36790-23C3-49B0-896D-8712E2FEE3EF}
		BuildVersion_BuildVersioningStyle = None.None.None.Increment
		BuildVersion_UpdateAssemblyVersion = True
		BuildVersion_UpdateFileVersion = True
		BuildVersion_StartDate = 2000/1/1
		BuildVersion_ConfigurationName = Release
	EndGlobalSection
	GlobalSection(NDepend) = preSolution
		Project = ".\Tungsten1.ndproj"
	EndGlobalSection
EndGlobal
