
Microsoft Visual Studio Solution File, Format Version 12.00
# Visual Studio 15
VisualStudioVersion = 15.0.27130.2010
MinimumVisualStudioVersion = 10.0.40219.1
Project("{2150E333-8FDC-42A3-9474-1A3956D46DE8}") = "src", "src", "{52C40094-B723-414F-BC46-8B5FE57A6672}"
EndProject
Project("{2150E333-8FDC-42A3-9474-1A3956D46DE8}") = "W", "W", "{09430A5D-6D02-409D-9471-7554B116765C}"
EndProject
Project("{2150E333-8FDC-42A3-9474-1A3956D46DE8}") = "IO", "IO", "{A673F1BF-2E72-4289-A098-A937070CD114}"
EndProject
Project("{2150E333-8FDC-42A3-9474-1A3956D46DE8}") = "Pipes", "Pipes", "{7F3F71CF-1E57-482C-9228-27641F07C615}"
EndProject
Project("{2150E333-8FDC-42A3-9474-1A3956D46DE8}") = "W", "W", "{86F8C733-D310-401F-B388-11402AB7B90F}"
EndProject
Project("{2150E333-8FDC-42A3-9474-1A3956D46DE8}") = "IO", "IO", "{B90C82E9-DF2B-4AE6-84BF-91C09678B2FB}"
EndProject
Project("{2150E333-8FDC-42A3-9474-1A3956D46DE8}") = "Pipes", "Pipes", "{8AA2D33B-DF0A-43A8-9FF5-DB145EF97C1D}"
	ProjectSection(SolutionItems) = preProject
		src\W\IO\Pipes\Client_Program.cs = src\W\IO\Pipes\Client_Program.cs
		src\W\IO\Pipes\Host_Program.cs = src\W\IO\Pipes\Host_Program.cs
	EndProjectSection
EndProject
Project("{2150E333-8FDC-42A3-9474-1A3956D46DE8}") = "Clients", "Clients", "{B21D853E-BF9D-4BFE-B4DE-13D2DE98C461}"
EndProject
Project("{2150E333-8FDC-42A3-9474-1A3956D46DE8}") = "Hosts", "Hosts", "{326F1962-D54C-44B5-8E20-CF60B44614DD}"
EndProject
Project("{9A19103F-16F7-4668-BE54-9A1E7A4F7556}") = "NetCoreApp2_0_Client", "W\IO\Pipes\Clients\NetCoreApp\NetCoreApp2_0_Client.csproj", "{B3B6615C-959F-44BE-83EF-26FD94DE43DC}"
EndProject
Project("{FAE04EC0-301F-11D3-BF4B-00C04F79EFBC}") = "WinForms_Client", "W\IO\Pipes\Clients\WinForms\WinForms_Client.csproj", "{20A7F5FE-15A9-42B1-8BB8-8978581D83C3}"
EndProject
Project("{9A19103F-16F7-4668-BE54-9A1E7A4F7556}") = "NetCoreApp2_0_Host", "W\IO\Pipes\Hosts\NetCoreApp2_0\NetCoreApp2_0_Host.csproj", "{DDB50143-A57A-40D5-975F-3BAA5BA35EE9}"
EndProject
Project("{FAE04EC0-301F-11D3-BF4B-00C04F79EFBC}") = "WinForms_Host", "W\IO\Pipes\Hosts\WinForms\WinForms_Host.csproj", "{ADA178D1-305E-4E0D-947B-719253C1E102}"
EndProject
Project("{2150E333-8FDC-42A3-9474-1A3956D46DE8}") = "Net", "Net", "{7CC748F1-AF63-4691-B477-D8776D109E91}"
EndProject
Project("{2150E333-8FDC-42A3-9474-1A3956D46DE8}") = "Hosts", "Hosts", "{B0713964-54A8-4CEC-9532-546681A1AC93}"
EndProject
Project("{2150E333-8FDC-42A3-9474-1A3956D46DE8}") = "Clients", "Clients", "{901AD69D-F9F1-44EE-8F7D-2FE3A3EDF5C6}"
EndProject
Project("{FAE04EC0-301F-11D3-BF4B-00C04F79EFBC}") = "WinForms_Host", "W\Net\Hosts\WinForms_Host\WinForms_Host.csproj", "{5C8DB45D-CCD8-4660-BCB2-34122874B571}"
EndProject
Project("{FAE04EC0-301F-11D3-BF4B-00C04F79EFBC}") = "UWP_Net_Client", "W\Net\Clients\UWP_Net_Client\UWP_Net_Client.csproj", "{C7832F44-80C3-4E01-8B06-41CBA870679C}"
EndProject
Global
	GlobalSection(SolutionConfigurationPlatforms) = preSolution
		Ad-Hoc|Any CPU = Ad-Hoc|Any CPU
		Ad-Hoc|ARM = Ad-Hoc|ARM
		Ad-Hoc|iPhone = Ad-Hoc|iPhone
		Ad-Hoc|iPhoneSimulator = Ad-Hoc|iPhoneSimulator
		Ad-Hoc|x64 = Ad-Hoc|x64
		Ad-Hoc|x86 = Ad-Hoc|x86
		AppStore|Any CPU = AppStore|Any CPU
		AppStore|ARM = AppStore|ARM
		AppStore|iPhone = AppStore|iPhone
		AppStore|iPhoneSimulator = AppStore|iPhoneSimulator
		AppStore|x64 = AppStore|x64
		AppStore|x86 = AppStore|x86
		Debug|Any CPU = Debug|Any CPU
		Debug|ARM = Debug|ARM
		Debug|iPhone = Debug|iPhone
		Debug|iPhoneSimulator = Debug|iPhoneSimulator
		Debug|x64 = Debug|x64
		Debug|x86 = Debug|x86
		Release|Any CPU = Release|Any CPU
		Release|ARM = Release|ARM
		Release|iPhone = Release|iPhone
		Release|iPhoneSimulator = Release|iPhoneSimulator
		Release|x64 = Release|x64
		Release|x86 = Release|x86
	EndGlobalSection
	GlobalSection(ProjectConfigurationPlatforms) = postSolution
		{B3B6615C-959F-44BE-83EF-26FD94DE43DC}.Ad-Hoc|Any CPU.ActiveCfg = Release|Any CPU
		{B3B6615C-959F-44BE-83EF-26FD94DE43DC}.Ad-Hoc|Any CPU.Build.0 = Release|Any CPU
		{B3B6615C-959F-44BE-83EF-26FD94DE43DC}.Ad-Hoc|ARM.ActiveCfg = Release|Any CPU
		{B3B6615C-959F-44BE-83EF-26FD94DE43DC}.Ad-Hoc|ARM.Build.0 = Release|Any CPU
		{B3B6615C-959F-44BE-83EF-26FD94DE43DC}.Ad-Hoc|iPhone.ActiveCfg = Release|Any CPU
		{B3B6615C-959F-44BE-83EF-26FD94DE43DC}.Ad-Hoc|iPhone.Build.0 = Release|Any CPU
		{B3B6615C-959F-44BE-83EF-26FD94DE43DC}.Ad-Hoc|iPhoneSimulator.ActiveCfg = Release|Any CPU
		{B3B6615C-959F-44BE-83EF-26FD94DE43DC}.Ad-Hoc|iPhoneSimulator.Build.0 = Release|Any CPU
		{B3B6615C-959F-44BE-83EF-26FD94DE43DC}.Ad-Hoc|x64.ActiveCfg = Release|Any CPU
		{B3B6615C-959F-44BE-83EF-26FD94DE43DC}.Ad-Hoc|x64.Build.0 = Release|Any CPU
		{B3B6615C-959F-44BE-83EF-26FD94DE43DC}.Ad-Hoc|x86.ActiveCfg = Release|Any CPU
		{B3B6615C-959F-44BE-83EF-26FD94DE43DC}.Ad-Hoc|x86.Build.0 = Release|Any CPU
		{B3B6615C-959F-44BE-83EF-26FD94DE43DC}.AppStore|Any CPU.ActiveCfg = Release|Any CPU
		{B3B6615C-959F-44BE-83EF-26FD94DE43DC}.AppStore|Any CPU.Build.0 = Release|Any CPU
		{B3B6615C-959F-44BE-83EF-26FD94DE43DC}.AppStore|ARM.ActiveCfg = Release|Any CPU
		{B3B6615C-959F-44BE-83EF-26FD94DE43DC}.AppStore|ARM.Build.0 = Release|Any CPU
		{B3B6615C-959F-44BE-83EF-26FD94DE43DC}.AppStore|iPhone.ActiveCfg = Release|Any CPU
		{B3B6615C-959F-44BE-83EF-26FD94DE43DC}.AppStore|iPhone.Build.0 = Release|Any CPU
		{B3B6615C-959F-44BE-83EF-26FD94DE43DC}.AppStore|iPhoneSimulator.ActiveCfg = Release|Any CPU
		{B3B6615C-959F-44BE-83EF-26FD94DE43DC}.AppStore|iPhoneSimulator.Build.0 = Release|Any CPU
		{B3B6615C-959F-44BE-83EF-26FD94DE43DC}.AppStore|x64.ActiveCfg = Release|Any CPU
		{B3B6615C-959F-44BE-83EF-26FD94DE43DC}.AppStore|x64.Build.0 = Release|Any CPU
		{B3B6615C-959F-44BE-83EF-26FD94DE43DC}.AppStore|x86.ActiveCfg = Release|Any CPU
		{B3B6615C-959F-44BE-83EF-26FD94DE43DC}.AppStore|x86.Build.0 = Release|Any CPU
		{B3B6615C-959F-44BE-83EF-26FD94DE43DC}.Debug|Any CPU.ActiveCfg = Debug|Any CPU
		{B3B6615C-959F-44BE-83EF-26FD94DE43DC}.Debug|Any CPU.Build.0 = Debug|Any CPU
		{B3B6615C-959F-44BE-83EF-26FD94DE43DC}.Debug|ARM.ActiveCfg = Debug|Any CPU
		{B3B6615C-959F-44BE-83EF-26FD94DE43DC}.Debug|ARM.Build.0 = Debug|Any CPU
		{B3B6615C-959F-44BE-83EF-26FD94DE43DC}.Debug|iPhone.ActiveCfg = Debug|Any CPU
		{B3B6615C-959F-44BE-83EF-26FD94DE43DC}.Debug|iPhone.Build.0 = Debug|Any CPU
		{B3B6615C-959F-44BE-83EF-26FD94DE43DC}.Debug|iPhoneSimulator.ActiveCfg = Debug|Any CPU
		{B3B6615C-959F-44BE-83EF-26FD94DE43DC}.Debug|iPhoneSimulator.Build.0 = Debug|Any CPU
		{B3B6615C-959F-44BE-83EF-26FD94DE43DC}.Debug|x64.ActiveCfg = Debug|Any CPU
		{B3B6615C-959F-44BE-83EF-26FD94DE43DC}.Debug|x64.Build.0 = Debug|Any CPU
		{B3B6615C-959F-44BE-83EF-26FD94DE43DC}.Debug|x86.ActiveCfg = Debug|Any CPU
		{B3B6615C-959F-44BE-83EF-26FD94DE43DC}.Debug|x86.Build.0 = Debug|Any CPU
		{B3B6615C-959F-44BE-83EF-26FD94DE43DC}.Release|Any CPU.ActiveCfg = Release|Any CPU
		{B3B6615C-959F-44BE-83EF-26FD94DE43DC}.Release|Any CPU.Build.0 = Release|Any CPU
		{B3B6615C-959F-44BE-83EF-26FD94DE43DC}.Release|ARM.ActiveCfg = Release|Any CPU
		{B3B6615C-959F-44BE-83EF-26FD94DE43DC}.Release|ARM.Build.0 = Release|Any CPU
		{B3B6615C-959F-44BE-83EF-26FD94DE43DC}.Release|iPhone.ActiveCfg = Release|Any CPU
		{B3B6615C-959F-44BE-83EF-26FD94DE43DC}.Release|iPhone.Build.0 = Release|Any CPU
		{B3B6615C-959F-44BE-83EF-26FD94DE43DC}.Release|iPhoneSimulator.ActiveCfg = Release|Any CPU
		{B3B6615C-959F-44BE-83EF-26FD94DE43DC}.Release|iPhoneSimulator.Build.0 = Release|Any CPU
		{B3B6615C-959F-44BE-83EF-26FD94DE43DC}.Release|x64.ActiveCfg = Release|Any CPU
		{B3B6615C-959F-44BE-83EF-26FD94DE43DC}.Release|x64.Build.0 = Release|Any CPU
		{B3B6615C-959F-44BE-83EF-26FD94DE43DC}.Release|x86.ActiveCfg = Release|Any CPU
		{B3B6615C-959F-44BE-83EF-26FD94DE43DC}.Release|x86.Build.0 = Release|Any CPU
		{20A7F5FE-15A9-42B1-8BB8-8978581D83C3}.Ad-Hoc|Any CPU.ActiveCfg = Release|Any CPU
		{20A7F5FE-15A9-42B1-8BB8-8978581D83C3}.Ad-Hoc|Any CPU.Build.0 = Release|Any CPU
		{20A7F5FE-15A9-42B1-8BB8-8978581D83C3}.Ad-Hoc|ARM.ActiveCfg = Release|Any CPU
		{20A7F5FE-15A9-42B1-8BB8-8978581D83C3}.Ad-Hoc|ARM.Build.0 = Release|Any CPU
		{20A7F5FE-15A9-42B1-8BB8-8978581D83C3}.Ad-Hoc|iPhone.ActiveCfg = Release|Any CPU
		{20A7F5FE-15A9-42B1-8BB8-8978581D83C3}.Ad-Hoc|iPhone.Build.0 = Release|Any CPU
		{20A7F5FE-15A9-42B1-8BB8-8978581D83C3}.Ad-Hoc|iPhoneSimulator.ActiveCfg = Release|Any CPU
		{20A7F5FE-15A9-42B1-8BB8-8978581D83C3}.Ad-Hoc|iPhoneSimulator.Build.0 = Release|Any CPU
		{20A7F5FE-15A9-42B1-8BB8-8978581D83C3}.Ad-Hoc|x64.ActiveCfg = Release|Any CPU
		{20A7F5FE-15A9-42B1-8BB8-8978581D83C3}.Ad-Hoc|x64.Build.0 = Release|Any CPU
		{20A7F5FE-15A9-42B1-8BB8-8978581D83C3}.Ad-Hoc|x86.ActiveCfg = Release|Any CPU
		{20A7F5FE-15A9-42B1-8BB8-8978581D83C3}.Ad-Hoc|x86.Build.0 = Release|Any CPU
		{20A7F5FE-15A9-42B1-8BB8-8978581D83C3}.AppStore|Any CPU.ActiveCfg = Release|Any CPU
		{20A7F5FE-15A9-42B1-8BB8-8978581D83C3}.AppStore|Any CPU.Build.0 = Release|Any CPU
		{20A7F5FE-15A9-42B1-8BB8-8978581D83C3}.AppStore|ARM.ActiveCfg = Release|Any CPU
		{20A7F5FE-15A9-42B1-8BB8-8978581D83C3}.AppStore|ARM.Build.0 = Release|Any CPU
		{20A7F5FE-15A9-42B1-8BB8-8978581D83C3}.AppStore|iPhone.ActiveCfg = Release|Any CPU
		{20A7F5FE-15A9-42B1-8BB8-8978581D83C3}.AppStore|iPhone.Build.0 = Release|Any CPU
		{20A7F5FE-15A9-42B1-8BB8-8978581D83C3}.AppStore|iPhoneSimulator.ActiveCfg = Release|Any CPU
		{20A7F5FE-15A9-42B1-8BB8-8978581D83C3}.AppStore|iPhoneSimulator.Build.0 = Release|Any CPU
		{20A7F5FE-15A9-42B1-8BB8-8978581D83C3}.AppStore|x64.ActiveCfg = Release|Any CPU
		{20A7F5FE-15A9-42B1-8BB8-8978581D83C3}.AppStore|x64.Build.0 = Release|Any CPU
		{20A7F5FE-15A9-42B1-8BB8-8978581D83C3}.AppStore|x86.ActiveCfg = Release|Any CPU
		{20A7F5FE-15A9-42B1-8BB8-8978581D83C3}.AppStore|x86.Build.0 = Release|Any CPU
		{20A7F5FE-15A9-42B1-8BB8-8978581D83C3}.Debug|Any CPU.ActiveCfg = Debug|Any CPU
		{20A7F5FE-15A9-42B1-8BB8-8978581D83C3}.Debug|Any CPU.Build.0 = Debug|Any CPU
		{20A7F5FE-15A9-42B1-8BB8-8978581D83C3}.Debug|ARM.ActiveCfg = Debug|Any CPU
		{20A7F5FE-15A9-42B1-8BB8-8978581D83C3}.Debug|ARM.Build.0 = Debug|Any CPU
		{20A7F5FE-15A9-42B1-8BB8-8978581D83C3}.Debug|iPhone.ActiveCfg = Debug|Any CPU
		{20A7F5FE-15A9-42B1-8BB8-8978581D83C3}.Debug|iPhone.Build.0 = Debug|Any CPU
		{20A7F5FE-15A9-42B1-8BB8-8978581D83C3}.Debug|iPhoneSimulator.ActiveCfg = Debug|Any CPU
		{20A7F5FE-15A9-42B1-8BB8-8978581D83C3}.Debug|iPhoneSimulator.Build.0 = Debug|Any CPU
		{20A7F5FE-15A9-42B1-8BB8-8978581D83C3}.Debug|x64.ActiveCfg = Debug|Any CPU
		{20A7F5FE-15A9-42B1-8BB8-8978581D83C3}.Debug|x64.Build.0 = Debug|Any CPU
		{20A7F5FE-15A9-42B1-8BB8-8978581D83C3}.Debug|x86.ActiveCfg = Debug|Any CPU
		{20A7F5FE-15A9-42B1-8BB8-8978581D83C3}.Debug|x86.Build.0 = Debug|Any CPU
		{20A7F5FE-15A9-42B1-8BB8-8978581D83C3}.Release|Any CPU.ActiveCfg = Release|Any CPU
		{20A7F5FE-15A9-42B1-8BB8-8978581D83C3}.Release|Any CPU.Build.0 = Release|Any CPU
		{20A7F5FE-15A9-42B1-8BB8-8978581D83C3}.Release|ARM.ActiveCfg = Release|Any CPU
		{20A7F5FE-15A9-42B1-8BB8-8978581D83C3}.Release|ARM.Build.0 = Release|Any CPU
		{20A7F5FE-15A9-42B1-8BB8-8978581D83C3}.Release|iPhone.ActiveCfg = Release|Any CPU
		{20A7F5FE-15A9-42B1-8BB8-8978581D83C3}.Release|iPhone.Build.0 = Release|Any CPU
		{20A7F5FE-15A9-42B1-8BB8-8978581D83C3}.Release|iPhoneSimulator.ActiveCfg = Release|Any CPU
		{20A7F5FE-15A9-42B1-8BB8-8978581D83C3}.Release|iPhoneSimulator.Build.0 = Release|Any CPU
		{20A7F5FE-15A9-42B1-8BB8-8978581D83C3}.Release|x64.ActiveCfg = Release|Any CPU
		{20A7F5FE-15A9-42B1-8BB8-8978581D83C3}.Release|x64.Build.0 = Release|Any CPU
		{20A7F5FE-15A9-42B1-8BB8-8978581D83C3}.Release|x86.ActiveCfg = Release|Any CPU
		{20A7F5FE-15A9-42B1-8BB8-8978581D83C3}.Release|x86.Build.0 = Release|Any CPU
		{DDB50143-A57A-40D5-975F-3BAA5BA35EE9}.Ad-Hoc|Any CPU.ActiveCfg = Release|Any CPU
		{DDB50143-A57A-40D5-975F-3BAA5BA35EE9}.Ad-Hoc|Any CPU.Build.0 = Release|Any CPU
		{DDB50143-A57A-40D5-975F-3BAA5BA35EE9}.Ad-Hoc|ARM.ActiveCfg = Release|Any CPU
		{DDB50143-A57A-40D5-975F-3BAA5BA35EE9}.Ad-Hoc|ARM.Build.0 = Release|Any CPU
		{DDB50143-A57A-40D5-975F-3BAA5BA35EE9}.Ad-Hoc|iPhone.ActiveCfg = Release|Any CPU
		{DDB50143-A57A-40D5-975F-3BAA5BA35EE9}.Ad-Hoc|iPhone.Build.0 = Release|Any CPU
		{DDB50143-A57A-40D5-975F-3BAA5BA35EE9}.Ad-Hoc|iPhoneSimulator.ActiveCfg = Release|Any CPU
		{DDB50143-A57A-40D5-975F-3BAA5BA35EE9}.Ad-Hoc|iPhoneSimulator.Build.0 = Release|Any CPU
		{DDB50143-A57A-40D5-975F-3BAA5BA35EE9}.Ad-Hoc|x64.ActiveCfg = Release|Any CPU
		{DDB50143-A57A-40D5-975F-3BAA5BA35EE9}.Ad-Hoc|x64.Build.0 = Release|Any CPU
		{DDB50143-A57A-40D5-975F-3BAA5BA35EE9}.Ad-Hoc|x86.ActiveCfg = Release|Any CPU
		{DDB50143-A57A-40D5-975F-3BAA5BA35EE9}.Ad-Hoc|x86.Build.0 = Release|Any CPU
		{DDB50143-A57A-40D5-975F-3BAA5BA35EE9}.AppStore|Any CPU.ActiveCfg = Release|Any CPU
		{DDB50143-A57A-40D5-975F-3BAA5BA35EE9}.AppStore|Any CPU.Build.0 = Release|Any CPU
		{DDB50143-A57A-40D5-975F-3BAA5BA35EE9}.AppStore|ARM.ActiveCfg = Release|Any CPU
		{DDB50143-A57A-40D5-975F-3BAA5BA35EE9}.AppStore|ARM.Build.0 = Release|Any CPU
		{DDB50143-A57A-40D5-975F-3BAA5BA35EE9}.AppStore|iPhone.ActiveCfg = Release|Any CPU
		{DDB50143-A57A-40D5-975F-3BAA5BA35EE9}.AppStore|iPhone.Build.0 = Release|Any CPU
		{DDB50143-A57A-40D5-975F-3BAA5BA35EE9}.AppStore|iPhoneSimulator.ActiveCfg = Release|Any CPU
		{DDB50143-A57A-40D5-975F-3BAA5BA35EE9}.AppStore|iPhoneSimulator.Build.0 = Release|Any CPU
		{DDB50143-A57A-40D5-975F-3BAA5BA35EE9}.AppStore|x64.ActiveCfg = Release|Any CPU
		{DDB50143-A57A-40D5-975F-3BAA5BA35EE9}.AppStore|x64.Build.0 = Release|Any CPU
		{DDB50143-A57A-40D5-975F-3BAA5BA35EE9}.AppStore|x86.ActiveCfg = Release|Any CPU
		{DDB50143-A57A-40D5-975F-3BAA5BA35EE9}.AppStore|x86.Build.0 = Release|Any CPU
		{DDB50143-A57A-40D5-975F-3BAA5BA35EE9}.Debug|Any CPU.ActiveCfg = Debug|Any CPU
		{DDB50143-A57A-40D5-975F-3BAA5BA35EE9}.Debug|Any CPU.Build.0 = Debug|Any CPU
		{DDB50143-A57A-40D5-975F-3BAA5BA35EE9}.Debug|ARM.ActiveCfg = Debug|Any CPU
		{DDB50143-A57A-40D5-975F-3BAA5BA35EE9}.Debug|ARM.Build.0 = Debug|Any CPU
		{DDB50143-A57A-40D5-975F-3BAA5BA35EE9}.Debug|iPhone.ActiveCfg = Debug|Any CPU
		{DDB50143-A57A-40D5-975F-3BAA5BA35EE9}.Debug|iPhone.Build.0 = Debug|Any CPU
		{DDB50143-A57A-40D5-975F-3BAA5BA35EE9}.Debug|iPhoneSimulator.ActiveCfg = Debug|Any CPU
		{DDB50143-A57A-40D5-975F-3BAA5BA35EE9}.Debug|iPhoneSimulator.Build.0 = Debug|Any CPU
		{DDB50143-A57A-40D5-975F-3BAA5BA35EE9}.Debug|x64.ActiveCfg = Debug|Any CPU
		{DDB50143-A57A-40D5-975F-3BAA5BA35EE9}.Debug|x64.Build.0 = Debug|Any CPU
		{DDB50143-A57A-40D5-975F-3BAA5BA35EE9}.Debug|x86.ActiveCfg = Debug|Any CPU
		{DDB50143-A57A-40D5-975F-3BAA5BA35EE9}.Debug|x86.Build.0 = Debug|Any CPU
		{DDB50143-A57A-40D5-975F-3BAA5BA35EE9}.Release|Any CPU.ActiveCfg = Release|Any CPU
		{DDB50143-A57A-40D5-975F-3BAA5BA35EE9}.Release|Any CPU.Build.0 = Release|Any CPU
		{DDB50143-A57A-40D5-975F-3BAA5BA35EE9}.Release|ARM.ActiveCfg = Release|Any CPU
		{DDB50143-A57A-40D5-975F-3BAA5BA35EE9}.Release|ARM.Build.0 = Release|Any CPU
		{DDB50143-A57A-40D5-975F-3BAA5BA35EE9}.Release|iPhone.ActiveCfg = Release|Any CPU
		{DDB50143-A57A-40D5-975F-3BAA5BA35EE9}.Release|iPhone.Build.0 = Release|Any CPU
		{DDB50143-A57A-40D5-975F-3BAA5BA35EE9}.Release|iPhoneSimulator.ActiveCfg = Release|Any CPU
		{DDB50143-A57A-40D5-975F-3BAA5BA35EE9}.Release|iPhoneSimulator.Build.0 = Release|Any CPU
		{DDB50143-A57A-40D5-975F-3BAA5BA35EE9}.Release|x64.ActiveCfg = Release|Any CPU
		{DDB50143-A57A-40D5-975F-3BAA5BA35EE9}.Release|x64.Build.0 = Release|Any CPU
		{DDB50143-A57A-40D5-975F-3BAA5BA35EE9}.Release|x86.ActiveCfg = Release|Any CPU
		{DDB50143-A57A-40D5-975F-3BAA5BA35EE9}.Release|x86.Build.0 = Release|Any CPU
		{ADA178D1-305E-4E0D-947B-719253C1E102}.Ad-Hoc|Any CPU.ActiveCfg = Release|Any CPU
		{ADA178D1-305E-4E0D-947B-719253C1E102}.Ad-Hoc|Any CPU.Build.0 = Release|Any CPU
		{ADA178D1-305E-4E0D-947B-719253C1E102}.Ad-Hoc|ARM.ActiveCfg = Release|Any CPU
		{ADA178D1-305E-4E0D-947B-719253C1E102}.Ad-Hoc|ARM.Build.0 = Release|Any CPU
		{ADA178D1-305E-4E0D-947B-719253C1E102}.Ad-Hoc|iPhone.ActiveCfg = Release|Any CPU
		{ADA178D1-305E-4E0D-947B-719253C1E102}.Ad-Hoc|iPhone.Build.0 = Release|Any CPU
		{ADA178D1-305E-4E0D-947B-719253C1E102}.Ad-Hoc|iPhoneSimulator.ActiveCfg = Release|Any CPU
		{ADA178D1-305E-4E0D-947B-719253C1E102}.Ad-Hoc|iPhoneSimulator.Build.0 = Release|Any CPU
		{ADA178D1-305E-4E0D-947B-719253C1E102}.Ad-Hoc|x64.ActiveCfg = Release|Any CPU
		{ADA178D1-305E-4E0D-947B-719253C1E102}.Ad-Hoc|x64.Build.0 = Release|Any CPU
		{ADA178D1-305E-4E0D-947B-719253C1E102}.Ad-Hoc|x86.ActiveCfg = Release|Any CPU
		{ADA178D1-305E-4E0D-947B-719253C1E102}.Ad-Hoc|x86.Build.0 = Release|Any CPU
		{ADA178D1-305E-4E0D-947B-719253C1E102}.AppStore|Any CPU.ActiveCfg = Release|Any CPU
		{ADA178D1-305E-4E0D-947B-719253C1E102}.AppStore|Any CPU.Build.0 = Release|Any CPU
		{ADA178D1-305E-4E0D-947B-719253C1E102}.AppStore|ARM.ActiveCfg = Release|Any CPU
		{ADA178D1-305E-4E0D-947B-719253C1E102}.AppStore|ARM.Build.0 = Release|Any CPU
		{ADA178D1-305E-4E0D-947B-719253C1E102}.AppStore|iPhone.ActiveCfg = Release|Any CPU
		{ADA178D1-305E-4E0D-947B-719253C1E102}.AppStore|iPhone.Build.0 = Release|Any CPU
		{ADA178D1-305E-4E0D-947B-719253C1E102}.AppStore|iPhoneSimulator.ActiveCfg = Release|Any CPU
		{ADA178D1-305E-4E0D-947B-719253C1E102}.AppStore|iPhoneSimulator.Build.0 = Release|Any CPU
		{ADA178D1-305E-4E0D-947B-719253C1E102}.AppStore|x64.ActiveCfg = Release|Any CPU
		{ADA178D1-305E-4E0D-947B-719253C1E102}.AppStore|x64.Build.0 = Release|Any CPU
		{ADA178D1-305E-4E0D-947B-719253C1E102}.AppStore|x86.ActiveCfg = Release|Any CPU
		{ADA178D1-305E-4E0D-947B-719253C1E102}.AppStore|x86.Build.0 = Release|Any CPU
		{ADA178D1-305E-4E0D-947B-719253C1E102}.Debug|Any CPU.ActiveCfg = Debug|Any CPU
		{ADA178D1-305E-4E0D-947B-719253C1E102}.Debug|Any CPU.Build.0 = Debug|Any CPU
		{ADA178D1-305E-4E0D-947B-719253C1E102}.Debug|ARM.ActiveCfg = Debug|Any CPU
		{ADA178D1-305E-4E0D-947B-719253C1E102}.Debug|ARM.Build.0 = Debug|Any CPU
		{ADA178D1-305E-4E0D-947B-719253C1E102}.Debug|iPhone.ActiveCfg = Debug|Any CPU
		{ADA178D1-305E-4E0D-947B-719253C1E102}.Debug|iPhone.Build.0 = Debug|Any CPU
		{ADA178D1-305E-4E0D-947B-719253C1E102}.Debug|iPhoneSimulator.ActiveCfg = Debug|Any CPU
		{ADA178D1-305E-4E0D-947B-719253C1E102}.Debug|iPhoneSimulator.Build.0 = Debug|Any CPU
		{ADA178D1-305E-4E0D-947B-719253C1E102}.Debug|x64.ActiveCfg = Debug|Any CPU
		{ADA178D1-305E-4E0D-947B-719253C1E102}.Debug|x64.Build.0 = Debug|Any CPU
		{ADA178D1-305E-4E0D-947B-719253C1E102}.Debug|x86.ActiveCfg = Debug|Any CPU
		{ADA178D1-305E-4E0D-947B-719253C1E102}.Debug|x86.Build.0 = Debug|Any CPU
		{ADA178D1-305E-4E0D-947B-719253C1E102}.Release|Any CPU.ActiveCfg = Release|Any CPU
		{ADA178D1-305E-4E0D-947B-719253C1E102}.Release|Any CPU.Build.0 = Release|Any CPU
		{ADA178D1-305E-4E0D-947B-719253C1E102}.Release|ARM.ActiveCfg = Release|Any CPU
		{ADA178D1-305E-4E0D-947B-719253C1E102}.Release|ARM.Build.0 = Release|Any CPU
		{ADA178D1-305E-4E0D-947B-719253C1E102}.Release|iPhone.ActiveCfg = Release|Any CPU
		{ADA178D1-305E-4E0D-947B-719253C1E102}.Release|iPhone.Build.0 = Release|Any CPU
		{ADA178D1-305E-4E0D-947B-719253C1E102}.Release|iPhoneSimulator.ActiveCfg = Release|Any CPU
		{ADA178D1-305E-4E0D-947B-719253C1E102}.Release|iPhoneSimulator.Build.0 = Release|Any CPU
		{ADA178D1-305E-4E0D-947B-719253C1E102}.Release|x64.ActiveCfg = Release|Any CPU
		{ADA178D1-305E-4E0D-947B-719253C1E102}.Release|x64.Build.0 = Release|Any CPU
		{ADA178D1-305E-4E0D-947B-719253C1E102}.Release|x86.ActiveCfg = Release|Any CPU
		{ADA178D1-305E-4E0D-947B-719253C1E102}.Release|x86.Build.0 = Release|Any CPU
		{5C8DB45D-CCD8-4660-BCB2-34122874B571}.Ad-Hoc|Any CPU.ActiveCfg = Release|Any CPU
		{5C8DB45D-CCD8-4660-BCB2-34122874B571}.Ad-Hoc|Any CPU.Build.0 = Release|Any CPU
		{5C8DB45D-CCD8-4660-BCB2-34122874B571}.Ad-Hoc|ARM.ActiveCfg = Release|Any CPU
		{5C8DB45D-CCD8-4660-BCB2-34122874B571}.Ad-Hoc|ARM.Build.0 = Release|Any CPU
		{5C8DB45D-CCD8-4660-BCB2-34122874B571}.Ad-Hoc|iPhone.ActiveCfg = Release|Any CPU
		{5C8DB45D-CCD8-4660-BCB2-34122874B571}.Ad-Hoc|iPhone.Build.0 = Release|Any CPU
		{5C8DB45D-CCD8-4660-BCB2-34122874B571}.Ad-Hoc|iPhoneSimulator.ActiveCfg = Release|Any CPU
		{5C8DB45D-CCD8-4660-BCB2-34122874B571}.Ad-Hoc|iPhoneSimulator.Build.0 = Release|Any CPU
		{5C8DB45D-CCD8-4660-BCB2-34122874B571}.Ad-Hoc|x64.ActiveCfg = Release|Any CPU
		{5C8DB45D-CCD8-4660-BCB2-34122874B571}.Ad-Hoc|x64.Build.0 = Release|Any CPU
		{5C8DB45D-CCD8-4660-BCB2-34122874B571}.Ad-Hoc|x86.ActiveCfg = Release|Any CPU
		{5C8DB45D-CCD8-4660-BCB2-34122874B571}.Ad-Hoc|x86.Build.0 = Release|Any CPU
		{5C8DB45D-CCD8-4660-BCB2-34122874B571}.AppStore|Any CPU.ActiveCfg = Release|Any CPU
		{5C8DB45D-CCD8-4660-BCB2-34122874B571}.AppStore|Any CPU.Build.0 = Release|Any CPU
		{5C8DB45D-CCD8-4660-BCB2-34122874B571}.AppStore|ARM.ActiveCfg = Release|Any CPU
		{5C8DB45D-CCD8-4660-BCB2-34122874B571}.AppStore|ARM.Build.0 = Release|Any CPU
		{5C8DB45D-CCD8-4660-BCB2-34122874B571}.AppStore|iPhone.ActiveCfg = Release|Any CPU
		{5C8DB45D-CCD8-4660-BCB2-34122874B571}.AppStore|iPhone.Build.0 = Release|Any CPU
		{5C8DB45D-CCD8-4660-BCB2-34122874B571}.AppStore|iPhoneSimulator.ActiveCfg = Release|Any CPU
		{5C8DB45D-CCD8-4660-BCB2-34122874B571}.AppStore|iPhoneSimulator.Build.0 = Release|Any CPU
		{5C8DB45D-CCD8-4660-BCB2-34122874B571}.AppStore|x64.ActiveCfg = Release|Any CPU
		{5C8DB45D-CCD8-4660-BCB2-34122874B571}.AppStore|x64.Build.0 = Release|Any CPU
		{5C8DB45D-CCD8-4660-BCB2-34122874B571}.AppStore|x86.ActiveCfg = Release|Any CPU
		{5C8DB45D-CCD8-4660-BCB2-34122874B571}.AppStore|x86.Build.0 = Release|Any CPU
		{5C8DB45D-CCD8-4660-BCB2-34122874B571}.Debug|Any CPU.ActiveCfg = Debug|Any CPU
		{5C8DB45D-CCD8-4660-BCB2-34122874B571}.Debug|Any CPU.Build.0 = Debug|Any CPU
		{5C8DB45D-CCD8-4660-BCB2-34122874B571}.Debug|ARM.ActiveCfg = Debug|Any CPU
		{5C8DB45D-CCD8-4660-BCB2-34122874B571}.Debug|ARM.Build.0 = Debug|Any CPU
		{5C8DB45D-CCD8-4660-BCB2-34122874B571}.Debug|iPhone.ActiveCfg = Debug|Any CPU
		{5C8DB45D-CCD8-4660-BCB2-34122874B571}.Debug|iPhone.Build.0 = Debug|Any CPU
		{5C8DB45D-CCD8-4660-BCB2-34122874B571}.Debug|iPhoneSimulator.ActiveCfg = Debug|Any CPU
		{5C8DB45D-CCD8-4660-BCB2-34122874B571}.Debug|iPhoneSimulator.Build.0 = Debug|Any CPU
		{5C8DB45D-CCD8-4660-BCB2-34122874B571}.Debug|x64.ActiveCfg = Debug|Any CPU
		{5C8DB45D-CCD8-4660-BCB2-34122874B571}.Debug|x64.Build.0 = Debug|Any CPU
		{5C8DB45D-CCD8-4660-BCB2-34122874B571}.Debug|x86.ActiveCfg = Debug|Any CPU
		{5C8DB45D-CCD8-4660-BCB2-34122874B571}.Debug|x86.Build.0 = Debug|Any CPU
		{5C8DB45D-CCD8-4660-BCB2-34122874B571}.Release|Any CPU.ActiveCfg = Release|Any CPU
		{5C8DB45D-CCD8-4660-BCB2-34122874B571}.Release|Any CPU.Build.0 = Release|Any CPU
		{5C8DB45D-CCD8-4660-BCB2-34122874B571}.Release|ARM.ActiveCfg = Release|Any CPU
		{5C8DB45D-CCD8-4660-BCB2-34122874B571}.Release|ARM.Build.0 = Release|Any CPU
		{5C8DB45D-CCD8-4660-BCB2-34122874B571}.Release|iPhone.ActiveCfg = Release|Any CPU
		{5C8DB45D-CCD8-4660-BCB2-34122874B571}.Release|iPhone.Build.0 = Release|Any CPU
		{5C8DB45D-CCD8-4660-BCB2-34122874B571}.Release|iPhoneSimulator.ActiveCfg = Release|Any CPU
		{5C8DB45D-CCD8-4660-BCB2-34122874B571}.Release|iPhoneSimulator.Build.0 = Release|Any CPU
		{5C8DB45D-CCD8-4660-BCB2-34122874B571}.Release|x64.ActiveCfg = Release|Any CPU
		{5C8DB45D-CCD8-4660-BCB2-34122874B571}.Release|x64.Build.0 = Release|Any CPU
		{5C8DB45D-CCD8-4660-BCB2-34122874B571}.Release|x86.ActiveCfg = Release|Any CPU
		{5C8DB45D-CCD8-4660-BCB2-34122874B571}.Release|x86.Build.0 = Release|Any CPU
		{C7832F44-80C3-4E01-8B06-41CBA870679C}.Ad-Hoc|Any CPU.ActiveCfg = Release|x64
		{C7832F44-80C3-4E01-8B06-41CBA870679C}.Ad-Hoc|Any CPU.Build.0 = Release|x64
		{C7832F44-80C3-4E01-8B06-41CBA870679C}.Ad-Hoc|Any CPU.Deploy.0 = Release|x64
		{C7832F44-80C3-4E01-8B06-41CBA870679C}.Ad-Hoc|ARM.ActiveCfg = Release|ARM
		{C7832F44-80C3-4E01-8B06-41CBA870679C}.Ad-Hoc|ARM.Build.0 = Release|ARM
		{C7832F44-80C3-4E01-8B06-41CBA870679C}.Ad-Hoc|ARM.Deploy.0 = Release|ARM
		{C7832F44-80C3-4E01-8B06-41CBA870679C}.Ad-Hoc|iPhone.ActiveCfg = Release|x64
		{C7832F44-80C3-4E01-8B06-41CBA870679C}.Ad-Hoc|iPhone.Build.0 = Release|x64
		{C7832F44-80C3-4E01-8B06-41CBA870679C}.Ad-Hoc|iPhone.Deploy.0 = Release|x64
		{C7832F44-80C3-4E01-8B06-41CBA870679C}.Ad-Hoc|iPhoneSimulator.ActiveCfg = Release|x64
		{C7832F44-80C3-4E01-8B06-41CBA870679C}.Ad-Hoc|iPhoneSimulator.Build.0 = Release|x64
		{C7832F44-80C3-4E01-8B06-41CBA870679C}.Ad-Hoc|iPhoneSimulator.Deploy.0 = Release|x64
		{C7832F44-80C3-4E01-8B06-41CBA870679C}.Ad-Hoc|x64.ActiveCfg = Release|x64
		{C7832F44-80C3-4E01-8B06-41CBA870679C}.Ad-Hoc|x64.Build.0 = Release|x64
		{C7832F44-80C3-4E01-8B06-41CBA870679C}.Ad-Hoc|x64.Deploy.0 = Release|x64
		{C7832F44-80C3-4E01-8B06-41CBA870679C}.Ad-Hoc|x86.ActiveCfg = Release|x86
		{C7832F44-80C3-4E01-8B06-41CBA870679C}.Ad-Hoc|x86.Build.0 = Release|x86
		{C7832F44-80C3-4E01-8B06-41CBA870679C}.Ad-Hoc|x86.Deploy.0 = Release|x86
		{C7832F44-80C3-4E01-8B06-41CBA870679C}.AppStore|Any CPU.ActiveCfg = Release|x64
		{C7832F44-80C3-4E01-8B06-41CBA870679C}.AppStore|Any CPU.Build.0 = Release|x64
		{C7832F44-80C3-4E01-8B06-41CBA870679C}.AppStore|Any CPU.Deploy.0 = Release|x64
		{C7832F44-80C3-4E01-8B06-41CBA870679C}.AppStore|ARM.ActiveCfg = Release|ARM
		{C7832F44-80C3-4E01-8B06-41CBA870679C}.AppStore|ARM.Build.0 = Release|ARM
		{C7832F44-80C3-4E01-8B06-41CBA870679C}.AppStore|ARM.Deploy.0 = Release|ARM
		{C7832F44-80C3-4E01-8B06-41CBA870679C}.AppStore|iPhone.ActiveCfg = Release|x64
		{C7832F44-80C3-4E01-8B06-41CBA870679C}.AppStore|iPhone.Build.0 = Release|x64
		{C7832F44-80C3-4E01-8B06-41CBA870679C}.AppStore|iPhone.Deploy.0 = Release|x64
		{C7832F44-80C3-4E01-8B06-41CBA870679C}.AppStore|iPhoneSimulator.ActiveCfg = Release|x64
		{C7832F44-80C3-4E01-8B06-41CBA870679C}.AppStore|iPhoneSimulator.Build.0 = Release|x64
		{C7832F44-80C3-4E01-8B06-41CBA870679C}.AppStore|iPhoneSimulator.Deploy.0 = Release|x64
		{C7832F44-80C3-4E01-8B06-41CBA870679C}.AppStore|x64.ActiveCfg = Release|x64
		{C7832F44-80C3-4E01-8B06-41CBA870679C}.AppStore|x64.Build.0 = Release|x64
		{C7832F44-80C3-4E01-8B06-41CBA870679C}.AppStore|x64.Deploy.0 = Release|x64
		{C7832F44-80C3-4E01-8B06-41CBA870679C}.AppStore|x86.ActiveCfg = Release|x86
		{C7832F44-80C3-4E01-8B06-41CBA870679C}.AppStore|x86.Build.0 = Release|x86
		{C7832F44-80C3-4E01-8B06-41CBA870679C}.AppStore|x86.Deploy.0 = Release|x86
		{C7832F44-80C3-4E01-8B06-41CBA870679C}.Debug|Any CPU.ActiveCfg = Debug|x86
		{C7832F44-80C3-4E01-8B06-41CBA870679C}.Debug|ARM.ActiveCfg = Debug|ARM
		{C7832F44-80C3-4E01-8B06-41CBA870679C}.Debug|ARM.Build.0 = Debug|ARM
		{C7832F44-80C3-4E01-8B06-41CBA870679C}.Debug|ARM.Deploy.0 = Debug|ARM
		{C7832F44-80C3-4E01-8B06-41CBA870679C}.Debug|iPhone.ActiveCfg = Debug|x86
		{C7832F44-80C3-4E01-8B06-41CBA870679C}.Debug|iPhoneSimulator.ActiveCfg = Debug|x86
		{C7832F44-80C3-4E01-8B06-41CBA870679C}.Debug|x64.ActiveCfg = Debug|x64
		{C7832F44-80C3-4E01-8B06-41CBA870679C}.Debug|x64.Build.0 = Debug|x64
		{C7832F44-80C3-4E01-8B06-41CBA870679C}.Debug|x64.Deploy.0 = Debug|x64
		{C7832F44-80C3-4E01-8B06-41CBA870679C}.Debug|x86.ActiveCfg = Debug|x86
		{C7832F44-80C3-4E01-8B06-41CBA870679C}.Debug|x86.Build.0 = Debug|x86
		{C7832F44-80C3-4E01-8B06-41CBA870679C}.Debug|x86.Deploy.0 = Debug|x86
		{C7832F44-80C3-4E01-8B06-41CBA870679C}.Release|Any CPU.ActiveCfg = Release|x86
		{C7832F44-80C3-4E01-8B06-41CBA870679C}.Release|ARM.ActiveCfg = Release|ARM
		{C7832F44-80C3-4E01-8B06-41CBA870679C}.Release|ARM.Build.0 = Release|ARM
		{C7832F44-80C3-4E01-8B06-41CBA870679C}.Release|ARM.Deploy.0 = Release|ARM
		{C7832F44-80C3-4E01-8B06-41CBA870679C}.Release|iPhone.ActiveCfg = Release|x86
		{C7832F44-80C3-4E01-8B06-41CBA870679C}.Release|iPhoneSimulator.ActiveCfg = Release|x86
		{C7832F44-80C3-4E01-8B06-41CBA870679C}.Release|x64.ActiveCfg = Release|x64
		{C7832F44-80C3-4E01-8B06-41CBA870679C}.Release|x64.Build.0 = Release|x64
		{C7832F44-80C3-4E01-8B06-41CBA870679C}.Release|x64.Deploy.0 = Release|x64
		{C7832F44-80C3-4E01-8B06-41CBA870679C}.Release|x86.ActiveCfg = Release|x86
		{C7832F44-80C3-4E01-8B06-41CBA870679C}.Release|x86.Build.0 = Release|x86
		{C7832F44-80C3-4E01-8B06-41CBA870679C}.Release|x86.Deploy.0 = Release|x86
	EndGlobalSection
	GlobalSection(SolutionProperties) = preSolution
		HideSolutionNode = FALSE
	EndGlobalSection
	GlobalSection(NestedProjects) = preSolution
		{A673F1BF-2E72-4289-A098-A937070CD114} = {09430A5D-6D02-409D-9471-7554B116765C}
		{7F3F71CF-1E57-482C-9228-27641F07C615} = {A673F1BF-2E72-4289-A098-A937070CD114}
		{86F8C733-D310-401F-B388-11402AB7B90F} = {52C40094-B723-414F-BC46-8B5FE57A6672}
		{B90C82E9-DF2B-4AE6-84BF-91C09678B2FB} = {86F8C733-D310-401F-B388-11402AB7B90F}
		{8AA2D33B-DF0A-43A8-9FF5-DB145EF97C1D} = {B90C82E9-DF2B-4AE6-84BF-91C09678B2FB}
		{B21D853E-BF9D-4BFE-B4DE-13D2DE98C461} = {7F3F71CF-1E57-482C-9228-27641F07C615}
		{326F1962-D54C-44B5-8E20-CF60B44614DD} = {7F3F71CF-1E57-482C-9228-27641F07C615}
		{B3B6615C-959F-44BE-83EF-26FD94DE43DC} = {B21D853E-BF9D-4BFE-B4DE-13D2DE98C461}
		{20A7F5FE-15A9-42B1-8BB8-8978581D83C3} = {B21D853E-BF9D-4BFE-B4DE-13D2DE98C461}
		{DDB50143-A57A-40D5-975F-3BAA5BA35EE9} = {326F1962-D54C-44B5-8E20-CF60B44614DD}
		{ADA178D1-305E-4E0D-947B-719253C1E102} = {326F1962-D54C-44B5-8E20-CF60B44614DD}
		{7CC748F1-AF63-4691-B477-D8776D109E91} = {09430A5D-6D02-409D-9471-7554B116765C}
		{B0713964-54A8-4CEC-9532-546681A1AC93} = {7CC748F1-AF63-4691-B477-D8776D109E91}
		{901AD69D-F9F1-44EE-8F7D-2FE3A3EDF5C6} = {7CC748F1-AF63-4691-B477-D8776D109E91}
		{5C8DB45D-CCD8-4660-BCB2-34122874B571} = {B0713964-54A8-4CEC-9532-546681A1AC93}
		{C7832F44-80C3-4E01-8B06-41CBA870679C} = {901AD69D-F9F1-44EE-8F7D-2FE3A3EDF5C6}
	EndGlobalSection
	GlobalSection(ExtensibilityGlobals) = postSolution
		SolutionGuid = {10F49575-084D-4F59-9E64-32FC05418406}
	EndGlobalSection
EndGlobal
