
Microsoft Visual Studio Solution File, Format Version 12.00
# Visual Studio 14
VisualStudioVersion = 14.0.25420.1
MinimumVisualStudioVersion = 10.0.40219.1
Project("{FAE04EC0-301F-11D3-BF4B-00C04F79EFBC}") = "Tungsten", "Tungsten.csproj", "{46040E3B-AE52-42F9-9C1B-8566FC6765C5}"
EndProject
Project("{FAE04EC0-301F-11D3-BF4B-00C04F79EFBC}") = "Tungsten.Tests", "..\Tungsten.Tests\Tungsten.Tests.csproj", "{32A9956C-74D6-46BC-B07D-C524F21AD07E}"
EndProject
Project("{FF286327-C783-4F7A-AB73-9BCBAD0D4460}") = "Tungsten.NuGet", "..\Tungsten.NuGet\Tungsten.NuGet.nuproj", "{7A8E4CA2-65D8-4E50-A092-B1952B4ABA74}"
EndProject
Project("{FAE04EC0-301F-11D3-BF4B-00C04F79EFBC}") = "Tungsten.Universal", "..\Tungsten.Universal\Tungsten.Universal.csproj", "{6280C716-960A-4588-8123-D96B30271C22}"
EndProject
Project("{FF286327-C783-4F7A-AB73-9BCBAD0D4460}") = "Tungsten.Universal.NuGet", "..\Tungsten.Universal.NuGet\Tungsten.Universal.NuGet.nuproj", "{F6C99677-BAA6-45BB-92C2-991BF3805657}"
EndProject
Project("{FAE04EC0-301F-11D3-BF4B-00C04F79EFBC}") = "Tungsten.Portable", "..\Tungsten.Portable\Tungsten.Portable.csproj", "{B64BEC39-7279-46C3-85BA-703751D441CD}"
EndProject
Project("{2150E333-8FDC-42A3-9474-1A3956D46DE8}") = "_Test Projects", "_Test Projects", "{6E66335A-C00D-4B75-8D90-E1FDC012306F}"
EndProject
Project("{2150E333-8FDC-42A3-9474-1A3956D46DE8}") = "_NuGet Packages", "_NuGet Packages", "{988CA5CE-9447-46D5-B92D-B849262BD926}"
EndProject
Project("{FF286327-C783-4F7A-AB73-9BCBAD0D4460}") = "Tungsten.Portable.NuGet", "..\Tungsten.Portable.NuGet\Tungsten.Portable.NuGet.nuproj", "{0597A57F-4F7D-48E1-81A5-6E1EABA40FB2}"
EndProject
Project("{FAE04EC0-301F-11D3-BF4B-00C04F79EFBC}") = "Tungsten.RPC", "..\Tungsten.RPC\Tungsten.RPC.csproj", "{94DDF259-9ABB-41EE-8CCD-1CDDF596B503}"
EndProject
Project("{FAE04EC0-301F-11D3-BF4B-00C04F79EFBC}") = "Tungsten.RPC.ServerDemo", "..\Tungsten.RPC.ServerDemo\Tungsten.RPC.ServerDemo.csproj", "{DBEB2ACC-8614-42AA-AF40-CB94467AFA3B}"
EndProject
Project("{2150E333-8FDC-42A3-9474-1A3956D46DE8}") = "Demos", "Demos", "{B63CF11E-EA0C-4830-B2ED-2C68F8103F61}"
EndProject
Project("{FAE04EC0-301F-11D3-BF4B-00C04F79EFBC}") = "Tungsten.RPC.ClientDemo", "..\Tungsten.RPC.ClientDemo\Tungsten.RPC.ClientDemo.csproj", "{55C04DAA-02F3-48AD-B0CF-E97CC97A4C52}"
EndProject
Project("{FF286327-C783-4F7A-AB73-9BCBAD0D4460}") = "Tungsten.RPC.NuGet", "..\Tungsten.RPC.NuGet\Tungsten.RPC.NuGet.nuproj", "{D8A1AC84-20A5-4AFB-A8D7-455121416D6D}"
	ProjectSection(ProjectDependencies) = postProject
		{3FE96D19-FDA8-4948-A0FE-F200748CC729} = {3FE96D19-FDA8-4948-A0FE-F200748CC729}
	EndProjectSection
EndProject
Project("{7CF6DF6D-3B04-46F8-A40B-537D21BCA0B4}") = "Tungsten.Documentation", "..\Tungsten.Documentation\Tungsten.Documentation.shfbproj", "{9D6918C7-3CB7-4006-A0D8-6542ABFF51E2}"
	ProjectSection(ProjectDependencies) = postProject
		{46040E3B-AE52-42F9-9C1B-8566FC6765C5} = {46040E3B-AE52-42F9-9C1B-8566FC6765C5}
		{94DDF259-9ABB-41EE-8CCD-1CDDF596B503} = {94DDF259-9ABB-41EE-8CCD-1CDDF596B503}
	EndProjectSection
EndProject
Project("{2150E333-8FDC-42A3-9474-1A3956D46DE8}") = "Externals", "Externals", "{CC168447-9F45-4075-AC8F-5F3D04C7545A}"
	ProjectSection(SolutionItems) = preProject
		..\Externals\BuildMarkdown.bat = ..\Externals\BuildMarkdown.bat
		..\Externals\sandcastle-md.exe = ..\Externals\sandcastle-md.exe
	EndProjectSection
EndProject
Project("{FAE04EC0-301F-11D3-BF4B-00C04F79EFBC}") = "Tungsten.Demo.WPF", "..\Tungsten.Demo.WPF\Tungsten.Demo.WPF.csproj", "{31CF2E0E-C0F1-4BA2-9A63-980711AC6401}"
EndProject
Project("{FAE04EC0-301F-11D3-BF4B-00C04F79EFBC}") = "Tungsten.Demo.Winforms", "..\Tungsten.Demo.Winforms\Tungsten.Demo.Winforms.csproj", "{9C270FC0-1E2F-4B27-AAEC-4E51C9C8397F}"
EndProject
Project("{FAE04EC0-301F-11D3-BF4B-00C04F79EFBC}") = "Tungsten.LiteDb", "..\Tungsten.LiteDb\Tungsten.LiteDb.csproj", "{F2426BAC-7157-423D-AAC2-3CAEB52D877B}"
EndProject
Project("{FAE04EC0-301F-11D3-BF4B-00C04F79EFBC}") = "Tungsten.RPC.Host.Demo", "..\Tungsten.RPC.Host.Demo\Tungsten.RPC.Host.Demo.csproj", "{F13A8019-24AF-451D-BBC4-0AFD951F084D}"
	ProjectSection(ProjectDependencies) = postProject
		{94DDF259-9ABB-41EE-8CCD-1CDDF596B503} = {94DDF259-9ABB-41EE-8CCD-1CDDF596B503}
		{CF05AE75-5488-43BD-A09C-3408E2A5E3C4} = {CF05AE75-5488-43BD-A09C-3408E2A5E3C4}
		{8C0389BC-C0A2-4E84-B9DC-B54E1D75CC5B} = {8C0389BC-C0A2-4E84-B9DC-B54E1D75CC5B}
	EndProjectSection
EndProject
Project("{FAE04EC0-301F-11D3-BF4B-00C04F79EFBC}") = "Tungsten.Domains", "..\Tungsten.Domains\Tungsten.Domains.csproj", "{6BE16433-6FEF-4266-84FF-8AE1C6B5B14A}"
EndProject
Project("{FAE04EC0-301F-11D3-BF4B-00C04F79EFBC}") = "Tungsten.Domains.Demo", "..\Tungsten.Domains.Demo\Tungsten.Domains.Demo.csproj", "{116C5BD0-5EE1-46BC-AAE5-10CEE0861E65}"
EndProject
Project("{FAE04EC0-301F-11D3-BF4B-00C04F79EFBC}") = "Tungsten.Domains.Plugin.Demo", "..\Tungsten.Domains.Plugin.Demo\Tungsten.Domains.Plugin.Demo.csproj", "{CF05AE75-5488-43BD-A09C-3408E2A5E3C4}"
EndProject
Project("{FAE04EC0-301F-11D3-BF4B-00C04F79EFBC}") = "Tungsten.Domains.Plugin.Interface.Demo", "..\Tungsten.Domains.Plugin.Interface.Demo\Tungsten.Domains.Plugin.Interface.Demo.csproj", "{8C0389BC-C0A2-4E84-B9DC-B54E1D75CC5B}"
EndProject
Project("{FAE04EC0-301F-11D3-BF4B-00C04F79EFBC}") = "Tungsten.RPC.Interfaces", "..\Tungsten.RPC.Interfaces\Tungsten.RPC.Interfaces.csproj", "{3FE96D19-FDA8-4948-A0FE-F200748CC729}"
EndProject
Project("{FAE04EC0-301F-11D3-BF4B-00C04F79EFBC}") = "Tungsten.RPC.API.Demo", "..\Tungsten.RPC.API.Demo\Tungsten.RPC.API.Demo.csproj", "{5E23A1D5-43D6-440F-96FD-44741C60A2FB}"
EndProject
Project("{FAE04EC0-301F-11D3-BF4B-00C04F79EFBC}") = "Tungsten.SampleAPI", "..\Tungsten.SampleAPI\Tungsten.SampleAPI.csproj", "{18FCBB7C-0636-45C6-AD35-E3B956F94107}"
EndProject
Project("{FAE04EC0-301F-11D3-BF4B-00C04F79EFBC}") = "Tungsten.SampleAPI.Interface", "..\Tungsten.SampleAPI.Interface\Tungsten.SampleAPI.Interface.csproj", "{843290D3-7E15-49C2-8BE5-FD54318AA1CD}"
EndProject
Project("{FF286327-C783-4F7A-AB73-9BCBAD0D4460}") = "Tungsten.Domains.NuGet", "..\Tungsten.Domains.NuGet\Tungsten.Domains.NuGet.nuproj", "{A5042405-F8F6-4804-89B6-525E6DCFC76D}"
EndProject
Project("{8BB2217D-0F2D-49D1-97BC-3654ED321F3B}") = "Tungsten.Core", "..\Tungsten.Core\Tungsten.Core.xproj", "{F1C0E33A-66FA-4AA3-AFC7-D1CBA3FD8D37}"
EndProject
Project("{FF286327-C783-4F7A-AB73-9BCBAD0D4460}") = "Tungsten.Core.NuGet", "..\Tungsten.Core.NuGet\Tungsten.Core.NuGet.nuproj", "{8E1F9A5A-E123-408C-9EF9-3DC6A366FA72}"
EndProject
Project("{8BB2217D-0F2D-49D1-97BC-3654ED321F3B}") = "Tungsten.Net.Core", "..\Tungsten.Net.Core\Tungsten.Net.Core.xproj", "{36F0D9BA-0FEB-483A-8928-C39DA0A452A3}"
EndProject
Project("{FF286327-C783-4F7A-AB73-9BCBAD0D4460}") = "Tungsten.Net.Core.NuGet", "..\Tungsten.Net.Core.NuGet\Tungsten.Net.Core.NuGet.nuproj", "{F0E275F1-4B21-4163-B618-BDC5BC60E3CF}"
EndProject
Project("{8BB2217D-0F2D-49D1-97BC-3654ED321F3B}") = "Tungsten.Net.Core.Server_Demo", "..\Tungsten.Net.Core.Server_Demo\Tungsten.Net.Core.Server_Demo.xproj", "{47089B65-5987-48E1-B97C-6C6B191938B9}"
EndProject
Project("{8BB2217D-0F2D-49D1-97BC-3654ED321F3B}") = "Tungsten.Net.Core.Client_Demo", "..\Tungsten.Net.Core.Client_Demo\Tungsten.Net.Core.Client_Demo.xproj", "{4451B0F1-7FD4-4D5A-9E0F-5467AC811539}"
EndProject
Global
	GlobalSection(SolutionConfigurationPlatforms) = preSolution
		Debug|Any CPU = Debug|Any CPU
		Debug|ARM = Debug|ARM
		Debug|iPhone = Debug|iPhone
		Debug|iPhoneSimulator = Debug|iPhoneSimulator
		Debug|x64 = Debug|x64
		Debug|x86 = Debug|x86
		Release|Any CPU = Release|Any CPU
		Release|ARM = Release|ARM
		Release|iPhone = Release|iPhone
		Release|iPhoneSimulator = Release|iPhoneSimulator
		Release|x64 = Release|x64
		Release|x86 = Release|x86
	EndGlobalSection
	GlobalSection(ProjectConfigurationPlatforms) = postSolution
		{46040E3B-AE52-42F9-9C1B-8566FC6765C5}.Debug|Any CPU.ActiveCfg = Debug|Any CPU
		{46040E3B-AE52-42F9-9C1B-8566FC6765C5}.Debug|Any CPU.Build.0 = Debug|Any CPU
		{46040E3B-AE52-42F9-9C1B-8566FC6765C5}.Debug|ARM.ActiveCfg = Debug|Any CPU
		{46040E3B-AE52-42F9-9C1B-8566FC6765C5}.Debug|ARM.Build.0 = Debug|Any CPU
		{46040E3B-AE52-42F9-9C1B-8566FC6765C5}.Debug|iPhone.ActiveCfg = Debug|Any CPU
		{46040E3B-AE52-42F9-9C1B-8566FC6765C5}.Debug|iPhone.Build.0 = Debug|Any CPU
		{46040E3B-AE52-42F9-9C1B-8566FC6765C5}.Debug|iPhoneSimulator.ActiveCfg = Debug|Any CPU
		{46040E3B-AE52-42F9-9C1B-8566FC6765C5}.Debug|iPhoneSimulator.Build.0 = Debug|Any CPU
		{46040E3B-AE52-42F9-9C1B-8566FC6765C5}.Debug|x64.ActiveCfg = Debug|Any CPU
		{46040E3B-AE52-42F9-9C1B-8566FC6765C5}.Debug|x64.Build.0 = Debug|Any CPU
		{46040E3B-AE52-42F9-9C1B-8566FC6765C5}.Debug|x86.ActiveCfg = Debug|Any CPU
		{46040E3B-AE52-42F9-9C1B-8566FC6765C5}.Debug|x86.Build.0 = Debug|Any CPU
		{46040E3B-AE52-42F9-9C1B-8566FC6765C5}.Release|Any CPU.ActiveCfg = Release|Any CPU
		{46040E3B-AE52-42F9-9C1B-8566FC6765C5}.Release|Any CPU.Build.0 = Release|Any CPU
		{46040E3B-AE52-42F9-9C1B-8566FC6765C5}.Release|ARM.ActiveCfg = Release|Any CPU
		{46040E3B-AE52-42F9-9C1B-8566FC6765C5}.Release|ARM.Build.0 = Release|Any CPU
		{46040E3B-AE52-42F9-9C1B-8566FC6765C5}.Release|iPhone.ActiveCfg = Release|Any CPU
		{46040E3B-AE52-42F9-9C1B-8566FC6765C5}.Release|iPhone.Build.0 = Release|Any CPU
		{46040E3B-AE52-42F9-9C1B-8566FC6765C5}.Release|iPhoneSimulator.ActiveCfg = Release|Any CPU
		{46040E3B-AE52-42F9-9C1B-8566FC6765C5}.Release|iPhoneSimulator.Build.0 = Release|Any CPU
		{46040E3B-AE52-42F9-9C1B-8566FC6765C5}.Release|x64.ActiveCfg = Release|Any CPU
		{46040E3B-AE52-42F9-9C1B-8566FC6765C5}.Release|x64.Build.0 = Release|Any CPU
		{46040E3B-AE52-42F9-9C1B-8566FC6765C5}.Release|x86.ActiveCfg = Release|Any CPU
		{46040E3B-AE52-42F9-9C1B-8566FC6765C5}.Release|x86.Build.0 = Release|Any CPU
		{32A9956C-74D6-46BC-B07D-C524F21AD07E}.Debug|Any CPU.ActiveCfg = Debug|Any CPU
		{32A9956C-74D6-46BC-B07D-C524F21AD07E}.Debug|Any CPU.Build.0 = Debug|Any CPU
		{32A9956C-74D6-46BC-B07D-C524F21AD07E}.Debug|ARM.ActiveCfg = Debug|Any CPU
		{32A9956C-74D6-46BC-B07D-C524F21AD07E}.Debug|ARM.Build.0 = Debug|Any CPU
		{32A9956C-74D6-46BC-B07D-C524F21AD07E}.Debug|iPhone.ActiveCfg = Debug|Any CPU
		{32A9956C-74D6-46BC-B07D-C524F21AD07E}.Debug|iPhone.Build.0 = Debug|Any CPU
		{32A9956C-74D6-46BC-B07D-C524F21AD07E}.Debug|iPhoneSimulator.ActiveCfg = Debug|Any CPU
		{32A9956C-74D6-46BC-B07D-C524F21AD07E}.Debug|iPhoneSimulator.Build.0 = Debug|Any CPU
		{32A9956C-74D6-46BC-B07D-C524F21AD07E}.Debug|x64.ActiveCfg = Debug|Any CPU
		{32A9956C-74D6-46BC-B07D-C524F21AD07E}.Debug|x64.Build.0 = Debug|Any CPU
		{32A9956C-74D6-46BC-B07D-C524F21AD07E}.Debug|x86.ActiveCfg = Debug|Any CPU
		{32A9956C-74D6-46BC-B07D-C524F21AD07E}.Debug|x86.Build.0 = Debug|Any CPU
		{32A9956C-74D6-46BC-B07D-C524F21AD07E}.Release|Any CPU.ActiveCfg = Release|Any CPU
		{32A9956C-74D6-46BC-B07D-C524F21AD07E}.Release|Any CPU.Build.0 = Release|Any CPU
		{32A9956C-74D6-46BC-B07D-C524F21AD07E}.Release|ARM.ActiveCfg = Release|Any CPU
		{32A9956C-74D6-46BC-B07D-C524F21AD07E}.Release|ARM.Build.0 = Release|Any CPU
		{32A9956C-74D6-46BC-B07D-C524F21AD07E}.Release|iPhone.ActiveCfg = Release|Any CPU
		{32A9956C-74D6-46BC-B07D-C524F21AD07E}.Release|iPhone.Build.0 = Release|Any CPU
		{32A9956C-74D6-46BC-B07D-C524F21AD07E}.Release|iPhoneSimulator.ActiveCfg = Release|Any CPU
		{32A9956C-74D6-46BC-B07D-C524F21AD07E}.Release|iPhoneSimulator.Build.0 = Release|Any CPU
		{32A9956C-74D6-46BC-B07D-C524F21AD07E}.Release|x64.ActiveCfg = Release|Any CPU
		{32A9956C-74D6-46BC-B07D-C524F21AD07E}.Release|x64.Build.0 = Release|Any CPU
		{32A9956C-74D6-46BC-B07D-C524F21AD07E}.Release|x86.ActiveCfg = Release|Any CPU
		{32A9956C-74D6-46BC-B07D-C524F21AD07E}.Release|x86.Build.0 = Release|Any CPU
		{7A8E4CA2-65D8-4E50-A092-B1952B4ABA74}.Debug|Any CPU.ActiveCfg = Debug|Any CPU
		{7A8E4CA2-65D8-4E50-A092-B1952B4ABA74}.Debug|Any CPU.Build.0 = Debug|Any CPU
		{7A8E4CA2-65D8-4E50-A092-B1952B4ABA74}.Debug|ARM.ActiveCfg = Debug|Any CPU
		{7A8E4CA2-65D8-4E50-A092-B1952B4ABA74}.Debug|ARM.Build.0 = Debug|Any CPU
		{7A8E4CA2-65D8-4E50-A092-B1952B4ABA74}.Debug|iPhone.ActiveCfg = Debug|Any CPU
		{7A8E4CA2-65D8-4E50-A092-B1952B4ABA74}.Debug|iPhone.Build.0 = Debug|Any CPU
		{7A8E4CA2-65D8-4E50-A092-B1952B4ABA74}.Debug|iPhoneSimulator.ActiveCfg = Debug|Any CPU
		{7A8E4CA2-65D8-4E50-A092-B1952B4ABA74}.Debug|iPhoneSimulator.Build.0 = Debug|Any CPU
		{7A8E4CA2-65D8-4E50-A092-B1952B4ABA74}.Debug|x64.ActiveCfg = Debug|Any CPU
		{7A8E4CA2-65D8-4E50-A092-B1952B4ABA74}.Debug|x64.Build.0 = Debug|Any CPU
		{7A8E4CA2-65D8-4E50-A092-B1952B4ABA74}.Debug|x86.ActiveCfg = Debug|Any CPU
		{7A8E4CA2-65D8-4E50-A092-B1952B4ABA74}.Debug|x86.Build.0 = Debug|Any CPU
		{7A8E4CA2-65D8-4E50-A092-B1952B4ABA74}.Release|Any CPU.ActiveCfg = Release|Any CPU
		{7A8E4CA2-65D8-4E50-A092-B1952B4ABA74}.Release|Any CPU.Build.0 = Release|Any CPU
		{7A8E4CA2-65D8-4E50-A092-B1952B4ABA74}.Release|ARM.ActiveCfg = Release|Any CPU
		{7A8E4CA2-65D8-4E50-A092-B1952B4ABA74}.Release|ARM.Build.0 = Release|Any CPU
		{7A8E4CA2-65D8-4E50-A092-B1952B4ABA74}.Release|iPhone.ActiveCfg = Release|Any CPU
		{7A8E4CA2-65D8-4E50-A092-B1952B4ABA74}.Release|iPhone.Build.0 = Release|Any CPU
		{7A8E4CA2-65D8-4E50-A092-B1952B4ABA74}.Release|iPhoneSimulator.ActiveCfg = Release|Any CPU
		{7A8E4CA2-65D8-4E50-A092-B1952B4ABA74}.Release|iPhoneSimulator.Build.0 = Release|Any CPU
		{7A8E4CA2-65D8-4E50-A092-B1952B4ABA74}.Release|x64.ActiveCfg = Release|Any CPU
		{7A8E4CA2-65D8-4E50-A092-B1952B4ABA74}.Release|x64.Build.0 = Release|Any CPU
		{7A8E4CA2-65D8-4E50-A092-B1952B4ABA74}.Release|x86.ActiveCfg = Release|Any CPU
		{7A8E4CA2-65D8-4E50-A092-B1952B4ABA74}.Release|x86.Build.0 = Release|Any CPU
		{6280C716-960A-4588-8123-D96B30271C22}.Debug|Any CPU.ActiveCfg = Debug|Any CPU
		{6280C716-960A-4588-8123-D96B30271C22}.Debug|Any CPU.Build.0 = Debug|Any CPU
		{6280C716-960A-4588-8123-D96B30271C22}.Debug|ARM.ActiveCfg = Debug|ARM
		{6280C716-960A-4588-8123-D96B30271C22}.Debug|ARM.Build.0 = Debug|ARM
		{6280C716-960A-4588-8123-D96B30271C22}.Debug|iPhone.ActiveCfg = Debug|Any CPU
		{6280C716-960A-4588-8123-D96B30271C22}.Debug|iPhone.Build.0 = Debug|Any CPU
		{6280C716-960A-4588-8123-D96B30271C22}.Debug|iPhoneSimulator.ActiveCfg = Debug|Any CPU
		{6280C716-960A-4588-8123-D96B30271C22}.Debug|iPhoneSimulator.Build.0 = Debug|Any CPU
		{6280C716-960A-4588-8123-D96B30271C22}.Debug|x64.ActiveCfg = Debug|x64
		{6280C716-960A-4588-8123-D96B30271C22}.Debug|x64.Build.0 = Debug|x64
		{6280C716-960A-4588-8123-D96B30271C22}.Debug|x86.ActiveCfg = Debug|x86
		{6280C716-960A-4588-8123-D96B30271C22}.Debug|x86.Build.0 = Debug|x86
		{6280C716-960A-4588-8123-D96B30271C22}.Release|Any CPU.ActiveCfg = Release|Any CPU
		{6280C716-960A-4588-8123-D96B30271C22}.Release|Any CPU.Build.0 = Release|Any CPU
		{6280C716-960A-4588-8123-D96B30271C22}.Release|ARM.ActiveCfg = Release|ARM
		{6280C716-960A-4588-8123-D96B30271C22}.Release|ARM.Build.0 = Release|ARM
		{6280C716-960A-4588-8123-D96B30271C22}.Release|iPhone.ActiveCfg = Release|Any CPU
		{6280C716-960A-4588-8123-D96B30271C22}.Release|iPhone.Build.0 = Release|Any CPU
		{6280C716-960A-4588-8123-D96B30271C22}.Release|iPhoneSimulator.ActiveCfg = Release|Any CPU
		{6280C716-960A-4588-8123-D96B30271C22}.Release|iPhoneSimulator.Build.0 = Release|Any CPU
		{6280C716-960A-4588-8123-D96B30271C22}.Release|x64.ActiveCfg = Release|x64
		{6280C716-960A-4588-8123-D96B30271C22}.Release|x64.Build.0 = Release|x64
		{6280C716-960A-4588-8123-D96B30271C22}.Release|x86.ActiveCfg = Release|x86
		{6280C716-960A-4588-8123-D96B30271C22}.Release|x86.Build.0 = Release|x86
		{F6C99677-BAA6-45BB-92C2-991BF3805657}.Debug|Any CPU.ActiveCfg = Debug|Any CPU
		{F6C99677-BAA6-45BB-92C2-991BF3805657}.Debug|Any CPU.Build.0 = Debug|Any CPU
		{F6C99677-BAA6-45BB-92C2-991BF3805657}.Debug|ARM.ActiveCfg = Debug|Any CPU
		{F6C99677-BAA6-45BB-92C2-991BF3805657}.Debug|ARM.Build.0 = Debug|Any CPU
		{F6C99677-BAA6-45BB-92C2-991BF3805657}.Debug|iPhone.ActiveCfg = Debug|Any CPU
		{F6C99677-BAA6-45BB-92C2-991BF3805657}.Debug|iPhone.Build.0 = Debug|Any CPU
		{F6C99677-BAA6-45BB-92C2-991BF3805657}.Debug|iPhoneSimulator.ActiveCfg = Debug|Any CPU
		{F6C99677-BAA6-45BB-92C2-991BF3805657}.Debug|iPhoneSimulator.Build.0 = Debug|Any CPU
		{F6C99677-BAA6-45BB-92C2-991BF3805657}.Debug|x64.ActiveCfg = Debug|Any CPU
		{F6C99677-BAA6-45BB-92C2-991BF3805657}.Debug|x64.Build.0 = Debug|Any CPU
		{F6C99677-BAA6-45BB-92C2-991BF3805657}.Debug|x86.ActiveCfg = Debug|Any CPU
		{F6C99677-BAA6-45BB-92C2-991BF3805657}.Debug|x86.Build.0 = Debug|Any CPU
		{F6C99677-BAA6-45BB-92C2-991BF3805657}.Release|Any CPU.ActiveCfg = Release|Any CPU
		{F6C99677-BAA6-45BB-92C2-991BF3805657}.Release|Any CPU.Build.0 = Release|Any CPU
		{F6C99677-BAA6-45BB-92C2-991BF3805657}.Release|ARM.ActiveCfg = Release|Any CPU
		{F6C99677-BAA6-45BB-92C2-991BF3805657}.Release|ARM.Build.0 = Release|Any CPU
		{F6C99677-BAA6-45BB-92C2-991BF3805657}.Release|iPhone.ActiveCfg = Release|Any CPU
		{F6C99677-BAA6-45BB-92C2-991BF3805657}.Release|iPhone.Build.0 = Release|Any CPU
		{F6C99677-BAA6-45BB-92C2-991BF3805657}.Release|iPhoneSimulator.ActiveCfg = Release|Any CPU
		{F6C99677-BAA6-45BB-92C2-991BF3805657}.Release|iPhoneSimulator.Build.0 = Release|Any CPU
		{F6C99677-BAA6-45BB-92C2-991BF3805657}.Release|x64.ActiveCfg = Release|Any CPU
		{F6C99677-BAA6-45BB-92C2-991BF3805657}.Release|x64.Build.0 = Release|Any CPU
		{F6C99677-BAA6-45BB-92C2-991BF3805657}.Release|x86.ActiveCfg = Release|Any CPU
		{F6C99677-BAA6-45BB-92C2-991BF3805657}.Release|x86.Build.0 = Release|Any CPU
		{B64BEC39-7279-46C3-85BA-703751D441CD}.Debug|Any CPU.ActiveCfg = Debug|Any CPU
		{B64BEC39-7279-46C3-85BA-703751D441CD}.Debug|Any CPU.Build.0 = Debug|Any CPU
		{B64BEC39-7279-46C3-85BA-703751D441CD}.Debug|ARM.ActiveCfg = Debug|Any CPU
		{B64BEC39-7279-46C3-85BA-703751D441CD}.Debug|ARM.Build.0 = Debug|Any CPU
		{B64BEC39-7279-46C3-85BA-703751D441CD}.Debug|iPhone.ActiveCfg = Debug|Any CPU
		{B64BEC39-7279-46C3-85BA-703751D441CD}.Debug|iPhone.Build.0 = Debug|Any CPU
		{B64BEC39-7279-46C3-85BA-703751D441CD}.Debug|iPhoneSimulator.ActiveCfg = Debug|Any CPU
		{B64BEC39-7279-46C3-85BA-703751D441CD}.Debug|iPhoneSimulator.Build.0 = Debug|Any CPU
		{B64BEC39-7279-46C3-85BA-703751D441CD}.Debug|x64.ActiveCfg = Debug|Any CPU
		{B64BEC39-7279-46C3-85BA-703751D441CD}.Debug|x64.Build.0 = Debug|Any CPU
		{B64BEC39-7279-46C3-85BA-703751D441CD}.Debug|x86.ActiveCfg = Debug|Any CPU
		{B64BEC39-7279-46C3-85BA-703751D441CD}.Debug|x86.Build.0 = Debug|Any CPU
		{B64BEC39-7279-46C3-85BA-703751D441CD}.Release|Any CPU.ActiveCfg = Release|Any CPU
		{B64BEC39-7279-46C3-85BA-703751D441CD}.Release|Any CPU.Build.0 = Release|Any CPU
		{B64BEC39-7279-46C3-85BA-703751D441CD}.Release|ARM.ActiveCfg = Release|Any CPU
		{B64BEC39-7279-46C3-85BA-703751D441CD}.Release|ARM.Build.0 = Release|Any CPU
		{B64BEC39-7279-46C3-85BA-703751D441CD}.Release|iPhone.ActiveCfg = Release|Any CPU
		{B64BEC39-7279-46C3-85BA-703751D441CD}.Release|iPhone.Build.0 = Release|Any CPU
		{B64BEC39-7279-46C3-85BA-703751D441CD}.Release|iPhoneSimulator.ActiveCfg = Release|Any CPU
		{B64BEC39-7279-46C3-85BA-703751D441CD}.Release|iPhoneSimulator.Build.0 = Release|Any CPU
		{B64BEC39-7279-46C3-85BA-703751D441CD}.Release|x64.ActiveCfg = Release|Any CPU
		{B64BEC39-7279-46C3-85BA-703751D441CD}.Release|x64.Build.0 = Release|Any CPU
		{B64BEC39-7279-46C3-85BA-703751D441CD}.Release|x86.ActiveCfg = Release|Any CPU
		{B64BEC39-7279-46C3-85BA-703751D441CD}.Release|x86.Build.0 = Release|Any CPU
		{0597A57F-4F7D-48E1-81A5-6E1EABA40FB2}.Debug|Any CPU.ActiveCfg = Debug|Any CPU
		{0597A57F-4F7D-48E1-81A5-6E1EABA40FB2}.Debug|Any CPU.Build.0 = Debug|Any CPU
		{0597A57F-4F7D-48E1-81A5-6E1EABA40FB2}.Debug|ARM.ActiveCfg = Debug|Any CPU
		{0597A57F-4F7D-48E1-81A5-6E1EABA40FB2}.Debug|ARM.Build.0 = Debug|Any CPU
		{0597A57F-4F7D-48E1-81A5-6E1EABA40FB2}.Debug|iPhone.ActiveCfg = Debug|Any CPU
		{0597A57F-4F7D-48E1-81A5-6E1EABA40FB2}.Debug|iPhone.Build.0 = Debug|Any CPU
		{0597A57F-4F7D-48E1-81A5-6E1EABA40FB2}.Debug|iPhoneSimulator.ActiveCfg = Debug|Any CPU
		{0597A57F-4F7D-48E1-81A5-6E1EABA40FB2}.Debug|iPhoneSimulator.Build.0 = Debug|Any CPU
		{0597A57F-4F7D-48E1-81A5-6E1EABA40FB2}.Debug|x64.ActiveCfg = Debug|Any CPU
		{0597A57F-4F7D-48E1-81A5-6E1EABA40FB2}.Debug|x64.Build.0 = Debug|Any CPU
		{0597A57F-4F7D-48E1-81A5-6E1EABA40FB2}.Debug|x86.ActiveCfg = Debug|Any CPU
		{0597A57F-4F7D-48E1-81A5-6E1EABA40FB2}.Debug|x86.Build.0 = Debug|Any CPU
		{0597A57F-4F7D-48E1-81A5-6E1EABA40FB2}.Release|Any CPU.ActiveCfg = Release|Any CPU
		{0597A57F-4F7D-48E1-81A5-6E1EABA40FB2}.Release|Any CPU.Build.0 = Release|Any CPU
		{0597A57F-4F7D-48E1-81A5-6E1EABA40FB2}.Release|ARM.ActiveCfg = Release|Any CPU
		{0597A57F-4F7D-48E1-81A5-6E1EABA40FB2}.Release|ARM.Build.0 = Release|Any CPU
		{0597A57F-4F7D-48E1-81A5-6E1EABA40FB2}.Release|iPhone.ActiveCfg = Release|Any CPU
		{0597A57F-4F7D-48E1-81A5-6E1EABA40FB2}.Release|iPhone.Build.0 = Release|Any CPU
		{0597A57F-4F7D-48E1-81A5-6E1EABA40FB2}.Release|iPhoneSimulator.ActiveCfg = Release|Any CPU
		{0597A57F-4F7D-48E1-81A5-6E1EABA40FB2}.Release|iPhoneSimulator.Build.0 = Release|Any CPU
		{0597A57F-4F7D-48E1-81A5-6E1EABA40FB2}.Release|x64.ActiveCfg = Release|Any CPU
		{0597A57F-4F7D-48E1-81A5-6E1EABA40FB2}.Release|x64.Build.0 = Release|Any CPU
		{0597A57F-4F7D-48E1-81A5-6E1EABA40FB2}.Release|x86.ActiveCfg = Release|Any CPU
		{0597A57F-4F7D-48E1-81A5-6E1EABA40FB2}.Release|x86.Build.0 = Release|Any CPU
		{94DDF259-9ABB-41EE-8CCD-1CDDF596B503}.Debug|Any CPU.ActiveCfg = Debug|Any CPU
		{94DDF259-9ABB-41EE-8CCD-1CDDF596B503}.Debug|Any CPU.Build.0 = Debug|Any CPU
		{94DDF259-9ABB-41EE-8CCD-1CDDF596B503}.Debug|ARM.ActiveCfg = Debug|Any CPU
		{94DDF259-9ABB-41EE-8CCD-1CDDF596B503}.Debug|ARM.Build.0 = Debug|Any CPU
		{94DDF259-9ABB-41EE-8CCD-1CDDF596B503}.Debug|iPhone.ActiveCfg = Debug|Any CPU
		{94DDF259-9ABB-41EE-8CCD-1CDDF596B503}.Debug|iPhone.Build.0 = Debug|Any CPU
		{94DDF259-9ABB-41EE-8CCD-1CDDF596B503}.Debug|iPhoneSimulator.ActiveCfg = Debug|Any CPU
		{94DDF259-9ABB-41EE-8CCD-1CDDF596B503}.Debug|iPhoneSimulator.Build.0 = Debug|Any CPU
		{94DDF259-9ABB-41EE-8CCD-1CDDF596B503}.Debug|x64.ActiveCfg = Debug|Any CPU
		{94DDF259-9ABB-41EE-8CCD-1CDDF596B503}.Debug|x64.Build.0 = Debug|Any CPU
		{94DDF259-9ABB-41EE-8CCD-1CDDF596B503}.Debug|x86.ActiveCfg = Debug|Any CPU
		{94DDF259-9ABB-41EE-8CCD-1CDDF596B503}.Debug|x86.Build.0 = Debug|Any CPU
		{94DDF259-9ABB-41EE-8CCD-1CDDF596B503}.Release|Any CPU.ActiveCfg = Release|Any CPU
		{94DDF259-9ABB-41EE-8CCD-1CDDF596B503}.Release|Any CPU.Build.0 = Release|Any CPU
		{94DDF259-9ABB-41EE-8CCD-1CDDF596B503}.Release|ARM.ActiveCfg = Release|Any CPU
		{94DDF259-9ABB-41EE-8CCD-1CDDF596B503}.Release|ARM.Build.0 = Release|Any CPU
		{94DDF259-9ABB-41EE-8CCD-1CDDF596B503}.Release|iPhone.ActiveCfg = Release|Any CPU
		{94DDF259-9ABB-41EE-8CCD-1CDDF596B503}.Release|iPhone.Build.0 = Release|Any CPU
		{94DDF259-9ABB-41EE-8CCD-1CDDF596B503}.Release|iPhoneSimulator.ActiveCfg = Release|Any CPU
		{94DDF259-9ABB-41EE-8CCD-1CDDF596B503}.Release|iPhoneSimulator.Build.0 = Release|Any CPU
		{94DDF259-9ABB-41EE-8CCD-1CDDF596B503}.Release|x64.ActiveCfg = Release|Any CPU
		{94DDF259-9ABB-41EE-8CCD-1CDDF596B503}.Release|x64.Build.0 = Release|Any CPU
		{94DDF259-9ABB-41EE-8CCD-1CDDF596B503}.Release|x86.ActiveCfg = Release|Any CPU
		{94DDF259-9ABB-41EE-8CCD-1CDDF596B503}.Release|x86.Build.0 = Release|Any CPU
		{DBEB2ACC-8614-42AA-AF40-CB94467AFA3B}.Debug|Any CPU.ActiveCfg = Debug|Any CPU
		{DBEB2ACC-8614-42AA-AF40-CB94467AFA3B}.Debug|Any CPU.Build.0 = Debug|Any CPU
		{DBEB2ACC-8614-42AA-AF40-CB94467AFA3B}.Debug|ARM.ActiveCfg = Debug|Any CPU
		{DBEB2ACC-8614-42AA-AF40-CB94467AFA3B}.Debug|ARM.Build.0 = Debug|Any CPU
		{DBEB2ACC-8614-42AA-AF40-CB94467AFA3B}.Debug|iPhone.ActiveCfg = Debug|Any CPU
		{DBEB2ACC-8614-42AA-AF40-CB94467AFA3B}.Debug|iPhone.Build.0 = Debug|Any CPU
		{DBEB2ACC-8614-42AA-AF40-CB94467AFA3B}.Debug|iPhoneSimulator.ActiveCfg = Debug|Any CPU
		{DBEB2ACC-8614-42AA-AF40-CB94467AFA3B}.Debug|iPhoneSimulator.Build.0 = Debug|Any CPU
		{DBEB2ACC-8614-42AA-AF40-CB94467AFA3B}.Debug|x64.ActiveCfg = Debug|Any CPU
		{DBEB2ACC-8614-42AA-AF40-CB94467AFA3B}.Debug|x64.Build.0 = Debug|Any CPU
		{DBEB2ACC-8614-42AA-AF40-CB94467AFA3B}.Debug|x86.ActiveCfg = Debug|Any CPU
		{DBEB2ACC-8614-42AA-AF40-CB94467AFA3B}.Debug|x86.Build.0 = Debug|Any CPU
		{DBEB2ACC-8614-42AA-AF40-CB94467AFA3B}.Release|Any CPU.ActiveCfg = Release|Any CPU
		{DBEB2ACC-8614-42AA-AF40-CB94467AFA3B}.Release|Any CPU.Build.0 = Release|Any CPU
		{DBEB2ACC-8614-42AA-AF40-CB94467AFA3B}.Release|ARM.ActiveCfg = Release|Any CPU
		{DBEB2ACC-8614-42AA-AF40-CB94467AFA3B}.Release|ARM.Build.0 = Release|Any CPU
		{DBEB2ACC-8614-42AA-AF40-CB94467AFA3B}.Release|iPhone.ActiveCfg = Release|Any CPU
		{DBEB2ACC-8614-42AA-AF40-CB94467AFA3B}.Release|iPhone.Build.0 = Release|Any CPU
		{DBEB2ACC-8614-42AA-AF40-CB94467AFA3B}.Release|iPhoneSimulator.ActiveCfg = Release|Any CPU
		{DBEB2ACC-8614-42AA-AF40-CB94467AFA3B}.Release|iPhoneSimulator.Build.0 = Release|Any CPU
		{DBEB2ACC-8614-42AA-AF40-CB94467AFA3B}.Release|x64.ActiveCfg = Release|Any CPU
		{DBEB2ACC-8614-42AA-AF40-CB94467AFA3B}.Release|x64.Build.0 = Release|Any CPU
		{DBEB2ACC-8614-42AA-AF40-CB94467AFA3B}.Release|x86.ActiveCfg = Release|Any CPU
		{DBEB2ACC-8614-42AA-AF40-CB94467AFA3B}.Release|x86.Build.0 = Release|Any CPU
		{55C04DAA-02F3-48AD-B0CF-E97CC97A4C52}.Debug|Any CPU.ActiveCfg = Debug|Any CPU
		{55C04DAA-02F3-48AD-B0CF-E97CC97A4C52}.Debug|Any CPU.Build.0 = Debug|Any CPU
		{55C04DAA-02F3-48AD-B0CF-E97CC97A4C52}.Debug|ARM.ActiveCfg = Debug|Any CPU
		{55C04DAA-02F3-48AD-B0CF-E97CC97A4C52}.Debug|ARM.Build.0 = Debug|Any CPU
		{55C04DAA-02F3-48AD-B0CF-E97CC97A4C52}.Debug|iPhone.ActiveCfg = Debug|Any CPU
		{55C04DAA-02F3-48AD-B0CF-E97CC97A4C52}.Debug|iPhone.Build.0 = Debug|Any CPU
		{55C04DAA-02F3-48AD-B0CF-E97CC97A4C52}.Debug|iPhoneSimulator.ActiveCfg = Debug|Any CPU
		{55C04DAA-02F3-48AD-B0CF-E97CC97A4C52}.Debug|iPhoneSimulator.Build.0 = Debug|Any CPU
		{55C04DAA-02F3-48AD-B0CF-E97CC97A4C52}.Debug|x64.ActiveCfg = Debug|Any CPU
		{55C04DAA-02F3-48AD-B0CF-E97CC97A4C52}.Debug|x64.Build.0 = Debug|Any CPU
		{55C04DAA-02F3-48AD-B0CF-E97CC97A4C52}.Debug|x86.ActiveCfg = Debug|Any CPU
		{55C04DAA-02F3-48AD-B0CF-E97CC97A4C52}.Debug|x86.Build.0 = Debug|Any CPU
		{55C04DAA-02F3-48AD-B0CF-E97CC97A4C52}.Release|Any CPU.ActiveCfg = Release|Any CPU
		{55C04DAA-02F3-48AD-B0CF-E97CC97A4C52}.Release|Any CPU.Build.0 = Release|Any CPU
		{55C04DAA-02F3-48AD-B0CF-E97CC97A4C52}.Release|ARM.ActiveCfg = Release|Any CPU
		{55C04DAA-02F3-48AD-B0CF-E97CC97A4C52}.Release|ARM.Build.0 = Release|Any CPU
		{55C04DAA-02F3-48AD-B0CF-E97CC97A4C52}.Release|iPhone.ActiveCfg = Release|Any CPU
		{55C04DAA-02F3-48AD-B0CF-E97CC97A4C52}.Release|iPhone.Build.0 = Release|Any CPU
		{55C04DAA-02F3-48AD-B0CF-E97CC97A4C52}.Release|iPhoneSimulator.ActiveCfg = Release|Any CPU
		{55C04DAA-02F3-48AD-B0CF-E97CC97A4C52}.Release|iPhoneSimulator.Build.0 = Release|Any CPU
		{55C04DAA-02F3-48AD-B0CF-E97CC97A4C52}.Release|x64.ActiveCfg = Release|Any CPU
		{55C04DAA-02F3-48AD-B0CF-E97CC97A4C52}.Release|x64.Build.0 = Release|Any CPU
		{55C04DAA-02F3-48AD-B0CF-E97CC97A4C52}.Release|x86.ActiveCfg = Release|Any CPU
		{55C04DAA-02F3-48AD-B0CF-E97CC97A4C52}.Release|x86.Build.0 = Release|Any CPU
		{D8A1AC84-20A5-4AFB-A8D7-455121416D6D}.Debug|Any CPU.ActiveCfg = Debug|Any CPU
		{D8A1AC84-20A5-4AFB-A8D7-455121416D6D}.Debug|Any CPU.Build.0 = Debug|Any CPU
		{D8A1AC84-20A5-4AFB-A8D7-455121416D6D}.Debug|ARM.ActiveCfg = Debug|Any CPU
		{D8A1AC84-20A5-4AFB-A8D7-455121416D6D}.Debug|ARM.Build.0 = Debug|Any CPU
		{D8A1AC84-20A5-4AFB-A8D7-455121416D6D}.Debug|iPhone.ActiveCfg = Debug|Any CPU
		{D8A1AC84-20A5-4AFB-A8D7-455121416D6D}.Debug|iPhone.Build.0 = Debug|Any CPU
		{D8A1AC84-20A5-4AFB-A8D7-455121416D6D}.Debug|iPhoneSimulator.ActiveCfg = Debug|Any CPU
		{D8A1AC84-20A5-4AFB-A8D7-455121416D6D}.Debug|iPhoneSimulator.Build.0 = Debug|Any CPU
		{D8A1AC84-20A5-4AFB-A8D7-455121416D6D}.Debug|x64.ActiveCfg = Debug|Any CPU
		{D8A1AC84-20A5-4AFB-A8D7-455121416D6D}.Debug|x64.Build.0 = Debug|Any CPU
		{D8A1AC84-20A5-4AFB-A8D7-455121416D6D}.Debug|x86.ActiveCfg = Debug|Any CPU
		{D8A1AC84-20A5-4AFB-A8D7-455121416D6D}.Debug|x86.Build.0 = Debug|Any CPU
		{D8A1AC84-20A5-4AFB-A8D7-455121416D6D}.Release|Any CPU.ActiveCfg = Release|Any CPU
		{D8A1AC84-20A5-4AFB-A8D7-455121416D6D}.Release|Any CPU.Build.0 = Release|Any CPU
		{D8A1AC84-20A5-4AFB-A8D7-455121416D6D}.Release|ARM.ActiveCfg = Release|Any CPU
		{D8A1AC84-20A5-4AFB-A8D7-455121416D6D}.Release|ARM.Build.0 = Release|Any CPU
		{D8A1AC84-20A5-4AFB-A8D7-455121416D6D}.Release|iPhone.ActiveCfg = Release|Any CPU
		{D8A1AC84-20A5-4AFB-A8D7-455121416D6D}.Release|iPhone.Build.0 = Release|Any CPU
		{D8A1AC84-20A5-4AFB-A8D7-455121416D6D}.Release|iPhoneSimulator.ActiveCfg = Release|Any CPU
		{D8A1AC84-20A5-4AFB-A8D7-455121416D6D}.Release|iPhoneSimulator.Build.0 = Release|Any CPU
		{D8A1AC84-20A5-4AFB-A8D7-455121416D6D}.Release|x64.ActiveCfg = Release|Any CPU
		{D8A1AC84-20A5-4AFB-A8D7-455121416D6D}.Release|x64.Build.0 = Release|Any CPU
		{D8A1AC84-20A5-4AFB-A8D7-455121416D6D}.Release|x86.ActiveCfg = Release|Any CPU
		{D8A1AC84-20A5-4AFB-A8D7-455121416D6D}.Release|x86.Build.0 = Release|Any CPU
		{9D6918C7-3CB7-4006-A0D8-6542ABFF51E2}.Debug|Any CPU.ActiveCfg = Debug|Any CPU
		{9D6918C7-3CB7-4006-A0D8-6542ABFF51E2}.Debug|Any CPU.Build.0 = Debug|Any CPU
		{9D6918C7-3CB7-4006-A0D8-6542ABFF51E2}.Debug|ARM.ActiveCfg = Debug|Any CPU
		{9D6918C7-3CB7-4006-A0D8-6542ABFF51E2}.Debug|ARM.Build.0 = Debug|Any CPU
		{9D6918C7-3CB7-4006-A0D8-6542ABFF51E2}.Debug|iPhone.ActiveCfg = Debug|Any CPU
		{9D6918C7-3CB7-4006-A0D8-6542ABFF51E2}.Debug|iPhone.Build.0 = Debug|Any CPU
		{9D6918C7-3CB7-4006-A0D8-6542ABFF51E2}.Debug|iPhoneSimulator.ActiveCfg = Debug|Any CPU
		{9D6918C7-3CB7-4006-A0D8-6542ABFF51E2}.Debug|iPhoneSimulator.Build.0 = Debug|Any CPU
		{9D6918C7-3CB7-4006-A0D8-6542ABFF51E2}.Debug|x64.ActiveCfg = Debug|Any CPU
		{9D6918C7-3CB7-4006-A0D8-6542ABFF51E2}.Debug|x64.Build.0 = Debug|Any CPU
		{9D6918C7-3CB7-4006-A0D8-6542ABFF51E2}.Debug|x86.ActiveCfg = Debug|Any CPU
		{9D6918C7-3CB7-4006-A0D8-6542ABFF51E2}.Debug|x86.Build.0 = Debug|Any CPU
		{9D6918C7-3CB7-4006-A0D8-6542ABFF51E2}.Release|Any CPU.ActiveCfg = Release|Any CPU
		{9D6918C7-3CB7-4006-A0D8-6542ABFF51E2}.Release|Any CPU.Build.0 = Release|Any CPU
		{9D6918C7-3CB7-4006-A0D8-6542ABFF51E2}.Release|ARM.ActiveCfg = Release|Any CPU
		{9D6918C7-3CB7-4006-A0D8-6542ABFF51E2}.Release|ARM.Build.0 = Release|Any CPU
		{9D6918C7-3CB7-4006-A0D8-6542ABFF51E2}.Release|iPhone.ActiveCfg = Release|Any CPU
		{9D6918C7-3CB7-4006-A0D8-6542ABFF51E2}.Release|iPhone.Build.0 = Release|Any CPU
		{9D6918C7-3CB7-4006-A0D8-6542ABFF51E2}.Release|iPhoneSimulator.ActiveCfg = Release|Any CPU
		{9D6918C7-3CB7-4006-A0D8-6542ABFF51E2}.Release|iPhoneSimulator.Build.0 = Release|Any CPU
		{9D6918C7-3CB7-4006-A0D8-6542ABFF51E2}.Release|x64.ActiveCfg = Release|Any CPU
		{9D6918C7-3CB7-4006-A0D8-6542ABFF51E2}.Release|x64.Build.0 = Release|Any CPU
		{9D6918C7-3CB7-4006-A0D8-6542ABFF51E2}.Release|x86.ActiveCfg = Release|Any CPU
		{9D6918C7-3CB7-4006-A0D8-6542ABFF51E2}.Release|x86.Build.0 = Release|Any CPU
		{31CF2E0E-C0F1-4BA2-9A63-980711AC6401}.Debug|Any CPU.ActiveCfg = Debug|Any CPU
		{31CF2E0E-C0F1-4BA2-9A63-980711AC6401}.Debug|Any CPU.Build.0 = Debug|Any CPU
		{31CF2E0E-C0F1-4BA2-9A63-980711AC6401}.Debug|ARM.ActiveCfg = Debug|Any CPU
		{31CF2E0E-C0F1-4BA2-9A63-980711AC6401}.Debug|ARM.Build.0 = Debug|Any CPU
		{31CF2E0E-C0F1-4BA2-9A63-980711AC6401}.Debug|iPhone.ActiveCfg = Debug|Any CPU
		{31CF2E0E-C0F1-4BA2-9A63-980711AC6401}.Debug|iPhone.Build.0 = Debug|Any CPU
		{31CF2E0E-C0F1-4BA2-9A63-980711AC6401}.Debug|iPhoneSimulator.ActiveCfg = Debug|Any CPU
		{31CF2E0E-C0F1-4BA2-9A63-980711AC6401}.Debug|iPhoneSimulator.Build.0 = Debug|Any CPU
		{31CF2E0E-C0F1-4BA2-9A63-980711AC6401}.Debug|x64.ActiveCfg = Debug|Any CPU
		{31CF2E0E-C0F1-4BA2-9A63-980711AC6401}.Debug|x64.Build.0 = Debug|Any CPU
		{31CF2E0E-C0F1-4BA2-9A63-980711AC6401}.Debug|x86.ActiveCfg = Debug|Any CPU
		{31CF2E0E-C0F1-4BA2-9A63-980711AC6401}.Debug|x86.Build.0 = Debug|Any CPU
		{31CF2E0E-C0F1-4BA2-9A63-980711AC6401}.Release|Any CPU.ActiveCfg = Release|Any CPU
		{31CF2E0E-C0F1-4BA2-9A63-980711AC6401}.Release|Any CPU.Build.0 = Release|Any CPU
		{31CF2E0E-C0F1-4BA2-9A63-980711AC6401}.Release|ARM.ActiveCfg = Release|Any CPU
		{31CF2E0E-C0F1-4BA2-9A63-980711AC6401}.Release|ARM.Build.0 = Release|Any CPU
		{31CF2E0E-C0F1-4BA2-9A63-980711AC6401}.Release|iPhone.ActiveCfg = Release|Any CPU
		{31CF2E0E-C0F1-4BA2-9A63-980711AC6401}.Release|iPhone.Build.0 = Release|Any CPU
		{31CF2E0E-C0F1-4BA2-9A63-980711AC6401}.Release|iPhoneSimulator.ActiveCfg = Release|Any CPU
		{31CF2E0E-C0F1-4BA2-9A63-980711AC6401}.Release|iPhoneSimulator.Build.0 = Release|Any CPU
		{31CF2E0E-C0F1-4BA2-9A63-980711AC6401}.Release|x64.ActiveCfg = Release|Any CPU
		{31CF2E0E-C0F1-4BA2-9A63-980711AC6401}.Release|x64.Build.0 = Release|Any CPU
		{31CF2E0E-C0F1-4BA2-9A63-980711AC6401}.Release|x86.ActiveCfg = Release|Any CPU
		{31CF2E0E-C0F1-4BA2-9A63-980711AC6401}.Release|x86.Build.0 = Release|Any CPU
		{9C270FC0-1E2F-4B27-AAEC-4E51C9C8397F}.Debug|Any CPU.ActiveCfg = Debug|Any CPU
		{9C270FC0-1E2F-4B27-AAEC-4E51C9C8397F}.Debug|Any CPU.Build.0 = Debug|Any CPU
		{9C270FC0-1E2F-4B27-AAEC-4E51C9C8397F}.Debug|ARM.ActiveCfg = Debug|Any CPU
		{9C270FC0-1E2F-4B27-AAEC-4E51C9C8397F}.Debug|ARM.Build.0 = Debug|Any CPU
		{9C270FC0-1E2F-4B27-AAEC-4E51C9C8397F}.Debug|iPhone.ActiveCfg = Debug|Any CPU
		{9C270FC0-1E2F-4B27-AAEC-4E51C9C8397F}.Debug|iPhone.Build.0 = Debug|Any CPU
		{9C270FC0-1E2F-4B27-AAEC-4E51C9C8397F}.Debug|iPhoneSimulator.ActiveCfg = Debug|Any CPU
		{9C270FC0-1E2F-4B27-AAEC-4E51C9C8397F}.Debug|iPhoneSimulator.Build.0 = Debug|Any CPU
		{9C270FC0-1E2F-4B27-AAEC-4E51C9C8397F}.Debug|x64.ActiveCfg = Debug|Any CPU
		{9C270FC0-1E2F-4B27-AAEC-4E51C9C8397F}.Debug|x64.Build.0 = Debug|Any CPU
		{9C270FC0-1E2F-4B27-AAEC-4E51C9C8397F}.Debug|x86.ActiveCfg = Debug|Any CPU
		{9C270FC0-1E2F-4B27-AAEC-4E51C9C8397F}.Debug|x86.Build.0 = Debug|Any CPU
		{9C270FC0-1E2F-4B27-AAEC-4E51C9C8397F}.Release|Any CPU.ActiveCfg = Release|Any CPU
		{9C270FC0-1E2F-4B27-AAEC-4E51C9C8397F}.Release|Any CPU.Build.0 = Release|Any CPU
		{9C270FC0-1E2F-4B27-AAEC-4E51C9C8397F}.Release|ARM.ActiveCfg = Release|Any CPU
		{9C270FC0-1E2F-4B27-AAEC-4E51C9C8397F}.Release|ARM.Build.0 = Release|Any CPU
		{9C270FC0-1E2F-4B27-AAEC-4E51C9C8397F}.Release|iPhone.ActiveCfg = Release|Any CPU
		{9C270FC0-1E2F-4B27-AAEC-4E51C9C8397F}.Release|iPhone.Build.0 = Release|Any CPU
		{9C270FC0-1E2F-4B27-AAEC-4E51C9C8397F}.Release|iPhoneSimulator.ActiveCfg = Release|Any CPU
		{9C270FC0-1E2F-4B27-AAEC-4E51C9C8397F}.Release|iPhoneSimulator.Build.0 = Release|Any CPU
		{9C270FC0-1E2F-4B27-AAEC-4E51C9C8397F}.Release|x64.ActiveCfg = Release|Any CPU
		{9C270FC0-1E2F-4B27-AAEC-4E51C9C8397F}.Release|x64.Build.0 = Release|Any CPU
		{9C270FC0-1E2F-4B27-AAEC-4E51C9C8397F}.Release|x86.ActiveCfg = Release|Any CPU
		{9C270FC0-1E2F-4B27-AAEC-4E51C9C8397F}.Release|x86.Build.0 = Release|Any CPU
		{F2426BAC-7157-423D-AAC2-3CAEB52D877B}.Debug|Any CPU.ActiveCfg = Debug|Any CPU
		{F2426BAC-7157-423D-AAC2-3CAEB52D877B}.Debug|Any CPU.Build.0 = Debug|Any CPU
		{F2426BAC-7157-423D-AAC2-3CAEB52D877B}.Debug|ARM.ActiveCfg = Debug|Any CPU
		{F2426BAC-7157-423D-AAC2-3CAEB52D877B}.Debug|ARM.Build.0 = Debug|Any CPU
		{F2426BAC-7157-423D-AAC2-3CAEB52D877B}.Debug|iPhone.ActiveCfg = Debug|Any CPU
		{F2426BAC-7157-423D-AAC2-3CAEB52D877B}.Debug|iPhone.Build.0 = Debug|Any CPU
		{F2426BAC-7157-423D-AAC2-3CAEB52D877B}.Debug|iPhoneSimulator.ActiveCfg = Debug|Any CPU
		{F2426BAC-7157-423D-AAC2-3CAEB52D877B}.Debug|iPhoneSimulator.Build.0 = Debug|Any CPU
		{F2426BAC-7157-423D-AAC2-3CAEB52D877B}.Debug|x64.ActiveCfg = Debug|Any CPU
		{F2426BAC-7157-423D-AAC2-3CAEB52D877B}.Debug|x64.Build.0 = Debug|Any CPU
		{F2426BAC-7157-423D-AAC2-3CAEB52D877B}.Debug|x86.ActiveCfg = Debug|Any CPU
		{F2426BAC-7157-423D-AAC2-3CAEB52D877B}.Debug|x86.Build.0 = Debug|Any CPU
		{F2426BAC-7157-423D-AAC2-3CAEB52D877B}.Release|Any CPU.ActiveCfg = Release|Any CPU
		{F2426BAC-7157-423D-AAC2-3CAEB52D877B}.Release|Any CPU.Build.0 = Release|Any CPU
		{F2426BAC-7157-423D-AAC2-3CAEB52D877B}.Release|ARM.ActiveCfg = Release|Any CPU
		{F2426BAC-7157-423D-AAC2-3CAEB52D877B}.Release|ARM.Build.0 = Release|Any CPU
		{F2426BAC-7157-423D-AAC2-3CAEB52D877B}.Release|iPhone.ActiveCfg = Release|Any CPU
		{F2426BAC-7157-423D-AAC2-3CAEB52D877B}.Release|iPhone.Build.0 = Release|Any CPU
		{F2426BAC-7157-423D-AAC2-3CAEB52D877B}.Release|iPhoneSimulator.ActiveCfg = Release|Any CPU
		{F2426BAC-7157-423D-AAC2-3CAEB52D877B}.Release|iPhoneSimulator.Build.0 = Release|Any CPU
		{F2426BAC-7157-423D-AAC2-3CAEB52D877B}.Release|x64.ActiveCfg = Release|Any CPU
		{F2426BAC-7157-423D-AAC2-3CAEB52D877B}.Release|x64.Build.0 = Release|Any CPU
		{F2426BAC-7157-423D-AAC2-3CAEB52D877B}.Release|x86.ActiveCfg = Release|Any CPU
		{F2426BAC-7157-423D-AAC2-3CAEB52D877B}.Release|x86.Build.0 = Release|Any CPU
		{F13A8019-24AF-451D-BBC4-0AFD951F084D}.Debug|Any CPU.ActiveCfg = Debug|Any CPU
		{F13A8019-24AF-451D-BBC4-0AFD951F084D}.Debug|Any CPU.Build.0 = Debug|Any CPU
		{F13A8019-24AF-451D-BBC4-0AFD951F084D}.Debug|ARM.ActiveCfg = Debug|Any CPU
		{F13A8019-24AF-451D-BBC4-0AFD951F084D}.Debug|ARM.Build.0 = Debug|Any CPU
		{F13A8019-24AF-451D-BBC4-0AFD951F084D}.Debug|iPhone.ActiveCfg = Debug|Any CPU
		{F13A8019-24AF-451D-BBC4-0AFD951F084D}.Debug|iPhone.Build.0 = Debug|Any CPU
		{F13A8019-24AF-451D-BBC4-0AFD951F084D}.Debug|iPhoneSimulator.ActiveCfg = Debug|Any CPU
		{F13A8019-24AF-451D-BBC4-0AFD951F084D}.Debug|iPhoneSimulator.Build.0 = Debug|Any CPU
		{F13A8019-24AF-451D-BBC4-0AFD951F084D}.Debug|x64.ActiveCfg = Debug|Any CPU
		{F13A8019-24AF-451D-BBC4-0AFD951F084D}.Debug|x64.Build.0 = Debug|Any CPU
		{F13A8019-24AF-451D-BBC4-0AFD951F084D}.Debug|x86.ActiveCfg = Debug|Any CPU
		{F13A8019-24AF-451D-BBC4-0AFD951F084D}.Debug|x86.Build.0 = Debug|Any CPU
		{F13A8019-24AF-451D-BBC4-0AFD951F084D}.Release|Any CPU.ActiveCfg = Release|Any CPU
		{F13A8019-24AF-451D-BBC4-0AFD951F084D}.Release|Any CPU.Build.0 = Release|Any CPU
		{F13A8019-24AF-451D-BBC4-0AFD951F084D}.Release|ARM.ActiveCfg = Release|Any CPU
		{F13A8019-24AF-451D-BBC4-0AFD951F084D}.Release|ARM.Build.0 = Release|Any CPU
		{F13A8019-24AF-451D-BBC4-0AFD951F084D}.Release|iPhone.ActiveCfg = Release|Any CPU
		{F13A8019-24AF-451D-BBC4-0AFD951F084D}.Release|iPhone.Build.0 = Release|Any CPU
		{F13A8019-24AF-451D-BBC4-0AFD951F084D}.Release|iPhoneSimulator.ActiveCfg = Release|Any CPU
		{F13A8019-24AF-451D-BBC4-0AFD951F084D}.Release|iPhoneSimulator.Build.0 = Release|Any CPU
		{F13A8019-24AF-451D-BBC4-0AFD951F084D}.Release|x64.ActiveCfg = Release|Any CPU
		{F13A8019-24AF-451D-BBC4-0AFD951F084D}.Release|x64.Build.0 = Release|Any CPU
		{F13A8019-24AF-451D-BBC4-0AFD951F084D}.Release|x86.ActiveCfg = Release|Any CPU
		{F13A8019-24AF-451D-BBC4-0AFD951F084D}.Release|x86.Build.0 = Release|Any CPU
		{6BE16433-6FEF-4266-84FF-8AE1C6B5B14A}.Debug|Any CPU.ActiveCfg = Debug|Any CPU
		{6BE16433-6FEF-4266-84FF-8AE1C6B5B14A}.Debug|Any CPU.Build.0 = Debug|Any CPU
		{6BE16433-6FEF-4266-84FF-8AE1C6B5B14A}.Debug|ARM.ActiveCfg = Debug|Any CPU
		{6BE16433-6FEF-4266-84FF-8AE1C6B5B14A}.Debug|ARM.Build.0 = Debug|Any CPU
		{6BE16433-6FEF-4266-84FF-8AE1C6B5B14A}.Debug|iPhone.ActiveCfg = Debug|Any CPU
		{6BE16433-6FEF-4266-84FF-8AE1C6B5B14A}.Debug|iPhone.Build.0 = Debug|Any CPU
		{6BE16433-6FEF-4266-84FF-8AE1C6B5B14A}.Debug|iPhoneSimulator.ActiveCfg = Debug|Any CPU
		{6BE16433-6FEF-4266-84FF-8AE1C6B5B14A}.Debug|iPhoneSimulator.Build.0 = Debug|Any CPU
		{6BE16433-6FEF-4266-84FF-8AE1C6B5B14A}.Debug|x64.ActiveCfg = Debug|Any CPU
		{6BE16433-6FEF-4266-84FF-8AE1C6B5B14A}.Debug|x64.Build.0 = Debug|Any CPU
		{6BE16433-6FEF-4266-84FF-8AE1C6B5B14A}.Debug|x86.ActiveCfg = Debug|Any CPU
		{6BE16433-6FEF-4266-84FF-8AE1C6B5B14A}.Debug|x86.Build.0 = Debug|Any CPU
		{6BE16433-6FEF-4266-84FF-8AE1C6B5B14A}.Release|Any CPU.ActiveCfg = Release|Any CPU
		{6BE16433-6FEF-4266-84FF-8AE1C6B5B14A}.Release|Any CPU.Build.0 = Release|Any CPU
		{6BE16433-6FEF-4266-84FF-8AE1C6B5B14A}.Release|ARM.ActiveCfg = Release|Any CPU
		{6BE16433-6FEF-4266-84FF-8AE1C6B5B14A}.Release|ARM.Build.0 = Release|Any CPU
		{6BE16433-6FEF-4266-84FF-8AE1C6B5B14A}.Release|iPhone.ActiveCfg = Release|Any CPU
		{6BE16433-6FEF-4266-84FF-8AE1C6B5B14A}.Release|iPhone.Build.0 = Release|Any CPU
		{6BE16433-6FEF-4266-84FF-8AE1C6B5B14A}.Release|iPhoneSimulator.ActiveCfg = Release|Any CPU
		{6BE16433-6FEF-4266-84FF-8AE1C6B5B14A}.Release|iPhoneSimulator.Build.0 = Release|Any CPU
		{6BE16433-6FEF-4266-84FF-8AE1C6B5B14A}.Release|x64.ActiveCfg = Release|Any CPU
		{6BE16433-6FEF-4266-84FF-8AE1C6B5B14A}.Release|x64.Build.0 = Release|Any CPU
		{6BE16433-6FEF-4266-84FF-8AE1C6B5B14A}.Release|x86.ActiveCfg = Release|Any CPU
		{6BE16433-6FEF-4266-84FF-8AE1C6B5B14A}.Release|x86.Build.0 = Release|Any CPU
		{116C5BD0-5EE1-46BC-AAE5-10CEE0861E65}.Debug|Any CPU.ActiveCfg = Debug|Any CPU
		{116C5BD0-5EE1-46BC-AAE5-10CEE0861E65}.Debug|Any CPU.Build.0 = Debug|Any CPU
		{116C5BD0-5EE1-46BC-AAE5-10CEE0861E65}.Debug|ARM.ActiveCfg = Debug|Any CPU
		{116C5BD0-5EE1-46BC-AAE5-10CEE0861E65}.Debug|ARM.Build.0 = Debug|Any CPU
		{116C5BD0-5EE1-46BC-AAE5-10CEE0861E65}.Debug|iPhone.ActiveCfg = Debug|Any CPU
		{116C5BD0-5EE1-46BC-AAE5-10CEE0861E65}.Debug|iPhone.Build.0 = Debug|Any CPU
		{116C5BD0-5EE1-46BC-AAE5-10CEE0861E65}.Debug|iPhoneSimulator.ActiveCfg = Debug|Any CPU
		{116C5BD0-5EE1-46BC-AAE5-10CEE0861E65}.Debug|iPhoneSimulator.Build.0 = Debug|Any CPU
		{116C5BD0-5EE1-46BC-AAE5-10CEE0861E65}.Debug|x64.ActiveCfg = Debug|Any CPU
		{116C5BD0-5EE1-46BC-AAE5-10CEE0861E65}.Debug|x64.Build.0 = Debug|Any CPU
		{116C5BD0-5EE1-46BC-AAE5-10CEE0861E65}.Debug|x86.ActiveCfg = Debug|Any CPU
		{116C5BD0-5EE1-46BC-AAE5-10CEE0861E65}.Debug|x86.Build.0 = Debug|Any CPU
		{116C5BD0-5EE1-46BC-AAE5-10CEE0861E65}.Release|Any CPU.ActiveCfg = Release|Any CPU
		{116C5BD0-5EE1-46BC-AAE5-10CEE0861E65}.Release|Any CPU.Build.0 = Release|Any CPU
		{116C5BD0-5EE1-46BC-AAE5-10CEE0861E65}.Release|ARM.ActiveCfg = Release|Any CPU
		{116C5BD0-5EE1-46BC-AAE5-10CEE0861E65}.Release|ARM.Build.0 = Release|Any CPU
		{116C5BD0-5EE1-46BC-AAE5-10CEE0861E65}.Release|iPhone.ActiveCfg = Release|Any CPU
		{116C5BD0-5EE1-46BC-AAE5-10CEE0861E65}.Release|iPhone.Build.0 = Release|Any CPU
		{116C5BD0-5EE1-46BC-AAE5-10CEE0861E65}.Release|iPhoneSimulator.ActiveCfg = Release|Any CPU
		{116C5BD0-5EE1-46BC-AAE5-10CEE0861E65}.Release|iPhoneSimulator.Build.0 = Release|Any CPU
		{116C5BD0-5EE1-46BC-AAE5-10CEE0861E65}.Release|x64.ActiveCfg = Release|Any CPU
		{116C5BD0-5EE1-46BC-AAE5-10CEE0861E65}.Release|x64.Build.0 = Release|Any CPU
		{116C5BD0-5EE1-46BC-AAE5-10CEE0861E65}.Release|x86.ActiveCfg = Release|Any CPU
		{116C5BD0-5EE1-46BC-AAE5-10CEE0861E65}.Release|x86.Build.0 = Release|Any CPU
		{CF05AE75-5488-43BD-A09C-3408E2A5E3C4}.Debug|Any CPU.ActiveCfg = Debug|Any CPU
		{CF05AE75-5488-43BD-A09C-3408E2A5E3C4}.Debug|Any CPU.Build.0 = Debug|Any CPU
		{CF05AE75-5488-43BD-A09C-3408E2A5E3C4}.Debug|ARM.ActiveCfg = Debug|Any CPU
		{CF05AE75-5488-43BD-A09C-3408E2A5E3C4}.Debug|ARM.Build.0 = Debug|Any CPU
		{CF05AE75-5488-43BD-A09C-3408E2A5E3C4}.Debug|iPhone.ActiveCfg = Debug|Any CPU
		{CF05AE75-5488-43BD-A09C-3408E2A5E3C4}.Debug|iPhone.Build.0 = Debug|Any CPU
		{CF05AE75-5488-43BD-A09C-3408E2A5E3C4}.Debug|iPhoneSimulator.ActiveCfg = Debug|Any CPU
		{CF05AE75-5488-43BD-A09C-3408E2A5E3C4}.Debug|iPhoneSimulator.Build.0 = Debug|Any CPU
		{CF05AE75-5488-43BD-A09C-3408E2A5E3C4}.Debug|x64.ActiveCfg = Debug|Any CPU
		{CF05AE75-5488-43BD-A09C-3408E2A5E3C4}.Debug|x64.Build.0 = Debug|Any CPU
		{CF05AE75-5488-43BD-A09C-3408E2A5E3C4}.Debug|x86.ActiveCfg = Debug|Any CPU
		{CF05AE75-5488-43BD-A09C-3408E2A5E3C4}.Debug|x86.Build.0 = Debug|Any CPU
		{CF05AE75-5488-43BD-A09C-3408E2A5E3C4}.Release|Any CPU.ActiveCfg = Release|Any CPU
		{CF05AE75-5488-43BD-A09C-3408E2A5E3C4}.Release|Any CPU.Build.0 = Release|Any CPU
		{CF05AE75-5488-43BD-A09C-3408E2A5E3C4}.Release|ARM.ActiveCfg = Release|Any CPU
		{CF05AE75-5488-43BD-A09C-3408E2A5E3C4}.Release|ARM.Build.0 = Release|Any CPU
		{CF05AE75-5488-43BD-A09C-3408E2A5E3C4}.Release|iPhone.ActiveCfg = Release|Any CPU
		{CF05AE75-5488-43BD-A09C-3408E2A5E3C4}.Release|iPhone.Build.0 = Release|Any CPU
		{CF05AE75-5488-43BD-A09C-3408E2A5E3C4}.Release|iPhoneSimulator.ActiveCfg = Release|Any CPU
		{CF05AE75-5488-43BD-A09C-3408E2A5E3C4}.Release|iPhoneSimulator.Build.0 = Release|Any CPU
		{CF05AE75-5488-43BD-A09C-3408E2A5E3C4}.Release|x64.ActiveCfg = Release|Any CPU
		{CF05AE75-5488-43BD-A09C-3408E2A5E3C4}.Release|x64.Build.0 = Release|Any CPU
		{CF05AE75-5488-43BD-A09C-3408E2A5E3C4}.Release|x86.ActiveCfg = Release|Any CPU
		{CF05AE75-5488-43BD-A09C-3408E2A5E3C4}.Release|x86.Build.0 = Release|Any CPU
		{8C0389BC-C0A2-4E84-B9DC-B54E1D75CC5B}.Debug|Any CPU.ActiveCfg = Debug|Any CPU
		{8C0389BC-C0A2-4E84-B9DC-B54E1D75CC5B}.Debug|Any CPU.Build.0 = Debug|Any CPU
		{8C0389BC-C0A2-4E84-B9DC-B54E1D75CC5B}.Debug|ARM.ActiveCfg = Debug|Any CPU
		{8C0389BC-C0A2-4E84-B9DC-B54E1D75CC5B}.Debug|ARM.Build.0 = Debug|Any CPU
		{8C0389BC-C0A2-4E84-B9DC-B54E1D75CC5B}.Debug|iPhone.ActiveCfg = Debug|Any CPU
		{8C0389BC-C0A2-4E84-B9DC-B54E1D75CC5B}.Debug|iPhone.Build.0 = Debug|Any CPU
		{8C0389BC-C0A2-4E84-B9DC-B54E1D75CC5B}.Debug|iPhoneSimulator.ActiveCfg = Debug|Any CPU
		{8C0389BC-C0A2-4E84-B9DC-B54E1D75CC5B}.Debug|iPhoneSimulator.Build.0 = Debug|Any CPU
		{8C0389BC-C0A2-4E84-B9DC-B54E1D75CC5B}.Debug|x64.ActiveCfg = Debug|Any CPU
		{8C0389BC-C0A2-4E84-B9DC-B54E1D75CC5B}.Debug|x64.Build.0 = Debug|Any CPU
		{8C0389BC-C0A2-4E84-B9DC-B54E1D75CC5B}.Debug|x86.ActiveCfg = Debug|Any CPU
		{8C0389BC-C0A2-4E84-B9DC-B54E1D75CC5B}.Debug|x86.Build.0 = Debug|Any CPU
		{8C0389BC-C0A2-4E84-B9DC-B54E1D75CC5B}.Release|Any CPU.ActiveCfg = Release|Any CPU
		{8C0389BC-C0A2-4E84-B9DC-B54E1D75CC5B}.Release|Any CPU.Build.0 = Release|Any CPU
		{8C0389BC-C0A2-4E84-B9DC-B54E1D75CC5B}.Release|ARM.ActiveCfg = Release|Any CPU
		{8C0389BC-C0A2-4E84-B9DC-B54E1D75CC5B}.Release|ARM.Build.0 = Release|Any CPU
		{8C0389BC-C0A2-4E84-B9DC-B54E1D75CC5B}.Release|iPhone.ActiveCfg = Release|Any CPU
		{8C0389BC-C0A2-4E84-B9DC-B54E1D75CC5B}.Release|iPhone.Build.0 = Release|Any CPU
		{8C0389BC-C0A2-4E84-B9DC-B54E1D75CC5B}.Release|iPhoneSimulator.ActiveCfg = Release|Any CPU
		{8C0389BC-C0A2-4E84-B9DC-B54E1D75CC5B}.Release|iPhoneSimulator.Build.0 = Release|Any CPU
		{8C0389BC-C0A2-4E84-B9DC-B54E1D75CC5B}.Release|x64.ActiveCfg = Release|Any CPU
		{8C0389BC-C0A2-4E84-B9DC-B54E1D75CC5B}.Release|x64.Build.0 = Release|Any CPU
		{8C0389BC-C0A2-4E84-B9DC-B54E1D75CC5B}.Release|x86.ActiveCfg = Release|Any CPU
		{8C0389BC-C0A2-4E84-B9DC-B54E1D75CC5B}.Release|x86.Build.0 = Release|Any CPU
		{3FE96D19-FDA8-4948-A0FE-F200748CC729}.Debug|Any CPU.ActiveCfg = Debug|Any CPU
		{3FE96D19-FDA8-4948-A0FE-F200748CC729}.Debug|Any CPU.Build.0 = Debug|Any CPU
		{3FE96D19-FDA8-4948-A0FE-F200748CC729}.Debug|ARM.ActiveCfg = Debug|Any CPU
		{3FE96D19-FDA8-4948-A0FE-F200748CC729}.Debug|ARM.Build.0 = Debug|Any CPU
		{3FE96D19-FDA8-4948-A0FE-F200748CC729}.Debug|iPhone.ActiveCfg = Debug|Any CPU
		{3FE96D19-FDA8-4948-A0FE-F200748CC729}.Debug|iPhone.Build.0 = Debug|Any CPU
		{3FE96D19-FDA8-4948-A0FE-F200748CC729}.Debug|iPhoneSimulator.ActiveCfg = Debug|Any CPU
		{3FE96D19-FDA8-4948-A0FE-F200748CC729}.Debug|iPhoneSimulator.Build.0 = Debug|Any CPU
		{3FE96D19-FDA8-4948-A0FE-F200748CC729}.Debug|x64.ActiveCfg = Debug|Any CPU
		{3FE96D19-FDA8-4948-A0FE-F200748CC729}.Debug|x64.Build.0 = Debug|Any CPU
		{3FE96D19-FDA8-4948-A0FE-F200748CC729}.Debug|x86.ActiveCfg = Debug|Any CPU
		{3FE96D19-FDA8-4948-A0FE-F200748CC729}.Debug|x86.Build.0 = Debug|Any CPU
		{3FE96D19-FDA8-4948-A0FE-F200748CC729}.Release|Any CPU.ActiveCfg = Release|Any CPU
		{3FE96D19-FDA8-4948-A0FE-F200748CC729}.Release|Any CPU.Build.0 = Release|Any CPU
		{3FE96D19-FDA8-4948-A0FE-F200748CC729}.Release|ARM.ActiveCfg = Release|Any CPU
		{3FE96D19-FDA8-4948-A0FE-F200748CC729}.Release|ARM.Build.0 = Release|Any CPU
		{3FE96D19-FDA8-4948-A0FE-F200748CC729}.Release|iPhone.ActiveCfg = Release|Any CPU
		{3FE96D19-FDA8-4948-A0FE-F200748CC729}.Release|iPhone.Build.0 = Release|Any CPU
		{3FE96D19-FDA8-4948-A0FE-F200748CC729}.Release|iPhoneSimulator.ActiveCfg = Release|Any CPU
		{3FE96D19-FDA8-4948-A0FE-F200748CC729}.Release|iPhoneSimulator.Build.0 = Release|Any CPU
		{3FE96D19-FDA8-4948-A0FE-F200748CC729}.Release|x64.ActiveCfg = Release|Any CPU
		{3FE96D19-FDA8-4948-A0FE-F200748CC729}.Release|x64.Build.0 = Release|Any CPU
		{3FE96D19-FDA8-4948-A0FE-F200748CC729}.Release|x86.ActiveCfg = Release|Any CPU
		{3FE96D19-FDA8-4948-A0FE-F200748CC729}.Release|x86.Build.0 = Release|Any CPU
		{5E23A1D5-43D6-440F-96FD-44741C60A2FB}.Debug|Any CPU.ActiveCfg = Debug|Any CPU
		{5E23A1D5-43D6-440F-96FD-44741C60A2FB}.Debug|Any CPU.Build.0 = Debug|Any CPU
		{5E23A1D5-43D6-440F-96FD-44741C60A2FB}.Debug|ARM.ActiveCfg = Debug|Any CPU
		{5E23A1D5-43D6-440F-96FD-44741C60A2FB}.Debug|ARM.Build.0 = Debug|Any CPU
		{5E23A1D5-43D6-440F-96FD-44741C60A2FB}.Debug|iPhone.ActiveCfg = Debug|Any CPU
		{5E23A1D5-43D6-440F-96FD-44741C60A2FB}.Debug|iPhone.Build.0 = Debug|Any CPU
		{5E23A1D5-43D6-440F-96FD-44741C60A2FB}.Debug|iPhoneSimulator.ActiveCfg = Debug|Any CPU
		{5E23A1D5-43D6-440F-96FD-44741C60A2FB}.Debug|iPhoneSimulator.Build.0 = Debug|Any CPU
		{5E23A1D5-43D6-440F-96FD-44741C60A2FB}.Debug|x64.ActiveCfg = Debug|Any CPU
		{5E23A1D5-43D6-440F-96FD-44741C60A2FB}.Debug|x64.Build.0 = Debug|Any CPU
		{5E23A1D5-43D6-440F-96FD-44741C60A2FB}.Debug|x86.ActiveCfg = Debug|Any CPU
		{5E23A1D5-43D6-440F-96FD-44741C60A2FB}.Debug|x86.Build.0 = Debug|Any CPU
		{5E23A1D5-43D6-440F-96FD-44741C60A2FB}.Release|Any CPU.ActiveCfg = Release|Any CPU
		{5E23A1D5-43D6-440F-96FD-44741C60A2FB}.Release|Any CPU.Build.0 = Release|Any CPU
		{5E23A1D5-43D6-440F-96FD-44741C60A2FB}.Release|ARM.ActiveCfg = Release|Any CPU
		{5E23A1D5-43D6-440F-96FD-44741C60A2FB}.Release|ARM.Build.0 = Release|Any CPU
		{5E23A1D5-43D6-440F-96FD-44741C60A2FB}.Release|iPhone.ActiveCfg = Release|Any CPU
		{5E23A1D5-43D6-440F-96FD-44741C60A2FB}.Release|iPhone.Build.0 = Release|Any CPU
		{5E23A1D5-43D6-440F-96FD-44741C60A2FB}.Release|iPhoneSimulator.ActiveCfg = Release|Any CPU
		{5E23A1D5-43D6-440F-96FD-44741C60A2FB}.Release|iPhoneSimulator.Build.0 = Release|Any CPU
		{5E23A1D5-43D6-440F-96FD-44741C60A2FB}.Release|x64.ActiveCfg = Release|Any CPU
		{5E23A1D5-43D6-440F-96FD-44741C60A2FB}.Release|x64.Build.0 = Release|Any CPU
		{5E23A1D5-43D6-440F-96FD-44741C60A2FB}.Release|x86.ActiveCfg = Release|Any CPU
		{5E23A1D5-43D6-440F-96FD-44741C60A2FB}.Release|x86.Build.0 = Release|Any CPU
		{18FCBB7C-0636-45C6-AD35-E3B956F94107}.Debug|Any CPU.ActiveCfg = Debug|Any CPU
		{18FCBB7C-0636-45C6-AD35-E3B956F94107}.Debug|Any CPU.Build.0 = Debug|Any CPU
		{18FCBB7C-0636-45C6-AD35-E3B956F94107}.Debug|ARM.ActiveCfg = Debug|Any CPU
		{18FCBB7C-0636-45C6-AD35-E3B956F94107}.Debug|ARM.Build.0 = Debug|Any CPU
		{18FCBB7C-0636-45C6-AD35-E3B956F94107}.Debug|iPhone.ActiveCfg = Debug|Any CPU
		{18FCBB7C-0636-45C6-AD35-E3B956F94107}.Debug|iPhone.Build.0 = Debug|Any CPU
		{18FCBB7C-0636-45C6-AD35-E3B956F94107}.Debug|iPhoneSimulator.ActiveCfg = Debug|Any CPU
		{18FCBB7C-0636-45C6-AD35-E3B956F94107}.Debug|iPhoneSimulator.Build.0 = Debug|Any CPU
		{18FCBB7C-0636-45C6-AD35-E3B956F94107}.Debug|x64.ActiveCfg = Debug|Any CPU
		{18FCBB7C-0636-45C6-AD35-E3B956F94107}.Debug|x64.Build.0 = Debug|Any CPU
		{18FCBB7C-0636-45C6-AD35-E3B956F94107}.Debug|x86.ActiveCfg = Debug|Any CPU
		{18FCBB7C-0636-45C6-AD35-E3B956F94107}.Debug|x86.Build.0 = Debug|Any CPU
		{18FCBB7C-0636-45C6-AD35-E3B956F94107}.Release|Any CPU.ActiveCfg = Release|Any CPU
		{18FCBB7C-0636-45C6-AD35-E3B956F94107}.Release|Any CPU.Build.0 = Release|Any CPU
		{18FCBB7C-0636-45C6-AD35-E3B956F94107}.Release|ARM.ActiveCfg = Release|Any CPU
		{18FCBB7C-0636-45C6-AD35-E3B956F94107}.Release|ARM.Build.0 = Release|Any CPU
		{18FCBB7C-0636-45C6-AD35-E3B956F94107}.Release|iPhone.ActiveCfg = Release|Any CPU
		{18FCBB7C-0636-45C6-AD35-E3B956F94107}.Release|iPhone.Build.0 = Release|Any CPU
		{18FCBB7C-0636-45C6-AD35-E3B956F94107}.Release|iPhoneSimulator.ActiveCfg = Release|Any CPU
		{18FCBB7C-0636-45C6-AD35-E3B956F94107}.Release|iPhoneSimulator.Build.0 = Release|Any CPU
		{18FCBB7C-0636-45C6-AD35-E3B956F94107}.Release|x64.ActiveCfg = Release|Any CPU
		{18FCBB7C-0636-45C6-AD35-E3B956F94107}.Release|x64.Build.0 = Release|Any CPU
		{18FCBB7C-0636-45C6-AD35-E3B956F94107}.Release|x86.ActiveCfg = Release|Any CPU
		{18FCBB7C-0636-45C6-AD35-E3B956F94107}.Release|x86.Build.0 = Release|Any CPU
		{843290D3-7E15-49C2-8BE5-FD54318AA1CD}.Debug|Any CPU.ActiveCfg = Debug|Any CPU
		{843290D3-7E15-49C2-8BE5-FD54318AA1CD}.Debug|Any CPU.Build.0 = Debug|Any CPU
		{843290D3-7E15-49C2-8BE5-FD54318AA1CD}.Debug|ARM.ActiveCfg = Debug|Any CPU
		{843290D3-7E15-49C2-8BE5-FD54318AA1CD}.Debug|ARM.Build.0 = Debug|Any CPU
		{843290D3-7E15-49C2-8BE5-FD54318AA1CD}.Debug|iPhone.ActiveCfg = Debug|Any CPU
		{843290D3-7E15-49C2-8BE5-FD54318AA1CD}.Debug|iPhone.Build.0 = Debug|Any CPU
		{843290D3-7E15-49C2-8BE5-FD54318AA1CD}.Debug|iPhoneSimulator.ActiveCfg = Debug|Any CPU
		{843290D3-7E15-49C2-8BE5-FD54318AA1CD}.Debug|iPhoneSimulator.Build.0 = Debug|Any CPU
		{843290D3-7E15-49C2-8BE5-FD54318AA1CD}.Debug|x64.ActiveCfg = Debug|Any CPU
		{843290D3-7E15-49C2-8BE5-FD54318AA1CD}.Debug|x64.Build.0 = Debug|Any CPU
		{843290D3-7E15-49C2-8BE5-FD54318AA1CD}.Debug|x86.ActiveCfg = Debug|Any CPU
		{843290D3-7E15-49C2-8BE5-FD54318AA1CD}.Debug|x86.Build.0 = Debug|Any CPU
		{843290D3-7E15-49C2-8BE5-FD54318AA1CD}.Release|Any CPU.ActiveCfg = Release|Any CPU
		{843290D3-7E15-49C2-8BE5-FD54318AA1CD}.Release|Any CPU.Build.0 = Release|Any CPU
		{843290D3-7E15-49C2-8BE5-FD54318AA1CD}.Release|ARM.ActiveCfg = Release|Any CPU
		{843290D3-7E15-49C2-8BE5-FD54318AA1CD}.Release|ARM.Build.0 = Release|Any CPU
		{843290D3-7E15-49C2-8BE5-FD54318AA1CD}.Release|iPhone.ActiveCfg = Release|Any CPU
		{843290D3-7E15-49C2-8BE5-FD54318AA1CD}.Release|iPhone.Build.0 = Release|Any CPU
		{843290D3-7E15-49C2-8BE5-FD54318AA1CD}.Release|iPhoneSimulator.ActiveCfg = Release|Any CPU
		{843290D3-7E15-49C2-8BE5-FD54318AA1CD}.Release|iPhoneSimulator.Build.0 = Release|Any CPU
		{843290D3-7E15-49C2-8BE5-FD54318AA1CD}.Release|x64.ActiveCfg = Release|Any CPU
		{843290D3-7E15-49C2-8BE5-FD54318AA1CD}.Release|x64.Build.0 = Release|Any CPU
		{843290D3-7E15-49C2-8BE5-FD54318AA1CD}.Release|x86.ActiveCfg = Release|Any CPU
		{843290D3-7E15-49C2-8BE5-FD54318AA1CD}.Release|x86.Build.0 = Release|Any CPU
		{A5042405-F8F6-4804-89B6-525E6DCFC76D}.Debug|Any CPU.ActiveCfg = Debug|Any CPU
		{A5042405-F8F6-4804-89B6-525E6DCFC76D}.Debug|Any CPU.Build.0 = Debug|Any CPU
		{A5042405-F8F6-4804-89B6-525E6DCFC76D}.Debug|ARM.ActiveCfg = Debug|Any CPU
		{A5042405-F8F6-4804-89B6-525E6DCFC76D}.Debug|ARM.Build.0 = Debug|Any CPU
		{A5042405-F8F6-4804-89B6-525E6DCFC76D}.Debug|iPhone.ActiveCfg = Debug|Any CPU
		{A5042405-F8F6-4804-89B6-525E6DCFC76D}.Debug|iPhone.Build.0 = Debug|Any CPU
		{A5042405-F8F6-4804-89B6-525E6DCFC76D}.Debug|iPhoneSimulator.ActiveCfg = Debug|Any CPU
		{A5042405-F8F6-4804-89B6-525E6DCFC76D}.Debug|iPhoneSimulator.Build.0 = Debug|Any CPU
		{A5042405-F8F6-4804-89B6-525E6DCFC76D}.Debug|x64.ActiveCfg = Debug|Any CPU
		{A5042405-F8F6-4804-89B6-525E6DCFC76D}.Debug|x64.Build.0 = Debug|Any CPU
		{A5042405-F8F6-4804-89B6-525E6DCFC76D}.Debug|x86.ActiveCfg = Debug|Any CPU
		{A5042405-F8F6-4804-89B6-525E6DCFC76D}.Debug|x86.Build.0 = Debug|Any CPU
		{A5042405-F8F6-4804-89B6-525E6DCFC76D}.Release|Any CPU.ActiveCfg = Release|Any CPU
		{A5042405-F8F6-4804-89B6-525E6DCFC76D}.Release|Any CPU.Build.0 = Release|Any CPU
		{A5042405-F8F6-4804-89B6-525E6DCFC76D}.Release|ARM.ActiveCfg = Release|Any CPU
		{A5042405-F8F6-4804-89B6-525E6DCFC76D}.Release|ARM.Build.0 = Release|Any CPU
		{A5042405-F8F6-4804-89B6-525E6DCFC76D}.Release|iPhone.ActiveCfg = Release|Any CPU
		{A5042405-F8F6-4804-89B6-525E6DCFC76D}.Release|iPhone.Build.0 = Release|Any CPU
		{A5042405-F8F6-4804-89B6-525E6DCFC76D}.Release|iPhoneSimulator.ActiveCfg = Release|Any CPU
		{A5042405-F8F6-4804-89B6-525E6DCFC76D}.Release|iPhoneSimulator.Build.0 = Release|Any CPU
		{A5042405-F8F6-4804-89B6-525E6DCFC76D}.Release|x64.ActiveCfg = Release|Any CPU
		{A5042405-F8F6-4804-89B6-525E6DCFC76D}.Release|x64.Build.0 = Release|Any CPU
		{A5042405-F8F6-4804-89B6-525E6DCFC76D}.Release|x86.ActiveCfg = Release|Any CPU
		{A5042405-F8F6-4804-89B6-525E6DCFC76D}.Release|x86.Build.0 = Release|Any CPU
		{F1C0E33A-66FA-4AA3-AFC7-D1CBA3FD8D37}.Debug|Any CPU.ActiveCfg = Debug|Any CPU
		{F1C0E33A-66FA-4AA3-AFC7-D1CBA3FD8D37}.Debug|Any CPU.Build.0 = Debug|Any CPU
		{F1C0E33A-66FA-4AA3-AFC7-D1CBA3FD8D37}.Debug|ARM.ActiveCfg = Debug|Any CPU
		{F1C0E33A-66FA-4AA3-AFC7-D1CBA3FD8D37}.Debug|ARM.Build.0 = Debug|Any CPU
		{F1C0E33A-66FA-4AA3-AFC7-D1CBA3FD8D37}.Debug|iPhone.ActiveCfg = Debug|Any CPU
		{F1C0E33A-66FA-4AA3-AFC7-D1CBA3FD8D37}.Debug|iPhone.Build.0 = Debug|Any CPU
		{F1C0E33A-66FA-4AA3-AFC7-D1CBA3FD8D37}.Debug|iPhoneSimulator.ActiveCfg = Debug|Any CPU
		{F1C0E33A-66FA-4AA3-AFC7-D1CBA3FD8D37}.Debug|iPhoneSimulator.Build.0 = Debug|Any CPU
		{F1C0E33A-66FA-4AA3-AFC7-D1CBA3FD8D37}.Debug|x64.ActiveCfg = Debug|Any CPU
		{F1C0E33A-66FA-4AA3-AFC7-D1CBA3FD8D37}.Debug|x64.Build.0 = Debug|Any CPU
		{F1C0E33A-66FA-4AA3-AFC7-D1CBA3FD8D37}.Debug|x86.ActiveCfg = Debug|Any CPU
		{F1C0E33A-66FA-4AA3-AFC7-D1CBA3FD8D37}.Debug|x86.Build.0 = Debug|Any CPU
		{F1C0E33A-66FA-4AA3-AFC7-D1CBA3FD8D37}.Release|Any CPU.ActiveCfg = Release|Any CPU
		{F1C0E33A-66FA-4AA3-AFC7-D1CBA3FD8D37}.Release|Any CPU.Build.0 = Release|Any CPU
		{F1C0E33A-66FA-4AA3-AFC7-D1CBA3FD8D37}.Release|ARM.ActiveCfg = Release|Any CPU
		{F1C0E33A-66FA-4AA3-AFC7-D1CBA3FD8D37}.Release|ARM.Build.0 = Release|Any CPU
		{F1C0E33A-66FA-4AA3-AFC7-D1CBA3FD8D37}.Release|iPhone.ActiveCfg = Release|Any CPU
		{F1C0E33A-66FA-4AA3-AFC7-D1CBA3FD8D37}.Release|iPhone.Build.0 = Release|Any CPU
		{F1C0E33A-66FA-4AA3-AFC7-D1CBA3FD8D37}.Release|iPhoneSimulator.ActiveCfg = Release|Any CPU
		{F1C0E33A-66FA-4AA3-AFC7-D1CBA3FD8D37}.Release|iPhoneSimulator.Build.0 = Release|Any CPU
		{F1C0E33A-66FA-4AA3-AFC7-D1CBA3FD8D37}.Release|x64.ActiveCfg = Release|Any CPU
		{F1C0E33A-66FA-4AA3-AFC7-D1CBA3FD8D37}.Release|x64.Build.0 = Release|Any CPU
		{F1C0E33A-66FA-4AA3-AFC7-D1CBA3FD8D37}.Release|x86.ActiveCfg = Release|Any CPU
		{F1C0E33A-66FA-4AA3-AFC7-D1CBA3FD8D37}.Release|x86.Build.0 = Release|Any CPU
		{8E1F9A5A-E123-408C-9EF9-3DC6A366FA72}.Debug|Any CPU.ActiveCfg = Debug|Any CPU
		{8E1F9A5A-E123-408C-9EF9-3DC6A366FA72}.Debug|Any CPU.Build.0 = Debug|Any CPU
		{8E1F9A5A-E123-408C-9EF9-3DC6A366FA72}.Debug|ARM.ActiveCfg = Debug|Any CPU
		{8E1F9A5A-E123-408C-9EF9-3DC6A366FA72}.Debug|ARM.Build.0 = Debug|Any CPU
		{8E1F9A5A-E123-408C-9EF9-3DC6A366FA72}.Debug|iPhone.ActiveCfg = Debug|Any CPU
		{8E1F9A5A-E123-408C-9EF9-3DC6A366FA72}.Debug|iPhone.Build.0 = Debug|Any CPU
		{8E1F9A5A-E123-408C-9EF9-3DC6A366FA72}.Debug|iPhoneSimulator.ActiveCfg = Debug|Any CPU
		{8E1F9A5A-E123-408C-9EF9-3DC6A366FA72}.Debug|iPhoneSimulator.Build.0 = Debug|Any CPU
		{8E1F9A5A-E123-408C-9EF9-3DC6A366FA72}.Debug|x64.ActiveCfg = Debug|Any CPU
		{8E1F9A5A-E123-408C-9EF9-3DC6A366FA72}.Debug|x64.Build.0 = Debug|Any CPU
		{8E1F9A5A-E123-408C-9EF9-3DC6A366FA72}.Debug|x86.ActiveCfg = Debug|Any CPU
		{8E1F9A5A-E123-408C-9EF9-3DC6A366FA72}.Debug|x86.Build.0 = Debug|Any CPU
		{8E1F9A5A-E123-408C-9EF9-3DC6A366FA72}.Release|Any CPU.ActiveCfg = Release|Any CPU
		{8E1F9A5A-E123-408C-9EF9-3DC6A366FA72}.Release|Any CPU.Build.0 = Release|Any CPU
		{8E1F9A5A-E123-408C-9EF9-3DC6A366FA72}.Release|ARM.ActiveCfg = Release|Any CPU
		{8E1F9A5A-E123-408C-9EF9-3DC6A366FA72}.Release|ARM.Build.0 = Release|Any CPU
		{8E1F9A5A-E123-408C-9EF9-3DC6A366FA72}.Release|iPhone.ActiveCfg = Release|Any CPU
		{8E1F9A5A-E123-408C-9EF9-3DC6A366FA72}.Release|iPhone.Build.0 = Release|Any CPU
		{8E1F9A5A-E123-408C-9EF9-3DC6A366FA72}.Release|iPhoneSimulator.ActiveCfg = Release|Any CPU
		{8E1F9A5A-E123-408C-9EF9-3DC6A366FA72}.Release|iPhoneSimulator.Build.0 = Release|Any CPU
		{8E1F9A5A-E123-408C-9EF9-3DC6A366FA72}.Release|x64.ActiveCfg = Release|Any CPU
		{8E1F9A5A-E123-408C-9EF9-3DC6A366FA72}.Release|x64.Build.0 = Release|Any CPU
		{8E1F9A5A-E123-408C-9EF9-3DC6A366FA72}.Release|x86.ActiveCfg = Release|Any CPU
		{8E1F9A5A-E123-408C-9EF9-3DC6A366FA72}.Release|x86.Build.0 = Release|Any CPU
		{36F0D9BA-0FEB-483A-8928-C39DA0A452A3}.Debug|Any CPU.ActiveCfg = Debug|Any CPU
		{36F0D9BA-0FEB-483A-8928-C39DA0A452A3}.Debug|Any CPU.Build.0 = Debug|Any CPU
		{36F0D9BA-0FEB-483A-8928-C39DA0A452A3}.Debug|ARM.ActiveCfg = Debug|Any CPU
		{36F0D9BA-0FEB-483A-8928-C39DA0A452A3}.Debug|ARM.Build.0 = Debug|Any CPU
		{36F0D9BA-0FEB-483A-8928-C39DA0A452A3}.Debug|iPhone.ActiveCfg = Debug|Any CPU
		{36F0D9BA-0FEB-483A-8928-C39DA0A452A3}.Debug|iPhone.Build.0 = Debug|Any CPU
		{36F0D9BA-0FEB-483A-8928-C39DA0A452A3}.Debug|iPhoneSimulator.ActiveCfg = Debug|Any CPU
		{36F0D9BA-0FEB-483A-8928-C39DA0A452A3}.Debug|iPhoneSimulator.Build.0 = Debug|Any CPU
		{36F0D9BA-0FEB-483A-8928-C39DA0A452A3}.Debug|x64.ActiveCfg = Debug|Any CPU
		{36F0D9BA-0FEB-483A-8928-C39DA0A452A3}.Debug|x64.Build.0 = Debug|Any CPU
		{36F0D9BA-0FEB-483A-8928-C39DA0A452A3}.Debug|x86.ActiveCfg = Debug|Any CPU
		{36F0D9BA-0FEB-483A-8928-C39DA0A452A3}.Debug|x86.Build.0 = Debug|Any CPU
		{36F0D9BA-0FEB-483A-8928-C39DA0A452A3}.Release|Any CPU.ActiveCfg = Release|Any CPU
		{36F0D9BA-0FEB-483A-8928-C39DA0A452A3}.Release|Any CPU.Build.0 = Release|Any CPU
		{36F0D9BA-0FEB-483A-8928-C39DA0A452A3}.Release|ARM.ActiveCfg = Release|Any CPU
		{36F0D9BA-0FEB-483A-8928-C39DA0A452A3}.Release|ARM.Build.0 = Release|Any CPU
		{36F0D9BA-0FEB-483A-8928-C39DA0A452A3}.Release|iPhone.ActiveCfg = Release|Any CPU
		{36F0D9BA-0FEB-483A-8928-C39DA0A452A3}.Release|iPhone.Build.0 = Release|Any CPU
		{36F0D9BA-0FEB-483A-8928-C39DA0A452A3}.Release|iPhoneSimulator.ActiveCfg = Release|Any CPU
		{36F0D9BA-0FEB-483A-8928-C39DA0A452A3}.Release|iPhoneSimulator.Build.0 = Release|Any CPU
		{36F0D9BA-0FEB-483A-8928-C39DA0A452A3}.Release|x64.ActiveCfg = Release|Any CPU
		{36F0D9BA-0FEB-483A-8928-C39DA0A452A3}.Release|x64.Build.0 = Release|Any CPU
		{36F0D9BA-0FEB-483A-8928-C39DA0A452A3}.Release|x86.ActiveCfg = Release|Any CPU
		{36F0D9BA-0FEB-483A-8928-C39DA0A452A3}.Release|x86.Build.0 = Release|Any CPU
		{F0E275F1-4B21-4163-B618-BDC5BC60E3CF}.Debug|Any CPU.ActiveCfg = Debug|Any CPU
		{F0E275F1-4B21-4163-B618-BDC5BC60E3CF}.Debug|Any CPU.Build.0 = Debug|Any CPU
		{F0E275F1-4B21-4163-B618-BDC5BC60E3CF}.Debug|ARM.ActiveCfg = Debug|Any CPU
		{F0E275F1-4B21-4163-B618-BDC5BC60E3CF}.Debug|ARM.Build.0 = Debug|Any CPU
		{F0E275F1-4B21-4163-B618-BDC5BC60E3CF}.Debug|iPhone.ActiveCfg = Debug|Any CPU
		{F0E275F1-4B21-4163-B618-BDC5BC60E3CF}.Debug|iPhone.Build.0 = Debug|Any CPU
		{F0E275F1-4B21-4163-B618-BDC5BC60E3CF}.Debug|iPhoneSimulator.ActiveCfg = Debug|Any CPU
		{F0E275F1-4B21-4163-B618-BDC5BC60E3CF}.Debug|iPhoneSimulator.Build.0 = Debug|Any CPU
		{F0E275F1-4B21-4163-B618-BDC5BC60E3CF}.Debug|x64.ActiveCfg = Debug|Any CPU
		{F0E275F1-4B21-4163-B618-BDC5BC60E3CF}.Debug|x64.Build.0 = Debug|Any CPU
		{F0E275F1-4B21-4163-B618-BDC5BC60E3CF}.Debug|x86.ActiveCfg = Debug|Any CPU
		{F0E275F1-4B21-4163-B618-BDC5BC60E3CF}.Debug|x86.Build.0 = Debug|Any CPU
		{F0E275F1-4B21-4163-B618-BDC5BC60E3CF}.Release|Any CPU.ActiveCfg = Release|Any CPU
		{F0E275F1-4B21-4163-B618-BDC5BC60E3CF}.Release|Any CPU.Build.0 = Release|Any CPU
		{F0E275F1-4B21-4163-B618-BDC5BC60E3CF}.Release|ARM.ActiveCfg = Release|Any CPU
		{F0E275F1-4B21-4163-B618-BDC5BC60E3CF}.Release|ARM.Build.0 = Release|Any CPU
		{F0E275F1-4B21-4163-B618-BDC5BC60E3CF}.Release|iPhone.ActiveCfg = Release|Any CPU
		{F0E275F1-4B21-4163-B618-BDC5BC60E3CF}.Release|iPhone.Build.0 = Release|Any CPU
		{F0E275F1-4B21-4163-B618-BDC5BC60E3CF}.Release|iPhoneSimulator.ActiveCfg = Release|Any CPU
		{F0E275F1-4B21-4163-B618-BDC5BC60E3CF}.Release|iPhoneSimulator.Build.0 = Release|Any CPU
		{F0E275F1-4B21-4163-B618-BDC5BC60E3CF}.Release|x64.ActiveCfg = Release|Any CPU
		{F0E275F1-4B21-4163-B618-BDC5BC60E3CF}.Release|x64.Build.0 = Release|Any CPU
		{F0E275F1-4B21-4163-B618-BDC5BC60E3CF}.Release|x86.ActiveCfg = Release|Any CPU
		{F0E275F1-4B21-4163-B618-BDC5BC60E3CF}.Release|x86.Build.0 = Release|Any CPU
		{47089B65-5987-48E1-B97C-6C6B191938B9}.Debug|Any CPU.ActiveCfg = Debug|Any CPU
		{47089B65-5987-48E1-B97C-6C6B191938B9}.Debug|Any CPU.Build.0 = Debug|Any CPU
		{47089B65-5987-48E1-B97C-6C6B191938B9}.Debug|ARM.ActiveCfg = Debug|Any CPU
		{47089B65-5987-48E1-B97C-6C6B191938B9}.Debug|ARM.Build.0 = Debug|Any CPU
		{47089B65-5987-48E1-B97C-6C6B191938B9}.Debug|iPhone.ActiveCfg = Debug|Any CPU
		{47089B65-5987-48E1-B97C-6C6B191938B9}.Debug|iPhone.Build.0 = Debug|Any CPU
		{47089B65-5987-48E1-B97C-6C6B191938B9}.Debug|iPhoneSimulator.ActiveCfg = Debug|Any CPU
		{47089B65-5987-48E1-B97C-6C6B191938B9}.Debug|iPhoneSimulator.Build.0 = Debug|Any CPU
		{47089B65-5987-48E1-B97C-6C6B191938B9}.Debug|x64.ActiveCfg = Debug|Any CPU
		{47089B65-5987-48E1-B97C-6C6B191938B9}.Debug|x64.Build.0 = Debug|Any CPU
		{47089B65-5987-48E1-B97C-6C6B191938B9}.Debug|x86.ActiveCfg = Debug|Any CPU
		{47089B65-5987-48E1-B97C-6C6B191938B9}.Debug|x86.Build.0 = Debug|Any CPU
		{47089B65-5987-48E1-B97C-6C6B191938B9}.Release|Any CPU.ActiveCfg = Release|Any CPU
		{47089B65-5987-48E1-B97C-6C6B191938B9}.Release|Any CPU.Build.0 = Release|Any CPU
		{47089B65-5987-48E1-B97C-6C6B191938B9}.Release|ARM.ActiveCfg = Release|Any CPU
		{47089B65-5987-48E1-B97C-6C6B191938B9}.Release|ARM.Build.0 = Release|Any CPU
		{47089B65-5987-48E1-B97C-6C6B191938B9}.Release|iPhone.ActiveCfg = Release|Any CPU
		{47089B65-5987-48E1-B97C-6C6B191938B9}.Release|iPhone.Build.0 = Release|Any CPU
		{47089B65-5987-48E1-B97C-6C6B191938B9}.Release|iPhoneSimulator.ActiveCfg = Release|Any CPU
		{47089B65-5987-48E1-B97C-6C6B191938B9}.Release|iPhoneSimulator.Build.0 = Release|Any CPU
		{47089B65-5987-48E1-B97C-6C6B191938B9}.Release|x64.ActiveCfg = Release|Any CPU
		{47089B65-5987-48E1-B97C-6C6B191938B9}.Release|x64.Build.0 = Release|Any CPU
		{47089B65-5987-48E1-B97C-6C6B191938B9}.Release|x86.ActiveCfg = Release|Any CPU
		{47089B65-5987-48E1-B97C-6C6B191938B9}.Release|x86.Build.0 = Release|Any CPU
		{4451B0F1-7FD4-4D5A-9E0F-5467AC811539}.Debug|Any CPU.ActiveCfg = Debug|Any CPU
		{4451B0F1-7FD4-4D5A-9E0F-5467AC811539}.Debug|Any CPU.Build.0 = Debug|Any CPU
		{4451B0F1-7FD4-4D5A-9E0F-5467AC811539}.Debug|ARM.ActiveCfg = Debug|Any CPU
		{4451B0F1-7FD4-4D5A-9E0F-5467AC811539}.Debug|ARM.Build.0 = Debug|Any CPU
		{4451B0F1-7FD4-4D5A-9E0F-5467AC811539}.Debug|iPhone.ActiveCfg = Debug|Any CPU
		{4451B0F1-7FD4-4D5A-9E0F-5467AC811539}.Debug|iPhone.Build.0 = Debug|Any CPU
		{4451B0F1-7FD4-4D5A-9E0F-5467AC811539}.Debug|iPhoneSimulator.ActiveCfg = Debug|Any CPU
		{4451B0F1-7FD4-4D5A-9E0F-5467AC811539}.Debug|iPhoneSimulator.Build.0 = Debug|Any CPU
		{4451B0F1-7FD4-4D5A-9E0F-5467AC811539}.Debug|x64.ActiveCfg = Debug|Any CPU
		{4451B0F1-7FD4-4D5A-9E0F-5467AC811539}.Debug|x64.Build.0 = Debug|Any CPU
		{4451B0F1-7FD4-4D5A-9E0F-5467AC811539}.Debug|x86.ActiveCfg = Debug|Any CPU
		{4451B0F1-7FD4-4D5A-9E0F-5467AC811539}.Debug|x86.Build.0 = Debug|Any CPU
		{4451B0F1-7FD4-4D5A-9E0F-5467AC811539}.Release|Any CPU.ActiveCfg = Release|Any CPU
		{4451B0F1-7FD4-4D5A-9E0F-5467AC811539}.Release|Any CPU.Build.0 = Release|Any CPU
		{4451B0F1-7FD4-4D5A-9E0F-5467AC811539}.Release|ARM.ActiveCfg = Release|Any CPU
		{4451B0F1-7FD4-4D5A-9E0F-5467AC811539}.Release|ARM.Build.0 = Release|Any CPU
		{4451B0F1-7FD4-4D5A-9E0F-5467AC811539}.Release|iPhone.ActiveCfg = Release|Any CPU
		{4451B0F1-7FD4-4D5A-9E0F-5467AC811539}.Release|iPhone.Build.0 = Release|Any CPU
		{4451B0F1-7FD4-4D5A-9E0F-5467AC811539}.Release|iPhoneSimulator.ActiveCfg = Release|Any CPU
		{4451B0F1-7FD4-4D5A-9E0F-5467AC811539}.Release|iPhoneSimulator.Build.0 = Release|Any CPU
		{4451B0F1-7FD4-4D5A-9E0F-5467AC811539}.Release|x64.ActiveCfg = Release|Any CPU
		{4451B0F1-7FD4-4D5A-9E0F-5467AC811539}.Release|x64.Build.0 = Release|Any CPU
		{4451B0F1-7FD4-4D5A-9E0F-5467AC811539}.Release|x86.ActiveCfg = Release|Any CPU
		{4451B0F1-7FD4-4D5A-9E0F-5467AC811539}.Release|x86.Build.0 = Release|Any CPU
	EndGlobalSection
	GlobalSection(SolutionProperties) = preSolution
		HideSolutionNode = FALSE
	EndGlobalSection
	GlobalSection(NestedProjects) = preSolution
		{32A9956C-74D6-46BC-B07D-C524F21AD07E} = {6E66335A-C00D-4B75-8D90-E1FDC012306F}
		{7A8E4CA2-65D8-4E50-A092-B1952B4ABA74} = {988CA5CE-9447-46D5-B92D-B849262BD926}
		{F6C99677-BAA6-45BB-92C2-991BF3805657} = {988CA5CE-9447-46D5-B92D-B849262BD926}
		{0597A57F-4F7D-48E1-81A5-6E1EABA40FB2} = {988CA5CE-9447-46D5-B92D-B849262BD926}
		{DBEB2ACC-8614-42AA-AF40-CB94467AFA3B} = {B63CF11E-EA0C-4830-B2ED-2C68F8103F61}
		{55C04DAA-02F3-48AD-B0CF-E97CC97A4C52} = {B63CF11E-EA0C-4830-B2ED-2C68F8103F61}
		{D8A1AC84-20A5-4AFB-A8D7-455121416D6D} = {988CA5CE-9447-46D5-B92D-B849262BD926}
		{31CF2E0E-C0F1-4BA2-9A63-980711AC6401} = {B63CF11E-EA0C-4830-B2ED-2C68F8103F61}
		{9C270FC0-1E2F-4B27-AAEC-4E51C9C8397F} = {B63CF11E-EA0C-4830-B2ED-2C68F8103F61}
		{F13A8019-24AF-451D-BBC4-0AFD951F084D} = {B63CF11E-EA0C-4830-B2ED-2C68F8103F61}
		{116C5BD0-5EE1-46BC-AAE5-10CEE0861E65} = {B63CF11E-EA0C-4830-B2ED-2C68F8103F61}
		{CF05AE75-5488-43BD-A09C-3408E2A5E3C4} = {B63CF11E-EA0C-4830-B2ED-2C68F8103F61}
		{8C0389BC-C0A2-4E84-B9DC-B54E1D75CC5B} = {B63CF11E-EA0C-4830-B2ED-2C68F8103F61}
		{5E23A1D5-43D6-440F-96FD-44741C60A2FB} = {B63CF11E-EA0C-4830-B2ED-2C68F8103F61}
		{18FCBB7C-0636-45C6-AD35-E3B956F94107} = {6E66335A-C00D-4B75-8D90-E1FDC012306F}
		{843290D3-7E15-49C2-8BE5-FD54318AA1CD} = {6E66335A-C00D-4B75-8D90-E1FDC012306F}
		{A5042405-F8F6-4804-89B6-525E6DCFC76D} = {988CA5CE-9447-46D5-B92D-B849262BD926}
		{8E1F9A5A-E123-408C-9EF9-3DC6A366FA72} = {988CA5CE-9447-46D5-B92D-B849262BD926}
		{F0E275F1-4B21-4163-B618-BDC5BC60E3CF} = {988CA5CE-9447-46D5-B92D-B849262BD926}
		{47089B65-5987-48E1-B97C-6C6B191938B9} = {B63CF11E-EA0C-4830-B2ED-2C68F8103F61}
		{4451B0F1-7FD4-4D5A-9E0F-5467AC811539} = {B63CF11E-EA0C-4830-B2ED-2C68F8103F61}
	EndGlobalSection
EndGlobal
